Microsoft Visual Studio Solution File, Format Version 12.00
# Visual Studio 2013
Project("{8BC9CEB8-8B4A-11D0-8D11-00A0C91BC942}") = "ALL_BUILD", "ALL_BUILD.vcxproj", "{A1322CBD-8A87-479E-8849-815C443E5503}"
	ProjectSection(ProjectDependencies) = postProject
		{829B5862-6BF0-4B53-8B5A-A36AD6FAA067} = {829B5862-6BF0-4B53-8B5A-A36AD6FAA067}
		{2865AB7B-AAB9-47CF-9258-B3671CB33645} = {2865AB7B-AAB9-47CF-9258-B3671CB33645}
		{12C40EF8-D73F-4A66-8024-EDF5220AE69A} = {12C40EF8-D73F-4A66-8024-EDF5220AE69A}
		{F216B0C8-2EC4-49D7-A8B6-72DF79C8A63E} = {F216B0C8-2EC4-49D7-A8B6-72DF79C8A63E}
		{BF7051EC-A436-430E-8444-BA5C32893BAA} = {BF7051EC-A436-430E-8444-BA5C32893BAA}
		{0DBD1B31-A41E-4E52-83AA-86A5C91ED501} = {0DBD1B31-A41E-4E52-83AA-86A5C91ED501}
		{4D880664-5498-41B8-87E3-B6782DEEBD64} = {4D880664-5498-41B8-87E3-B6782DEEBD64}
		{0550D176-8459-4BE1-95CF-C7727BBE1718} = {0550D176-8459-4BE1-95CF-C7727BBE1718}
		{3D162677-0A69-42B7-9F5B-9F9AF5003280} = {3D162677-0A69-42B7-9F5B-9F9AF5003280}
		{476CF630-67FF-4B4C-9534-F75559D2D7F8} = {476CF630-67FF-4B4C-9534-F75559D2D7F8}
		{C8651F27-4950-41A0-8E14-20C94E15AC9E} = {C8651F27-4950-41A0-8E14-20C94E15AC9E}
		{A44C2267-99AE-4537-AB95-716DFE302574} = {A44C2267-99AE-4537-AB95-716DFE302574}
		{C900BDFA-3A45-42F9-BEAC-569CA700E89B} = {C900BDFA-3A45-42F9-BEAC-569CA700E89B}
		{E5BED411-A8E6-4F9C-9263-2587DCE70772} = {E5BED411-A8E6-4F9C-9263-2587DCE70772}
		{545A1BDD-7828-4F51-B6BC-B67F54B1D785} = {545A1BDD-7828-4F51-B6BC-B67F54B1D785}
		{DC1D81E2-DCD2-4F01-A0A0-86E66B4C3B31} = {DC1D81E2-DCD2-4F01-A0A0-86E66B4C3B31}
		{4CCC05AB-11CA-4850-96F4-5611349A0AEA} = {4CCC05AB-11CA-4850-96F4-5611349A0AEA}
		{53573543-8DDF-4C53-8D20-A0B029D7A25B} = {53573543-8DDF-4C53-8D20-A0B029D7A25B}
		{11627A83-E44D-47DC-8AA8-D05136148022} = {11627A83-E44D-47DC-8AA8-D05136148022}
		{61DB3BF6-76BD-4292-9751-CA2638EB8D52} = {61DB3BF6-76BD-4292-9751-CA2638EB8D52}
		{D7194D44-BE42-478C-BBB9-2FFB333CDF23} = {D7194D44-BE42-478C-BBB9-2FFB333CDF23}
		{A6765558-A353-445E-9B79-1997C9E6B7AE} = {A6765558-A353-445E-9B79-1997C9E6B7AE}
		{CFE57AC9-8ACB-40E4-8F8D-62DEF7DC39F1} = {CFE57AC9-8ACB-40E4-8F8D-62DEF7DC39F1}
		{70CC0AD7-E81B-4246-8A0E-76C0A52E9A4D} = {70CC0AD7-E81B-4246-8A0E-76C0A52E9A4D}
		{FAFFDCE1-9D8A-4339-8E9D-C34807A0E0ED} = {FAFFDCE1-9D8A-4339-8E9D-C34807A0E0ED}
		{303242A3-7A59-4E2D-AFBC-58683A555D78} = {303242A3-7A59-4E2D-AFBC-58683A555D78}
		{E8C78732-953C-4C06-86D3-B92D430727C3} = {E8C78732-953C-4C06-86D3-B92D430727C3}
		{23B2D937-5983-44B3-B350-5133808202CF} = {23B2D937-5983-44B3-B350-5133808202CF}
		{AFF70E74-9E97-4D01-AABF-65C484DA9127} = {AFF70E74-9E97-4D01-AABF-65C484DA9127}
		{F7EF8A00-D88B-4234-A3AA-46893106C89D} = {F7EF8A00-D88B-4234-A3AA-46893106C89D}
		{5F53040B-5EF1-4D9A-8F3A-7D8137EC9A6F} = {5F53040B-5EF1-4D9A-8F3A-7D8137EC9A6F}
		{8CCADDF8-EB11-4AC4-8AEF-011613CD4A7A} = {8CCADDF8-EB11-4AC4-8AEF-011613CD4A7A}
		{BB482C95-8D87-460D-84F0-5DB51ECC6CFD} = {BB482C95-8D87-460D-84F0-5DB51ECC6CFD}
		{16965F4E-FC79-441E-8BDC-8E5D3A17D160} = {16965F4E-FC79-441E-8BDC-8E5D3A17D160}
		{3CA3ED72-C687-47A0-AD14-272C5AB9EECF} = {3CA3ED72-C687-47A0-AD14-272C5AB9EECF}
		{3EDF5669-E9C2-429B-859C-5705C86522A8} = {3EDF5669-E9C2-429B-859C-5705C86522A8}
		{AF4AC567-7FC1-4193-B42B-D5F745522F0F} = {AF4AC567-7FC1-4193-B42B-D5F745522F0F}
		{8E8E9EA4-3908-46DA-88B2-3726CC81FEBB} = {8E8E9EA4-3908-46DA-88B2-3726CC81FEBB}
		{280BB482-1969-421F-B6D5-C4DE027ACEF8} = {280BB482-1969-421F-B6D5-C4DE027ACEF8}
		{BC38454E-2D01-4D8E-9779-BB33B50D9CE9} = {BC38454E-2D01-4D8E-9779-BB33B50D9CE9}
		{1E104731-4186-49F5-9511-71620A8C8FC1} = {1E104731-4186-49F5-9511-71620A8C8FC1}
		{4CDAF877-CE33-4FF4-A368-12F7B610C7C2} = {4CDAF877-CE33-4FF4-A368-12F7B610C7C2}
		{412CAD29-5549-4101-BED7-FE7425F7E7E8} = {412CAD29-5549-4101-BED7-FE7425F7E7E8}
		{6ACF12D5-380D-4EF7-9CB2-6F1E8BC22A97} = {6ACF12D5-380D-4EF7-9CB2-6F1E8BC22A97}
		{187E745B-A432-46CC-9260-712BC32F5093} = {187E745B-A432-46CC-9260-712BC32F5093}
		{4F719CF6-ADDA-4A31-80EB-8EC70A978A98} = {4F719CF6-ADDA-4A31-80EB-8EC70A978A98}
		{C810219F-F5C6-4DBA-B317-BA11034A94D3} = {C810219F-F5C6-4DBA-B317-BA11034A94D3}
		{10C2A3D4-B8F7-487B-8BE0-A5BBDCF70E8B} = {10C2A3D4-B8F7-487B-8BE0-A5BBDCF70E8B}
	EndProjectSection
EndProject
Project("{8BC9CEB8-8B4A-11D0-8D11-00A0C91BC942}") = "H5detect", "..\src\H5detect.vcxproj", "{37BA568E-0DAE-4011-B34C-A9EA52D55027}"
	ProjectSection(ProjectDependencies) = postProject
		{C5E5FC0A-43CB-4559-A57F-4CF78ACD3351} = {C5E5FC0A-43CB-4559-A57F-4CF78ACD3351}
	EndProjectSection
EndProject
Project("{8BC9CEB8-8B4A-11D0-8D11-00A0C91BC942}") = "H5make_libsettings", "..\src\H5make_libsettings.vcxproj", "{68521120-1C61-4535-B460-8E409632E767}"
	ProjectSection(ProjectDependencies) = postProject
		{C5E5FC0A-43CB-4559-A57F-4CF78ACD3351} = {C5E5FC0A-43CB-4559-A57F-4CF78ACD3351}
	EndProjectSection
EndProject
Project("{8BC9CEB8-8B4A-11D0-8D11-00A0C91BC942}") = "INSTALL", "INSTALL.vcxproj", "{E0EA0AF8-8B4B-45C6-89B9-41C975D90429}"
	ProjectSection(ProjectDependencies) = postProject
		{A1322CBD-8A87-479E-8849-815C443E5503} = {A1322CBD-8A87-479E-8849-815C443E5503}
	EndProjectSection
EndProject
Project("{8BC9CEB8-8B4A-11D0-8D11-00A0C91BC942}") = "PACKAGE", "PACKAGE.vcxproj", "{0C6873BB-80BF-47FE-AA76-C9E19AD3EB56}"
	ProjectSection(ProjectDependencies) = postProject
		{A1322CBD-8A87-479E-8849-815C443E5503} = {A1322CBD-8A87-479E-8849-815C443E5503}
	EndProjectSection
EndProject
Project("{8BC9CEB8-8B4A-11D0-8D11-00A0C91BC942}") = "RUN_TESTS", "RUN_TESTS.vcxproj", "{E02F5BDF-46E4-4D70-A5B1-2B19311EE546}"
	ProjectSection(ProjectDependencies) = postProject
	EndProjectSection
EndProject
Project("{8BC9CEB8-8B4A-11D0-8D11-00A0C91BC942}") = "ZERO_CHECK", "..\\ZERO_CHECK.vcxproj", "{C5E5FC0A-43CB-4559-A57F-4CF78ACD3351}"
	ProjectSection(ProjectDependencies) = postProject
	EndProjectSection
EndProject
Project("{8BC9CEB8-8B4A-11D0-8D11-00A0C91BC942}") = "h5_attribute", "h5_attribute.vcxproj", "{829B5862-6BF0-4B53-8B5A-A36AD6FAA067}"
	ProjectSection(ProjectDependencies) = postProject
		{C5E5FC0A-43CB-4559-A57F-4CF78ACD3351} = {C5E5FC0A-43CB-4559-A57F-4CF78ACD3351}
		{5D5CD073-C26F-4626-9308-69E0DB53251D} = {5D5CD073-C26F-4626-9308-69E0DB53251D}
	EndProjectSection
EndProject
Project("{8BC9CEB8-8B4A-11D0-8D11-00A0C91BC942}") = "h5_attribute-shared", "h5_attribute-shared.vcxproj", "{2865AB7B-AAB9-47CF-9258-B3671CB33645}"
	ProjectSection(ProjectDependencies) = postProject
		{C5E5FC0A-43CB-4559-A57F-4CF78ACD3351} = {C5E5FC0A-43CB-4559-A57F-4CF78ACD3351}
		{9207BE41-355B-4813-9AF0-18B8AB8CDCA3} = {9207BE41-355B-4813-9AF0-18B8AB8CDCA3}
	EndProjectSection
EndProject
Project("{8BC9CEB8-8B4A-11D0-8D11-00A0C91BC942}") = "h5_chunk_read", "h5_chunk_read.vcxproj", "{12C40EF8-D73F-4A66-8024-EDF5220AE69A}"
	ProjectSection(ProjectDependencies) = postProject
		{C5E5FC0A-43CB-4559-A57F-4CF78ACD3351} = {C5E5FC0A-43CB-4559-A57F-4CF78ACD3351}
		{5D5CD073-C26F-4626-9308-69E0DB53251D} = {5D5CD073-C26F-4626-9308-69E0DB53251D}
	EndProjectSection
EndProject
Project("{8BC9CEB8-8B4A-11D0-8D11-00A0C91BC942}") = "h5_chunk_read-shared", "h5_chunk_read-shared.vcxproj", "{F216B0C8-2EC4-49D7-A8B6-72DF79C8A63E}"
	ProjectSection(ProjectDependencies) = postProject
		{C5E5FC0A-43CB-4559-A57F-4CF78ACD3351} = {C5E5FC0A-43CB-4559-A57F-4CF78ACD3351}
		{9207BE41-355B-4813-9AF0-18B8AB8CDCA3} = {9207BE41-355B-4813-9AF0-18B8AB8CDCA3}
	EndProjectSection
EndProject
Project("{8BC9CEB8-8B4A-11D0-8D11-00A0C91BC942}") = "h5_cmprss", "h5_cmprss.vcxproj", "{BF7051EC-A436-430E-8444-BA5C32893BAA}"
	ProjectSection(ProjectDependencies) = postProject
		{C5E5FC0A-43CB-4559-A57F-4CF78ACD3351} = {C5E5FC0A-43CB-4559-A57F-4CF78ACD3351}
		{5D5CD073-C26F-4626-9308-69E0DB53251D} = {5D5CD073-C26F-4626-9308-69E0DB53251D}
	EndProjectSection
EndProject
Project("{8BC9CEB8-8B4A-11D0-8D11-00A0C91BC942}") = "h5_cmprss-shared", "h5_cmprss-shared.vcxproj", "{0DBD1B31-A41E-4E52-83AA-86A5C91ED501}"
	ProjectSection(ProjectDependencies) = postProject
		{C5E5FC0A-43CB-4559-A57F-4CF78ACD3351} = {C5E5FC0A-43CB-4559-A57F-4CF78ACD3351}
		{9207BE41-355B-4813-9AF0-18B8AB8CDCA3} = {9207BE41-355B-4813-9AF0-18B8AB8CDCA3}
	EndProjectSection
EndProject
Project("{8BC9CEB8-8B4A-11D0-8D11-00A0C91BC942}") = "h5_compound", "h5_compound.vcxproj", "{4D880664-5498-41B8-87E3-B6782DEEBD64}"
	ProjectSection(ProjectDependencies) = postProject
		{C5E5FC0A-43CB-4559-A57F-4CF78ACD3351} = {C5E5FC0A-43CB-4559-A57F-4CF78ACD3351}
		{5D5CD073-C26F-4626-9308-69E0DB53251D} = {5D5CD073-C26F-4626-9308-69E0DB53251D}
	EndProjectSection
EndProject
Project("{8BC9CEB8-8B4A-11D0-8D11-00A0C91BC942}") = "h5_compound-shared", "h5_compound-shared.vcxproj", "{0550D176-8459-4BE1-95CF-C7727BBE1718}"
	ProjectSection(ProjectDependencies) = postProject
		{C5E5FC0A-43CB-4559-A57F-4CF78ACD3351} = {C5E5FC0A-43CB-4559-A57F-4CF78ACD3351}
		{9207BE41-355B-4813-9AF0-18B8AB8CDCA3} = {9207BE41-355B-4813-9AF0-18B8AB8CDCA3}
	EndProjectSection
EndProject
Project("{8BC9CEB8-8B4A-11D0-8D11-00A0C91BC942}") = "h5_crtatt", "h5_crtatt.vcxproj", "{3D162677-0A69-42B7-9F5B-9F9AF5003280}"
	ProjectSection(ProjectDependencies) = postProject
		{C5E5FC0A-43CB-4559-A57F-4CF78ACD3351} = {C5E5FC0A-43CB-4559-A57F-4CF78ACD3351}
		{5D5CD073-C26F-4626-9308-69E0DB53251D} = {5D5CD073-C26F-4626-9308-69E0DB53251D}
	EndProjectSection
EndProject
Project("{8BC9CEB8-8B4A-11D0-8D11-00A0C91BC942}") = "h5_crtatt-shared", "h5_crtatt-shared.vcxproj", "{476CF630-67FF-4B4C-9534-F75559D2D7F8}"
	ProjectSection(ProjectDependencies) = postProject
		{C5E5FC0A-43CB-4559-A57F-4CF78ACD3351} = {C5E5FC0A-43CB-4559-A57F-4CF78ACD3351}
		{9207BE41-355B-4813-9AF0-18B8AB8CDCA3} = {9207BE41-355B-4813-9AF0-18B8AB8CDCA3}
	EndProjectSection
EndProject
Project("{8BC9CEB8-8B4A-11D0-8D11-00A0C91BC942}") = "h5_crtdat", "h5_crtdat.vcxproj", "{C8651F27-4950-41A0-8E14-20C94E15AC9E}"
	ProjectSection(ProjectDependencies) = postProject
		{C5E5FC0A-43CB-4559-A57F-4CF78ACD3351} = {C5E5FC0A-43CB-4559-A57F-4CF78ACD3351}
		{5D5CD073-C26F-4626-9308-69E0DB53251D} = {5D5CD073-C26F-4626-9308-69E0DB53251D}
	EndProjectSection
EndProject
Project("{8BC9CEB8-8B4A-11D0-8D11-00A0C91BC942}") = "h5_crtdat-shared", "h5_crtdat-shared.vcxproj", "{A44C2267-99AE-4537-AB95-716DFE302574}"
	ProjectSection(ProjectDependencies) = postProject
		{C5E5FC0A-43CB-4559-A57F-4CF78ACD3351} = {C5E5FC0A-43CB-4559-A57F-4CF78ACD3351}
		{9207BE41-355B-4813-9AF0-18B8AB8CDCA3} = {9207BE41-355B-4813-9AF0-18B8AB8CDCA3}
	EndProjectSection
EndProject
Project("{8BC9CEB8-8B4A-11D0-8D11-00A0C91BC942}") = "h5_crtgrp", "h5_crtgrp.vcxproj", "{C900BDFA-3A45-42F9-BEAC-569CA700E89B}"
	ProjectSection(ProjectDependencies) = postProject
		{C5E5FC0A-43CB-4559-A57F-4CF78ACD3351} = {C5E5FC0A-43CB-4559-A57F-4CF78ACD3351}
		{5D5CD073-C26F-4626-9308-69E0DB53251D} = {5D5CD073-C26F-4626-9308-69E0DB53251D}
	EndProjectSection
EndProject
Project("{8BC9CEB8-8B4A-11D0-8D11-00A0C91BC942}") = "h5_crtgrp-shared", "h5_crtgrp-shared.vcxproj", "{E5BED411-A8E6-4F9C-9263-2587DCE70772}"
	ProjectSection(ProjectDependencies) = postProject
		{C5E5FC0A-43CB-4559-A57F-4CF78ACD3351} = {C5E5FC0A-43CB-4559-A57F-4CF78ACD3351}
		{9207BE41-355B-4813-9AF0-18B8AB8CDCA3} = {9207BE41-355B-4813-9AF0-18B8AB8CDCA3}
	EndProjectSection
EndProject
Project("{8BC9CEB8-8B4A-11D0-8D11-00A0C91BC942}") = "h5_crtgrpar", "h5_crtgrpar.vcxproj", "{545A1BDD-7828-4F51-B6BC-B67F54B1D785}"
	ProjectSection(ProjectDependencies) = postProject
		{C5E5FC0A-43CB-4559-A57F-4CF78ACD3351} = {C5E5FC0A-43CB-4559-A57F-4CF78ACD3351}
		{5D5CD073-C26F-4626-9308-69E0DB53251D} = {5D5CD073-C26F-4626-9308-69E0DB53251D}
	EndProjectSection
EndProject
Project("{8BC9CEB8-8B4A-11D0-8D11-00A0C91BC942}") = "h5_crtgrpar-shared", "h5_crtgrpar-shared.vcxproj", "{DC1D81E2-DCD2-4F01-A0A0-86E66B4C3B31}"
	ProjectSection(ProjectDependencies) = postProject
		{C5E5FC0A-43CB-4559-A57F-4CF78ACD3351} = {C5E5FC0A-43CB-4559-A57F-4CF78ACD3351}
		{9207BE41-355B-4813-9AF0-18B8AB8CDCA3} = {9207BE41-355B-4813-9AF0-18B8AB8CDCA3}
	EndProjectSection
EndProject
Project("{8BC9CEB8-8B4A-11D0-8D11-00A0C91BC942}") = "h5_crtgrpd", "h5_crtgrpd.vcxproj", "{4CCC05AB-11CA-4850-96F4-5611349A0AEA}"
	ProjectSection(ProjectDependencies) = postProject
		{C5E5FC0A-43CB-4559-A57F-4CF78ACD3351} = {C5E5FC0A-43CB-4559-A57F-4CF78ACD3351}
		{5D5CD073-C26F-4626-9308-69E0DB53251D} = {5D5CD073-C26F-4626-9308-69E0DB53251D}
	EndProjectSection
EndProject
Project("{8BC9CEB8-8B4A-11D0-8D11-00A0C91BC942}") = "h5_crtgrpd-shared", "h5_crtgrpd-shared.vcxproj", "{53573543-8DDF-4C53-8D20-A0B029D7A25B}"
	ProjectSection(ProjectDependencies) = postProject
		{C5E5FC0A-43CB-4559-A57F-4CF78ACD3351} = {C5E5FC0A-43CB-4559-A57F-4CF78ACD3351}
		{9207BE41-355B-4813-9AF0-18B8AB8CDCA3} = {9207BE41-355B-4813-9AF0-18B8AB8CDCA3}
	EndProjectSection
EndProject
Project("{8BC9CEB8-8B4A-11D0-8D11-00A0C91BC942}") = "h5_drivers", "h5_drivers.vcxproj", "{11627A83-E44D-47DC-8AA8-D05136148022}"
	ProjectSection(ProjectDependencies) = postProject
		{C5E5FC0A-43CB-4559-A57F-4CF78ACD3351} = {C5E5FC0A-43CB-4559-A57F-4CF78ACD3351}
		{5D5CD073-C26F-4626-9308-69E0DB53251D} = {5D5CD073-C26F-4626-9308-69E0DB53251D}
	EndProjectSection
EndProject
Project("{8BC9CEB8-8B4A-11D0-8D11-00A0C91BC942}") = "h5_drivers-shared", "h5_drivers-shared.vcxproj", "{61DB3BF6-76BD-4292-9751-CA2638EB8D52}"
	ProjectSection(ProjectDependencies) = postProject
		{C5E5FC0A-43CB-4559-A57F-4CF78ACD3351} = {C5E5FC0A-43CB-4559-A57F-4CF78ACD3351}
		{9207BE41-355B-4813-9AF0-18B8AB8CDCA3} = {9207BE41-355B-4813-9AF0-18B8AB8CDCA3}
	EndProjectSection
EndProject
Project("{8BC9CEB8-8B4A-11D0-8D11-00A0C91BC942}") = "h5_elink_unix2win", "h5_elink_unix2win.vcxproj", "{D7194D44-BE42-478C-BBB9-2FFB333CDF23}"
	ProjectSection(ProjectDependencies) = postProject
		{C5E5FC0A-43CB-4559-A57F-4CF78ACD3351} = {C5E5FC0A-43CB-4559-A57F-4CF78ACD3351}
		{5D5CD073-C26F-4626-9308-69E0DB53251D} = {5D5CD073-C26F-4626-9308-69E0DB53251D}
	EndProjectSection
EndProject
Project("{8BC9CEB8-8B4A-11D0-8D11-00A0C91BC942}") = "h5_elink_unix2win-shared", "h5_elink_unix2win-shared.vcxproj", "{A6765558-A353-445E-9B79-1997C9E6B7AE}"
	ProjectSection(ProjectDependencies) = postProject
		{C5E5FC0A-43CB-4559-A57F-4CF78ACD3351} = {C5E5FC0A-43CB-4559-A57F-4CF78ACD3351}
		{9207BE41-355B-4813-9AF0-18B8AB8CDCA3} = {9207BE41-355B-4813-9AF0-18B8AB8CDCA3}
	EndProjectSection
EndProject
Project("{8BC9CEB8-8B4A-11D0-8D11-00A0C91BC942}") = "h5_extend", "h5_extend.vcxproj", "{CFE57AC9-8ACB-40E4-8F8D-62DEF7DC39F1}"
	ProjectSection(ProjectDependencies) = postProject
		{C5E5FC0A-43CB-4559-A57F-4CF78ACD3351} = {C5E5FC0A-43CB-4559-A57F-4CF78ACD3351}
		{5D5CD073-C26F-4626-9308-69E0DB53251D} = {5D5CD073-C26F-4626-9308-69E0DB53251D}
	EndProjectSection
EndProject
Project("{8BC9CEB8-8B4A-11D0-8D11-00A0C91BC942}") = "h5_extend-shared", "h5_extend-shared.vcxproj", "{70CC0AD7-E81B-4246-8A0E-76C0A52E9A4D}"
	ProjectSection(ProjectDependencies) = postProject
		{C5E5FC0A-43CB-4559-A57F-4CF78ACD3351} = {C5E5FC0A-43CB-4559-A57F-4CF78ACD3351}
		{9207BE41-355B-4813-9AF0-18B8AB8CDCA3} = {9207BE41-355B-4813-9AF0-18B8AB8CDCA3}
	EndProjectSection
EndProject
Project("{8BC9CEB8-8B4A-11D0-8D11-00A0C91BC942}") = "h5_extend_write", "h5_extend_write.vcxproj", "{FAFFDCE1-9D8A-4339-8E9D-C34807A0E0ED}"
	ProjectSection(ProjectDependencies) = postProject
		{C5E5FC0A-43CB-4559-A57F-4CF78ACD3351} = {C5E5FC0A-43CB-4559-A57F-4CF78ACD3351}
		{5D5CD073-C26F-4626-9308-69E0DB53251D} = {5D5CD073-C26F-4626-9308-69E0DB53251D}
	EndProjectSection
EndProject
Project("{8BC9CEB8-8B4A-11D0-8D11-00A0C91BC942}") = "h5_extend_write-shared", "h5_extend_write-shared.vcxproj", "{303242A3-7A59-4E2D-AFBC-58683A555D78}"
	ProjectSection(ProjectDependencies) = postProject
		{C5E5FC0A-43CB-4559-A57F-4CF78ACD3351} = {C5E5FC0A-43CB-4559-A57F-4CF78ACD3351}
		{9207BE41-355B-4813-9AF0-18B8AB8CDCA3} = {9207BE41-355B-4813-9AF0-18B8AB8CDCA3}
	EndProjectSection
EndProject
Project("{8BC9CEB8-8B4A-11D0-8D11-00A0C91BC942}") = "h5_extlink", "h5_extlink.vcxproj", "{E8C78732-953C-4C06-86D3-B92D430727C3}"
	ProjectSection(ProjectDependencies) = postProject
		{C5E5FC0A-43CB-4559-A57F-4CF78ACD3351} = {C5E5FC0A-43CB-4559-A57F-4CF78ACD3351}
		{5D5CD073-C26F-4626-9308-69E0DB53251D} = {5D5CD073-C26F-4626-9308-69E0DB53251D}
	EndProjectSection
EndProject
Project("{8BC9CEB8-8B4A-11D0-8D11-00A0C91BC942}") = "h5_extlink-shared", "h5_extlink-shared.vcxproj", "{23B2D937-5983-44B3-B350-5133808202CF}"
	ProjectSection(ProjectDependencies) = postProject
		{C5E5FC0A-43CB-4559-A57F-4CF78ACD3351} = {C5E5FC0A-43CB-4559-A57F-4CF78ACD3351}
		{9207BE41-355B-4813-9AF0-18B8AB8CDCA3} = {9207BE41-355B-4813-9AF0-18B8AB8CDCA3}
	EndProjectSection
EndProject
Project("{8BC9CEB8-8B4A-11D0-8D11-00A0C91BC942}") = "h5_group", "h5_group.vcxproj", "{AFF70E74-9E97-4D01-AABF-65C484DA9127}"
	ProjectSection(ProjectDependencies) = postProject
		{C5E5FC0A-43CB-4559-A57F-4CF78ACD3351} = {C5E5FC0A-43CB-4559-A57F-4CF78ACD3351}
		{5D5CD073-C26F-4626-9308-69E0DB53251D} = {5D5CD073-C26F-4626-9308-69E0DB53251D}
	EndProjectSection
EndProject
Project("{8BC9CEB8-8B4A-11D0-8D11-00A0C91BC942}") = "h5_group-shared", "h5_group-shared.vcxproj", "{F7EF8A00-D88B-4234-A3AA-46893106C89D}"
	ProjectSection(ProjectDependencies) = postProject
		{C5E5FC0A-43CB-4559-A57F-4CF78ACD3351} = {C5E5FC0A-43CB-4559-A57F-4CF78ACD3351}
		{9207BE41-355B-4813-9AF0-18B8AB8CDCA3} = {9207BE41-355B-4813-9AF0-18B8AB8CDCA3}
	EndProjectSection
EndProject
Project("{8BC9CEB8-8B4A-11D0-8D11-00A0C91BC942}") = "h5_mount", "h5_mount.vcxproj", "{5F53040B-5EF1-4D9A-8F3A-7D8137EC9A6F}"
	ProjectSection(ProjectDependencies) = postProject
		{C5E5FC0A-43CB-4559-A57F-4CF78ACD3351} = {C5E5FC0A-43CB-4559-A57F-4CF78ACD3351}
		{5D5CD073-C26F-4626-9308-69E0DB53251D} = {5D5CD073-C26F-4626-9308-69E0DB53251D}
	EndProjectSection
EndProject
Project("{8BC9CEB8-8B4A-11D0-8D11-00A0C91BC942}") = "h5_mount-shared", "h5_mount-shared.vcxproj", "{8CCADDF8-EB11-4AC4-8AEF-011613CD4A7A}"
	ProjectSection(ProjectDependencies) = postProject
		{C5E5FC0A-43CB-4559-A57F-4CF78ACD3351} = {C5E5FC0A-43CB-4559-A57F-4CF78ACD3351}
		{9207BE41-355B-4813-9AF0-18B8AB8CDCA3} = {9207BE41-355B-4813-9AF0-18B8AB8CDCA3}
	EndProjectSection
EndProject
Project("{8BC9CEB8-8B4A-11D0-8D11-00A0C91BC942}") = "h5_rdwt", "h5_rdwt.vcxproj", "{BB482C95-8D87-460D-84F0-5DB51ECC6CFD}"
	ProjectSection(ProjectDependencies) = postProject
		{C5E5FC0A-43CB-4559-A57F-4CF78ACD3351} = {C5E5FC0A-43CB-4559-A57F-4CF78ACD3351}
		{5D5CD073-C26F-4626-9308-69E0DB53251D} = {5D5CD073-C26F-4626-9308-69E0DB53251D}
	EndProjectSection
EndProject
Project("{8BC9CEB8-8B4A-11D0-8D11-00A0C91BC942}") = "h5_rdwt-shared", "h5_rdwt-shared.vcxproj", "{16965F4E-FC79-441E-8BDC-8E5D3A17D160}"
	ProjectSection(ProjectDependencies) = postProject
		{C5E5FC0A-43CB-4559-A57F-4CF78ACD3351} = {C5E5FC0A-43CB-4559-A57F-4CF78ACD3351}
		{9207BE41-355B-4813-9AF0-18B8AB8CDCA3} = {9207BE41-355B-4813-9AF0-18B8AB8CDCA3}
	EndProjectSection
EndProject
Project("{8BC9CEB8-8B4A-11D0-8D11-00A0C91BC942}") = "h5_read", "h5_read.vcxproj", "{3CA3ED72-C687-47A0-AD14-272C5AB9EECF}"
	ProjectSection(ProjectDependencies) = postProject
		{C5E5FC0A-43CB-4559-A57F-4CF78ACD3351} = {C5E5FC0A-43CB-4559-A57F-4CF78ACD3351}
		{5D5CD073-C26F-4626-9308-69E0DB53251D} = {5D5CD073-C26F-4626-9308-69E0DB53251D}
	EndProjectSection
EndProject
Project("{8BC9CEB8-8B4A-11D0-8D11-00A0C91BC942}") = "h5_read-shared", "h5_read-shared.vcxproj", "{3EDF5669-E9C2-429B-859C-5705C86522A8}"
	ProjectSection(ProjectDependencies) = postProject
		{C5E5FC0A-43CB-4559-A57F-4CF78ACD3351} = {C5E5FC0A-43CB-4559-A57F-4CF78ACD3351}
		{9207BE41-355B-4813-9AF0-18B8AB8CDCA3} = {9207BE41-355B-4813-9AF0-18B8AB8CDCA3}
	EndProjectSection
EndProject
Project("{8BC9CEB8-8B4A-11D0-8D11-00A0C91BC942}") = "h5_ref2reg", "h5_ref2reg.vcxproj", "{AF4AC567-7FC1-4193-B42B-D5F745522F0F}"
	ProjectSection(ProjectDependencies) = postProject
		{C5E5FC0A-43CB-4559-A57F-4CF78ACD3351} = {C5E5FC0A-43CB-4559-A57F-4CF78ACD3351}
		{5D5CD073-C26F-4626-9308-69E0DB53251D} = {5D5CD073-C26F-4626-9308-69E0DB53251D}
	EndProjectSection
EndProject
Project("{8BC9CEB8-8B4A-11D0-8D11-00A0C91BC942}") = "h5_ref2reg-shared", "h5_ref2reg-shared.vcxproj", "{8E8E9EA4-3908-46DA-88B2-3726CC81FEBB}"
	ProjectSection(ProjectDependencies) = postProject
		{C5E5FC0A-43CB-4559-A57F-4CF78ACD3351} = {C5E5FC0A-43CB-4559-A57F-4CF78ACD3351}
		{9207BE41-355B-4813-9AF0-18B8AB8CDCA3} = {9207BE41-355B-4813-9AF0-18B8AB8CDCA3}
	EndProjectSection
EndProject
Project("{8BC9CEB8-8B4A-11D0-8D11-00A0C91BC942}") = "h5_reference", "h5_reference.vcxproj", "{280BB482-1969-421F-B6D5-C4DE027ACEF8}"
	ProjectSection(ProjectDependencies) = postProject
		{C5E5FC0A-43CB-4559-A57F-4CF78ACD3351} = {C5E5FC0A-43CB-4559-A57F-4CF78ACD3351}
		{5D5CD073-C26F-4626-9308-69E0DB53251D} = {5D5CD073-C26F-4626-9308-69E0DB53251D}
	EndProjectSection
EndProject
Project("{8BC9CEB8-8B4A-11D0-8D11-00A0C91BC942}") = "h5_reference-shared", "h5_reference-shared.vcxproj", "{BC38454E-2D01-4D8E-9779-BB33B50D9CE9}"
	ProjectSection(ProjectDependencies) = postProject
		{C5E5FC0A-43CB-4559-A57F-4CF78ACD3351} = {C5E5FC0A-43CB-4559-A57F-4CF78ACD3351}
		{9207BE41-355B-4813-9AF0-18B8AB8CDCA3} = {9207BE41-355B-4813-9AF0-18B8AB8CDCA3}
	EndProjectSection
EndProject
Project("{8BC9CEB8-8B4A-11D0-8D11-00A0C91BC942}") = "h5_select", "h5_select.vcxproj", "{1E104731-4186-49F5-9511-71620A8C8FC1}"
	ProjectSection(ProjectDependencies) = postProject
		{C5E5FC0A-43CB-4559-A57F-4CF78ACD3351} = {C5E5FC0A-43CB-4559-A57F-4CF78ACD3351}
		{5D5CD073-C26F-4626-9308-69E0DB53251D} = {5D5CD073-C26F-4626-9308-69E0DB53251D}
	EndProjectSection
EndProject
Project("{8BC9CEB8-8B4A-11D0-8D11-00A0C91BC942}") = "h5_select-shared", "h5_select-shared.vcxproj", "{4CDAF877-CE33-4FF4-A368-12F7B610C7C2}"
	ProjectSection(ProjectDependencies) = postProject
		{C5E5FC0A-43CB-4559-A57F-4CF78ACD3351} = {C5E5FC0A-43CB-4559-A57F-4CF78ACD3351}
		{9207BE41-355B-4813-9AF0-18B8AB8CDCA3} = {9207BE41-355B-4813-9AF0-18B8AB8CDCA3}
	EndProjectSection
EndProject
Project("{8BC9CEB8-8B4A-11D0-8D11-00A0C91BC942}") = "h5_shared_mesg", "h5_shared_mesg.vcxproj", "{412CAD29-5549-4101-BED7-FE7425F7E7E8}"
	ProjectSection(ProjectDependencies) = postProject
		{C5E5FC0A-43CB-4559-A57F-4CF78ACD3351} = {C5E5FC0A-43CB-4559-A57F-4CF78ACD3351}
		{5D5CD073-C26F-4626-9308-69E0DB53251D} = {5D5CD073-C26F-4626-9308-69E0DB53251D}
	EndProjectSection
EndProject
Project("{8BC9CEB8-8B4A-11D0-8D11-00A0C91BC942}") = "h5_shared_mesg-shared", "h5_shared_mesg-shared.vcxproj", "{6ACF12D5-380D-4EF7-9CB2-6F1E8BC22A97}"
	ProjectSection(ProjectDependencies) = postProject
		{C5E5FC0A-43CB-4559-A57F-4CF78ACD3351} = {C5E5FC0A-43CB-4559-A57F-4CF78ACD3351}
		{9207BE41-355B-4813-9AF0-18B8AB8CDCA3} = {9207BE41-355B-4813-9AF0-18B8AB8CDCA3}
	EndProjectSection
EndProject
Project("{8BC9CEB8-8B4A-11D0-8D11-00A0C91BC942}") = "h5_subset", "h5_subset.vcxproj", "{187E745B-A432-46CC-9260-712BC32F5093}"
	ProjectSection(ProjectDependencies) = postProject
		{C5E5FC0A-43CB-4559-A57F-4CF78ACD3351} = {C5E5FC0A-43CB-4559-A57F-4CF78ACD3351}
		{5D5CD073-C26F-4626-9308-69E0DB53251D} = {5D5CD073-C26F-4626-9308-69E0DB53251D}
	EndProjectSection
EndProject
Project("{8BC9CEB8-8B4A-11D0-8D11-00A0C91BC942}") = "h5_subset-shared", "h5_subset-shared.vcxproj", "{4F719CF6-ADDA-4A31-80EB-8EC70A978A98}"
	ProjectSection(ProjectDependencies) = postProject
		{C5E5FC0A-43CB-4559-A57F-4CF78ACD3351} = {C5E5FC0A-43CB-4559-A57F-4CF78ACD3351}
		{9207BE41-355B-4813-9AF0-18B8AB8CDCA3} = {9207BE41-355B-4813-9AF0-18B8AB8CDCA3}
	EndProjectSection
EndProject
Project("{8BC9CEB8-8B4A-11D0-8D11-00A0C91BC942}") = "h5_write", "h5_write.vcxproj", "{C810219F-F5C6-4DBA-B317-BA11034A94D3}"
	ProjectSection(ProjectDependencies) = postProject
		{C5E5FC0A-43CB-4559-A57F-4CF78ACD3351} = {C5E5FC0A-43CB-4559-A57F-4CF78ACD3351}
		{5D5CD073-C26F-4626-9308-69E0DB53251D} = {5D5CD073-C26F-4626-9308-69E0DB53251D}
	EndProjectSection
EndProject
Project("{8BC9CEB8-8B4A-11D0-8D11-00A0C91BC942}") = "h5_write-shared", "h5_write-shared.vcxproj", "{10C2A3D4-B8F7-487B-8BE0-A5BBDCF70E8B}"
	ProjectSection(ProjectDependencies) = postProject
		{C5E5FC0A-43CB-4559-A57F-4CF78ACD3351} = {C5E5FC0A-43CB-4559-A57F-4CF78ACD3351}
		{9207BE41-355B-4813-9AF0-18B8AB8CDCA3} = {9207BE41-355B-4813-9AF0-18B8AB8CDCA3}
	EndProjectSection
EndProject
Project("{8BC9CEB8-8B4A-11D0-8D11-00A0C91BC942}") = "hdf5-shared", "..\src\hdf5-shared.vcxproj", "{9207BE41-355B-4813-9AF0-18B8AB8CDCA3}"
	ProjectSection(ProjectDependencies) = postProject
		{37BA568E-0DAE-4011-B34C-A9EA52D55027} = {37BA568E-0DAE-4011-B34C-A9EA52D55027}
		{68521120-1C61-4535-B460-8E409632E767} = {68521120-1C61-4535-B460-8E409632E767}
		{C5E5FC0A-43CB-4559-A57F-4CF78ACD3351} = {C5E5FC0A-43CB-4559-A57F-4CF78ACD3351}
	EndProjectSection
EndProject
Project("{8BC9CEB8-8B4A-11D0-8D11-00A0C91BC942}") = "hdf5-static", "..\src\hdf5-static.vcxproj", "{5D5CD073-C26F-4626-9308-69E0DB53251D}"
	ProjectSection(ProjectDependencies) = postProject
		{37BA568E-0DAE-4011-B34C-A9EA52D55027} = {37BA568E-0DAE-4011-B34C-A9EA52D55027}
		{68521120-1C61-4535-B460-8E409632E767} = {68521120-1C61-4535-B460-8E409632E767}
		{C5E5FC0A-43CB-4559-A57F-4CF78ACD3351} = {C5E5FC0A-43CB-4559-A57F-4CF78ACD3351}
	EndProjectSection
EndProject
Project("{2150E333-8FDC-42A3-9474-1A3956D46DE8}") = "CMakePredefinedTargets", "CMakePredefinedTargets", "{1B0FAD49-FC38-4653-B203-A83AA02FE1B0}"
EndProject
Project("{2150E333-8FDC-42A3-9474-1A3956D46DE8}") = "examples", "examples", "{9FF5E9E2-F8A6-4874-AE09-44043C310E14}"
EndProject
Project("{2150E333-8FDC-42A3-9474-1A3956D46DE8}") = "libraries", "libraries", "{6CA7B6E2-D085-4162-BA99-76CF0F158EC3}"
EndProject
Global
	GlobalSection(SolutionConfigurationPlatforms) = preSolution
		Debug|x64 = Debug|x64
		Release|x64 = Release|x64
		MinSizeRel|x64 = MinSizeRel|x64
		RelWithDebInfo|x64 = RelWithDebInfo|x64
	EndGlobalSection
	GlobalSection(ProjectConfigurationPlatforms) = postSolution
		{A1322CBD-8A87-479E-8849-815C443E5503}.Debug|x64.ActiveCfg = Debug|x64
		{A1322CBD-8A87-479E-8849-815C443E5503}.Debug|x64.Build.0 = Debug|x64
		{A1322CBD-8A87-479E-8849-815C443E5503}.Release|x64.ActiveCfg = Release|x64
		{A1322CBD-8A87-479E-8849-815C443E5503}.Release|x64.Build.0 = Release|x64
		{A1322CBD-8A87-479E-8849-815C443E5503}.MinSizeRel|x64.ActiveCfg = MinSizeRel|x64
		{A1322CBD-8A87-479E-8849-815C443E5503}.MinSizeRel|x64.Build.0 = MinSizeRel|x64
		{A1322CBD-8A87-479E-8849-815C443E5503}.RelWithDebInfo|x64.ActiveCfg = RelWithDebInfo|x64
		{A1322CBD-8A87-479E-8849-815C443E5503}.RelWithDebInfo|x64.Build.0 = RelWithDebInfo|x64
		{37BA568E-0DAE-4011-B34C-A9EA52D55027}.Debug|x64.ActiveCfg = Debug|x64
		{37BA568E-0DAE-4011-B34C-A9EA52D55027}.Debug|x64.Build.0 = Debug|x64
		{37BA568E-0DAE-4011-B34C-A9EA52D55027}.Release|x64.ActiveCfg = Release|x64
		{37BA568E-0DAE-4011-B34C-A9EA52D55027}.Release|x64.Build.0 = Release|x64
		{37BA568E-0DAE-4011-B34C-A9EA52D55027}.MinSizeRel|x64.ActiveCfg = MinSizeRel|x64
		{37BA568E-0DAE-4011-B34C-A9EA52D55027}.MinSizeRel|x64.Build.0 = MinSizeRel|x64
		{37BA568E-0DAE-4011-B34C-A9EA52D55027}.RelWithDebInfo|x64.ActiveCfg = RelWithDebInfo|x64
		{37BA568E-0DAE-4011-B34C-A9EA52D55027}.RelWithDebInfo|x64.Build.0 = RelWithDebInfo|x64
		{68521120-1C61-4535-B460-8E409632E767}.Debug|x64.ActiveCfg = Debug|x64
		{68521120-1C61-4535-B460-8E409632E767}.Debug|x64.Build.0 = Debug|x64
		{68521120-1C61-4535-B460-8E409632E767}.Release|x64.ActiveCfg = Release|x64
		{68521120-1C61-4535-B460-8E409632E767}.Release|x64.Build.0 = Release|x64
		{68521120-1C61-4535-B460-8E409632E767}.MinSizeRel|x64.ActiveCfg = MinSizeRel|x64
		{68521120-1C61-4535-B460-8E409632E767}.MinSizeRel|x64.Build.0 = MinSizeRel|x64
		{68521120-1C61-4535-B460-8E409632E767}.RelWithDebInfo|x64.ActiveCfg = RelWithDebInfo|x64
		{68521120-1C61-4535-B460-8E409632E767}.RelWithDebInfo|x64.Build.0 = RelWithDebInfo|x64
		{E0EA0AF8-8B4B-45C6-89B9-41C975D90429}.Debug|x64.ActiveCfg = Debug|x64
		{E0EA0AF8-8B4B-45C6-89B9-41C975D90429}.Release|x64.ActiveCfg = Release|x64
		{E0EA0AF8-8B4B-45C6-89B9-41C975D90429}.MinSizeRel|x64.ActiveCfg = MinSizeRel|x64
		{E0EA0AF8-8B4B-45C6-89B9-41C975D90429}.RelWithDebInfo|x64.ActiveCfg = RelWithDebInfo|x64
		{0C6873BB-80BF-47FE-AA76-C9E19AD3EB56}.Debug|x64.ActiveCfg = Debug|x64
		{0C6873BB-80BF-47FE-AA76-C9E19AD3EB56}.Release|x64.ActiveCfg = Release|x64
		{0C6873BB-80BF-47FE-AA76-C9E19AD3EB56}.MinSizeRel|x64.ActiveCfg = MinSizeRel|x64
		{0C6873BB-80BF-47FE-AA76-C9E19AD3EB56}.RelWithDebInfo|x64.ActiveCfg = RelWithDebInfo|x64
		{E02F5BDF-46E4-4D70-A5B1-2B19311EE546}.Debug|x64.ActiveCfg = Debug|x64
		{E02F5BDF-46E4-4D70-A5B1-2B19311EE546}.Release|x64.ActiveCfg = Release|x64
		{E02F5BDF-46E4-4D70-A5B1-2B19311EE546}.MinSizeRel|x64.ActiveCfg = MinSizeRel|x64
		{E02F5BDF-46E4-4D70-A5B1-2B19311EE546}.RelWithDebInfo|x64.ActiveCfg = RelWithDebInfo|x64
		{C5E5FC0A-43CB-4559-A57F-4CF78ACD3351}.Debug|x64.ActiveCfg = Debug|x64
		{C5E5FC0A-43CB-4559-A57F-4CF78ACD3351}.Debug|x64.Build.0 = Debug|x64
		{C5E5FC0A-43CB-4559-A57F-4CF78ACD3351}.Release|x64.ActiveCfg = Release|x64
		{C5E5FC0A-43CB-4559-A57F-4CF78ACD3351}.Release|x64.Build.0 = Release|x64
		{C5E5FC0A-43CB-4559-A57F-4CF78ACD3351}.MinSizeRel|x64.ActiveCfg = MinSizeRel|x64
		{C5E5FC0A-43CB-4559-A57F-4CF78ACD3351}.MinSizeRel|x64.Build.0 = MinSizeRel|x64
		{C5E5FC0A-43CB-4559-A57F-4CF78ACD3351}.RelWithDebInfo|x64.ActiveCfg = RelWithDebInfo|x64
		{C5E5FC0A-43CB-4559-A57F-4CF78ACD3351}.RelWithDebInfo|x64.Build.0 = RelWithDebInfo|x64
		{829B5862-6BF0-4B53-8B5A-A36AD6FAA067}.Debug|x64.ActiveCfg = Debug|x64
		{829B5862-6BF0-4B53-8B5A-A36AD6FAA067}.Debug|x64.Build.0 = Debug|x64
		{829B5862-6BF0-4B53-8B5A-A36AD6FAA067}.Release|x64.ActiveCfg = Release|x64
		{829B5862-6BF0-4B53-8B5A-A36AD6FAA067}.Release|x64.Build.0 = Release|x64
		{829B5862-6BF0-4B53-8B5A-A36AD6FAA067}.MinSizeRel|x64.ActiveCfg = MinSizeRel|x64
		{829B5862-6BF0-4B53-8B5A-A36AD6FAA067}.MinSizeRel|x64.Build.0 = MinSizeRel|x64
		{829B5862-6BF0-4B53-8B5A-A36AD6FAA067}.RelWithDebInfo|x64.ActiveCfg = RelWithDebInfo|x64
		{829B5862-6BF0-4B53-8B5A-A36AD6FAA067}.RelWithDebInfo|x64.Build.0 = RelWithDebInfo|x64
		{2865AB7B-AAB9-47CF-9258-B3671CB33645}.Debug|x64.ActiveCfg = Debug|x64
		{2865AB7B-AAB9-47CF-9258-B3671CB33645}.Debug|x64.Build.0 = Debug|x64
		{2865AB7B-AAB9-47CF-9258-B3671CB33645}.Release|x64.ActiveCfg = Release|x64
		{2865AB7B-AAB9-47CF-9258-B3671CB33645}.Release|x64.Build.0 = Release|x64
		{2865AB7B-AAB9-47CF-9258-B3671CB33645}.MinSizeRel|x64.ActiveCfg = MinSizeRel|x64
		{2865AB7B-AAB9-47CF-9258-B3671CB33645}.MinSizeRel|x64.Build.0 = MinSizeRel|x64
		{2865AB7B-AAB9-47CF-9258-B3671CB33645}.RelWithDebInfo|x64.ActiveCfg = RelWithDebInfo|x64
		{2865AB7B-AAB9-47CF-9258-B3671CB33645}.RelWithDebInfo|x64.Build.0 = RelWithDebInfo|x64
		{12C40EF8-D73F-4A66-8024-EDF5220AE69A}.Debug|x64.ActiveCfg = Debug|x64
		{12C40EF8-D73F-4A66-8024-EDF5220AE69A}.Debug|x64.Build.0 = Debug|x64
		{12C40EF8-D73F-4A66-8024-EDF5220AE69A}.Release|x64.ActiveCfg = Release|x64
		{12C40EF8-D73F-4A66-8024-EDF5220AE69A}.Release|x64.Build.0 = Release|x64
		{12C40EF8-D73F-4A66-8024-EDF5220AE69A}.MinSizeRel|x64.ActiveCfg = MinSizeRel|x64
		{12C40EF8-D73F-4A66-8024-EDF5220AE69A}.MinSizeRel|x64.Build.0 = MinSizeRel|x64
		{12C40EF8-D73F-4A66-8024-EDF5220AE69A}.RelWithDebInfo|x64.ActiveCfg = RelWithDebInfo|x64
		{12C40EF8-D73F-4A66-8024-EDF5220AE69A}.RelWithDebInfo|x64.Build.0 = RelWithDebInfo|x64
		{F216B0C8-2EC4-49D7-A8B6-72DF79C8A63E}.Debug|x64.ActiveCfg = Debug|x64
		{F216B0C8-2EC4-49D7-A8B6-72DF79C8A63E}.Debug|x64.Build.0 = Debug|x64
		{F216B0C8-2EC4-49D7-A8B6-72DF79C8A63E}.Release|x64.ActiveCfg = Release|x64
		{F216B0C8-2EC4-49D7-A8B6-72DF79C8A63E}.Release|x64.Build.0 = Release|x64
		{F216B0C8-2EC4-49D7-A8B6-72DF79C8A63E}.MinSizeRel|x64.ActiveCfg = MinSizeRel|x64
		{F216B0C8-2EC4-49D7-A8B6-72DF79C8A63E}.MinSizeRel|x64.Build.0 = MinSizeRel|x64
		{F216B0C8-2EC4-49D7-A8B6-72DF79C8A63E}.RelWithDebInfo|x64.ActiveCfg = RelWithDebInfo|x64
		{F216B0C8-2EC4-49D7-A8B6-72DF79C8A63E}.RelWithDebInfo|x64.Build.0 = RelWithDebInfo|x64
		{BF7051EC-A436-430E-8444-BA5C32893BAA}.Debug|x64.ActiveCfg = Debug|x64
		{BF7051EC-A436-430E-8444-BA5C32893BAA}.Debug|x64.Build.0 = Debug|x64
		{BF7051EC-A436-430E-8444-BA5C32893BAA}.Release|x64.ActiveCfg = Release|x64
		{BF7051EC-A436-430E-8444-BA5C32893BAA}.Release|x64.Build.0 = Release|x64
		{BF7051EC-A436-430E-8444-BA5C32893BAA}.MinSizeRel|x64.ActiveCfg = MinSizeRel|x64
		{BF7051EC-A436-430E-8444-BA5C32893BAA}.MinSizeRel|x64.Build.0 = MinSizeRel|x64
		{BF7051EC-A436-430E-8444-BA5C32893BAA}.RelWithDebInfo|x64.ActiveCfg = RelWithDebInfo|x64
		{BF7051EC-A436-430E-8444-BA5C32893BAA}.RelWithDebInfo|x64.Build.0 = RelWithDebInfo|x64
		{0DBD1B31-A41E-4E52-83AA-86A5C91ED501}.Debug|x64.ActiveCfg = Debug|x64
		{0DBD1B31-A41E-4E52-83AA-86A5C91ED501}.Debug|x64.Build.0 = Debug|x64
		{0DBD1B31-A41E-4E52-83AA-86A5C91ED501}.Release|x64.ActiveCfg = Release|x64
		{0DBD1B31-A41E-4E52-83AA-86A5C91ED501}.Release|x64.Build.0 = Release|x64
		{0DBD1B31-A41E-4E52-83AA-86A5C91ED501}.MinSizeRel|x64.ActiveCfg = MinSizeRel|x64
		{0DBD1B31-A41E-4E52-83AA-86A5C91ED501}.MinSizeRel|x64.Build.0 = MinSizeRel|x64
		{0DBD1B31-A41E-4E52-83AA-86A5C91ED501}.RelWithDebInfo|x64.ActiveCfg = RelWithDebInfo|x64
		{0DBD1B31-A41E-4E52-83AA-86A5C91ED501}.RelWithDebInfo|x64.Build.0 = RelWithDebInfo|x64
		{4D880664-5498-41B8-87E3-B6782DEEBD64}.Debug|x64.ActiveCfg = Debug|x64
		{4D880664-5498-41B8-87E3-B6782DEEBD64}.Debug|x64.Build.0 = Debug|x64
		{4D880664-5498-41B8-87E3-B6782DEEBD64}.Release|x64.ActiveCfg = Release|x64
		{4D880664-5498-41B8-87E3-B6782DEEBD64}.Release|x64.Build.0 = Release|x64
		{4D880664-5498-41B8-87E3-B6782DEEBD64}.MinSizeRel|x64.ActiveCfg = MinSizeRel|x64
		{4D880664-5498-41B8-87E3-B6782DEEBD64}.MinSizeRel|x64.Build.0 = MinSizeRel|x64
		{4D880664-5498-41B8-87E3-B6782DEEBD64}.RelWithDebInfo|x64.ActiveCfg = RelWithDebInfo|x64
		{4D880664-5498-41B8-87E3-B6782DEEBD64}.RelWithDebInfo|x64.Build.0 = RelWithDebInfo|x64
		{0550D176-8459-4BE1-95CF-C7727BBE1718}.Debug|x64.ActiveCfg = Debug|x64
		{0550D176-8459-4BE1-95CF-C7727BBE1718}.Debug|x64.Build.0 = Debug|x64
		{0550D176-8459-4BE1-95CF-C7727BBE1718}.Release|x64.ActiveCfg = Release|x64
		{0550D176-8459-4BE1-95CF-C7727BBE1718}.Release|x64.Build.0 = Release|x64
		{0550D176-8459-4BE1-95CF-C7727BBE1718}.MinSizeRel|x64.ActiveCfg = MinSizeRel|x64
		{0550D176-8459-4BE1-95CF-C7727BBE1718}.MinSizeRel|x64.Build.0 = MinSizeRel|x64
		{0550D176-8459-4BE1-95CF-C7727BBE1718}.RelWithDebInfo|x64.ActiveCfg = RelWithDebInfo|x64
		{0550D176-8459-4BE1-95CF-C7727BBE1718}.RelWithDebInfo|x64.Build.0 = RelWithDebInfo|x64
		{3D162677-0A69-42B7-9F5B-9F9AF5003280}.Debug|x64.ActiveCfg = Debug|x64
		{3D162677-0A69-42B7-9F5B-9F9AF5003280}.Debug|x64.Build.0 = Debug|x64
		{3D162677-0A69-42B7-9F5B-9F9AF5003280}.Release|x64.ActiveCfg = Release|x64
		{3D162677-0A69-42B7-9F5B-9F9AF5003280}.Release|x64.Build.0 = Release|x64
		{3D162677-0A69-42B7-9F5B-9F9AF5003280}.MinSizeRel|x64.ActiveCfg = MinSizeRel|x64
		{3D162677-0A69-42B7-9F5B-9F9AF5003280}.MinSizeRel|x64.Build.0 = MinSizeRel|x64
		{3D162677-0A69-42B7-9F5B-9F9AF5003280}.RelWithDebInfo|x64.ActiveCfg = RelWithDebInfo|x64
		{3D162677-0A69-42B7-9F5B-9F9AF5003280}.RelWithDebInfo|x64.Build.0 = RelWithDebInfo|x64
		{476CF630-67FF-4B4C-9534-F75559D2D7F8}.Debug|x64.ActiveCfg = Debug|x64
		{476CF630-67FF-4B4C-9534-F75559D2D7F8}.Debug|x64.Build.0 = Debug|x64
		{476CF630-67FF-4B4C-9534-F75559D2D7F8}.Release|x64.ActiveCfg = Release|x64
		{476CF630-67FF-4B4C-9534-F75559D2D7F8}.Release|x64.Build.0 = Release|x64
		{476CF630-67FF-4B4C-9534-F75559D2D7F8}.MinSizeRel|x64.ActiveCfg = MinSizeRel|x64
		{476CF630-67FF-4B4C-9534-F75559D2D7F8}.MinSizeRel|x64.Build.0 = MinSizeRel|x64
		{476CF630-67FF-4B4C-9534-F75559D2D7F8}.RelWithDebInfo|x64.ActiveCfg = RelWithDebInfo|x64
		{476CF630-67FF-4B4C-9534-F75559D2D7F8}.RelWithDebInfo|x64.Build.0 = RelWithDebInfo|x64
		{C8651F27-4950-41A0-8E14-20C94E15AC9E}.Debug|x64.ActiveCfg = Debug|x64
		{C8651F27-4950-41A0-8E14-20C94E15AC9E}.Debug|x64.Build.0 = Debug|x64
		{C8651F27-4950-41A0-8E14-20C94E15AC9E}.Release|x64.ActiveCfg = Release|x64
		{C8651F27-4950-41A0-8E14-20C94E15AC9E}.Release|x64.Build.0 = Release|x64
		{C8651F27-4950-41A0-8E14-20C94E15AC9E}.MinSizeRel|x64.ActiveCfg = MinSizeRel|x64
		{C8651F27-4950-41A0-8E14-20C94E15AC9E}.MinSizeRel|x64.Build.0 = MinSizeRel|x64
		{C8651F27-4950-41A0-8E14-20C94E15AC9E}.RelWithDebInfo|x64.ActiveCfg = RelWithDebInfo|x64
		{C8651F27-4950-41A0-8E14-20C94E15AC9E}.RelWithDebInfo|x64.Build.0 = RelWithDebInfo|x64
		{A44C2267-99AE-4537-AB95-716DFE302574}.Debug|x64.ActiveCfg = Debug|x64
		{A44C2267-99AE-4537-AB95-716DFE302574}.Debug|x64.Build.0 = Debug|x64
		{A44C2267-99AE-4537-AB95-716DFE302574}.Release|x64.ActiveCfg = Release|x64
		{A44C2267-99AE-4537-AB95-716DFE302574}.Release|x64.Build.0 = Release|x64
		{A44C2267-99AE-4537-AB95-716DFE302574}.MinSizeRel|x64.ActiveCfg = MinSizeRel|x64
		{A44C2267-99AE-4537-AB95-716DFE302574}.MinSizeRel|x64.Build.0 = MinSizeRel|x64
		{A44C2267-99AE-4537-AB95-716DFE302574}.RelWithDebInfo|x64.ActiveCfg = RelWithDebInfo|x64
		{A44C2267-99AE-4537-AB95-716DFE302574}.RelWithDebInfo|x64.Build.0 = RelWithDebInfo|x64
		{C900BDFA-3A45-42F9-BEAC-569CA700E89B}.Debug|x64.ActiveCfg = Debug|x64
		{C900BDFA-3A45-42F9-BEAC-569CA700E89B}.Debug|x64.Build.0 = Debug|x64
		{C900BDFA-3A45-42F9-BEAC-569CA700E89B}.Release|x64.ActiveCfg = Release|x64
		{C900BDFA-3A45-42F9-BEAC-569CA700E89B}.Release|x64.Build.0 = Release|x64
		{C900BDFA-3A45-42F9-BEAC-569CA700E89B}.MinSizeRel|x64.ActiveCfg = MinSizeRel|x64
		{C900BDFA-3A45-42F9-BEAC-569CA700E89B}.MinSizeRel|x64.Build.0 = MinSizeRel|x64
		{C900BDFA-3A45-42F9-BEAC-569CA700E89B}.RelWithDebInfo|x64.ActiveCfg = RelWithDebInfo|x64
		{C900BDFA-3A45-42F9-BEAC-569CA700E89B}.RelWithDebInfo|x64.Build.0 = RelWithDebInfo|x64
		{E5BED411-A8E6-4F9C-9263-2587DCE70772}.Debug|x64.ActiveCfg = Debug|x64
		{E5BED411-A8E6-4F9C-9263-2587DCE70772}.Debug|x64.Build.0 = Debug|x64
		{E5BED411-A8E6-4F9C-9263-2587DCE70772}.Release|x64.ActiveCfg = Release|x64
		{E5BED411-A8E6-4F9C-9263-2587DCE70772}.Release|x64.Build.0 = Release|x64
		{E5BED411-A8E6-4F9C-9263-2587DCE70772}.MinSizeRel|x64.ActiveCfg = MinSizeRel|x64
		{E5BED411-A8E6-4F9C-9263-2587DCE70772}.MinSizeRel|x64.Build.0 = MinSizeRel|x64
		{E5BED411-A8E6-4F9C-9263-2587DCE70772}.RelWithDebInfo|x64.ActiveCfg = RelWithDebInfo|x64
		{E5BED411-A8E6-4F9C-9263-2587DCE70772}.RelWithDebInfo|x64.Build.0 = RelWithDebInfo|x64
		{545A1BDD-7828-4F51-B6BC-B67F54B1D785}.Debug|x64.ActiveCfg = Debug|x64
		{545A1BDD-7828-4F51-B6BC-B67F54B1D785}.Debug|x64.Build.0 = Debug|x64
		{545A1BDD-7828-4F51-B6BC-B67F54B1D785}.Release|x64.ActiveCfg = Release|x64
		{545A1BDD-7828-4F51-B6BC-B67F54B1D785}.Release|x64.Build.0 = Release|x64
		{545A1BDD-7828-4F51-B6BC-B67F54B1D785}.MinSizeRel|x64.ActiveCfg = MinSizeRel|x64
		{545A1BDD-7828-4F51-B6BC-B67F54B1D785}.MinSizeRel|x64.Build.0 = MinSizeRel|x64
		{545A1BDD-7828-4F51-B6BC-B67F54B1D785}.RelWithDebInfo|x64.ActiveCfg = RelWithDebInfo|x64
		{545A1BDD-7828-4F51-B6BC-B67F54B1D785}.RelWithDebInfo|x64.Build.0 = RelWithDebInfo|x64
		{DC1D81E2-DCD2-4F01-A0A0-86E66B4C3B31}.Debug|x64.ActiveCfg = Debug|x64
		{DC1D81E2-DCD2-4F01-A0A0-86E66B4C3B31}.Debug|x64.Build.0 = Debug|x64
		{DC1D81E2-DCD2-4F01-A0A0-86E66B4C3B31}.Release|x64.ActiveCfg = Release|x64
		{DC1D81E2-DCD2-4F01-A0A0-86E66B4C3B31}.Release|x64.Build.0 = Release|x64
		{DC1D81E2-DCD2-4F01-A0A0-86E66B4C3B31}.MinSizeRel|x64.ActiveCfg = MinSizeRel|x64
		{DC1D81E2-DCD2-4F01-A0A0-86E66B4C3B31}.MinSizeRel|x64.Build.0 = MinSizeRel|x64
		{DC1D81E2-DCD2-4F01-A0A0-86E66B4C3B31}.RelWithDebInfo|x64.ActiveCfg = RelWithDebInfo|x64
		{DC1D81E2-DCD2-4F01-A0A0-86E66B4C3B31}.RelWithDebInfo|x64.Build.0 = RelWithDebInfo|x64
		{4CCC05AB-11CA-4850-96F4-5611349A0AEA}.Debug|x64.ActiveCfg = Debug|x64
		{4CCC05AB-11CA-4850-96F4-5611349A0AEA}.Debug|x64.Build.0 = Debug|x64
		{4CCC05AB-11CA-4850-96F4-5611349A0AEA}.Release|x64.ActiveCfg = Release|x64
		{4CCC05AB-11CA-4850-96F4-5611349A0AEA}.Release|x64.Build.0 = Release|x64
		{4CCC05AB-11CA-4850-96F4-5611349A0AEA}.MinSizeRel|x64.ActiveCfg = MinSizeRel|x64
		{4CCC05AB-11CA-4850-96F4-5611349A0AEA}.MinSizeRel|x64.Build.0 = MinSizeRel|x64
		{4CCC05AB-11CA-4850-96F4-5611349A0AEA}.RelWithDebInfo|x64.ActiveCfg = RelWithDebInfo|x64
		{4CCC05AB-11CA-4850-96F4-5611349A0AEA}.RelWithDebInfo|x64.Build.0 = RelWithDebInfo|x64
		{53573543-8DDF-4C53-8D20-A0B029D7A25B}.Debug|x64.ActiveCfg = Debug|x64
		{53573543-8DDF-4C53-8D20-A0B029D7A25B}.Debug|x64.Build.0 = Debug|x64
		{53573543-8DDF-4C53-8D20-A0B029D7A25B}.Release|x64.ActiveCfg = Release|x64
		{53573543-8DDF-4C53-8D20-A0B029D7A25B}.Release|x64.Build.0 = Release|x64
		{53573543-8DDF-4C53-8D20-A0B029D7A25B}.MinSizeRel|x64.ActiveCfg = MinSizeRel|x64
		{53573543-8DDF-4C53-8D20-A0B029D7A25B}.MinSizeRel|x64.Build.0 = MinSizeRel|x64
		{53573543-8DDF-4C53-8D20-A0B029D7A25B}.RelWithDebInfo|x64.ActiveCfg = RelWithDebInfo|x64
		{53573543-8DDF-4C53-8D20-A0B029D7A25B}.RelWithDebInfo|x64.Build.0 = RelWithDebInfo|x64
		{11627A83-E44D-47DC-8AA8-D05136148022}.Debug|x64.ActiveCfg = Debug|x64
		{11627A83-E44D-47DC-8AA8-D05136148022}.Debug|x64.Build.0 = Debug|x64
		{11627A83-E44D-47DC-8AA8-D05136148022}.Release|x64.ActiveCfg = Release|x64
		{11627A83-E44D-47DC-8AA8-D05136148022}.Release|x64.Build.0 = Release|x64
		{11627A83-E44D-47DC-8AA8-D05136148022}.MinSizeRel|x64.ActiveCfg = MinSizeRel|x64
		{11627A83-E44D-47DC-8AA8-D05136148022}.MinSizeRel|x64.Build.0 = MinSizeRel|x64
		{11627A83-E44D-47DC-8AA8-D05136148022}.RelWithDebInfo|x64.ActiveCfg = RelWithDebInfo|x64
		{11627A83-E44D-47DC-8AA8-D05136148022}.RelWithDebInfo|x64.Build.0 = RelWithDebInfo|x64
		{61DB3BF6-76BD-4292-9751-CA2638EB8D52}.Debug|x64.ActiveCfg = Debug|x64
		{61DB3BF6-76BD-4292-9751-CA2638EB8D52}.Debug|x64.Build.0 = Debug|x64
		{61DB3BF6-76BD-4292-9751-CA2638EB8D52}.Release|x64.ActiveCfg = Release|x64
		{61DB3BF6-76BD-4292-9751-CA2638EB8D52}.Release|x64.Build.0 = Release|x64
		{61DB3BF6-76BD-4292-9751-CA2638EB8D52}.MinSizeRel|x64.ActiveCfg = MinSizeRel|x64
		{61DB3BF6-76BD-4292-9751-CA2638EB8D52}.MinSizeRel|x64.Build.0 = MinSizeRel|x64
		{61DB3BF6-76BD-4292-9751-CA2638EB8D52}.RelWithDebInfo|x64.ActiveCfg = RelWithDebInfo|x64
		{61DB3BF6-76BD-4292-9751-CA2638EB8D52}.RelWithDebInfo|x64.Build.0 = RelWithDebInfo|x64
		{D7194D44-BE42-478C-BBB9-2FFB333CDF23}.Debug|x64.ActiveCfg = Debug|x64
		{D7194D44-BE42-478C-BBB9-2FFB333CDF23}.Debug|x64.Build.0 = Debug|x64
		{D7194D44-BE42-478C-BBB9-2FFB333CDF23}.Release|x64.ActiveCfg = Release|x64
		{D7194D44-BE42-478C-BBB9-2FFB333CDF23}.Release|x64.Build.0 = Release|x64
		{D7194D44-BE42-478C-BBB9-2FFB333CDF23}.MinSizeRel|x64.ActiveCfg = MinSizeRel|x64
		{D7194D44-BE42-478C-BBB9-2FFB333CDF23}.MinSizeRel|x64.Build.0 = MinSizeRel|x64
		{D7194D44-BE42-478C-BBB9-2FFB333CDF23}.RelWithDebInfo|x64.ActiveCfg = RelWithDebInfo|x64
		{D7194D44-BE42-478C-BBB9-2FFB333CDF23}.RelWithDebInfo|x64.Build.0 = RelWithDebInfo|x64
		{A6765558-A353-445E-9B79-1997C9E6B7AE}.Debug|x64.ActiveCfg = Debug|x64
		{A6765558-A353-445E-9B79-1997C9E6B7AE}.Debug|x64.Build.0 = Debug|x64
		{A6765558-A353-445E-9B79-1997C9E6B7AE}.Release|x64.ActiveCfg = Release|x64
		{A6765558-A353-445E-9B79-1997C9E6B7AE}.Release|x64.Build.0 = Release|x64
		{A6765558-A353-445E-9B79-1997C9E6B7AE}.MinSizeRel|x64.ActiveCfg = MinSizeRel|x64
		{A6765558-A353-445E-9B79-1997C9E6B7AE}.MinSizeRel|x64.Build.0 = MinSizeRel|x64
		{A6765558-A353-445E-9B79-1997C9E6B7AE}.RelWithDebInfo|x64.ActiveCfg = RelWithDebInfo|x64
		{A6765558-A353-445E-9B79-1997C9E6B7AE}.RelWithDebInfo|x64.Build.0 = RelWithDebInfo|x64
		{CFE57AC9-8ACB-40E4-8F8D-62DEF7DC39F1}.Debug|x64.ActiveCfg = Debug|x64
		{CFE57AC9-8ACB-40E4-8F8D-62DEF7DC39F1}.Debug|x64.Build.0 = Debug|x64
		{CFE57AC9-8ACB-40E4-8F8D-62DEF7DC39F1}.Release|x64.ActiveCfg = Release|x64
		{CFE57AC9-8ACB-40E4-8F8D-62DEF7DC39F1}.Release|x64.Build.0 = Release|x64
		{CFE57AC9-8ACB-40E4-8F8D-62DEF7DC39F1}.MinSizeRel|x64.ActiveCfg = MinSizeRel|x64
		{CFE57AC9-8ACB-40E4-8F8D-62DEF7DC39F1}.MinSizeRel|x64.Build.0 = MinSizeRel|x64
		{CFE57AC9-8ACB-40E4-8F8D-62DEF7DC39F1}.RelWithDebInfo|x64.ActiveCfg = RelWithDebInfo|x64
		{CFE57AC9-8ACB-40E4-8F8D-62DEF7DC39F1}.RelWithDebInfo|x64.Build.0 = RelWithDebInfo|x64
		{70CC0AD7-E81B-4246-8A0E-76C0A52E9A4D}.Debug|x64.ActiveCfg = Debug|x64
		{70CC0AD7-E81B-4246-8A0E-76C0A52E9A4D}.Debug|x64.Build.0 = Debug|x64
		{70CC0AD7-E81B-4246-8A0E-76C0A52E9A4D}.Release|x64.ActiveCfg = Release|x64
		{70CC0AD7-E81B-4246-8A0E-76C0A52E9A4D}.Release|x64.Build.0 = Release|x64
		{70CC0AD7-E81B-4246-8A0E-76C0A52E9A4D}.MinSizeRel|x64.ActiveCfg = MinSizeRel|x64
		{70CC0AD7-E81B-4246-8A0E-76C0A52E9A4D}.MinSizeRel|x64.Build.0 = MinSizeRel|x64
		{70CC0AD7-E81B-4246-8A0E-76C0A52E9A4D}.RelWithDebInfo|x64.ActiveCfg = RelWithDebInfo|x64
		{70CC0AD7-E81B-4246-8A0E-76C0A52E9A4D}.RelWithDebInfo|x64.Build.0 = RelWithDebInfo|x64
		{FAFFDCE1-9D8A-4339-8E9D-C34807A0E0ED}.Debug|x64.ActiveCfg = Debug|x64
		{FAFFDCE1-9D8A-4339-8E9D-C34807A0E0ED}.Debug|x64.Build.0 = Debug|x64
		{FAFFDCE1-9D8A-4339-8E9D-C34807A0E0ED}.Release|x64.ActiveCfg = Release|x64
		{FAFFDCE1-9D8A-4339-8E9D-C34807A0E0ED}.Release|x64.Build.0 = Release|x64
		{FAFFDCE1-9D8A-4339-8E9D-C34807A0E0ED}.MinSizeRel|x64.ActiveCfg = MinSizeRel|x64
		{FAFFDCE1-9D8A-4339-8E9D-C34807A0E0ED}.MinSizeRel|x64.Build.0 = MinSizeRel|x64
		{FAFFDCE1-9D8A-4339-8E9D-C34807A0E0ED}.RelWithDebInfo|x64.ActiveCfg = RelWithDebInfo|x64
		{FAFFDCE1-9D8A-4339-8E9D-C34807A0E0ED}.RelWithDebInfo|x64.Build.0 = RelWithDebInfo|x64
		{303242A3-7A59-4E2D-AFBC-58683A555D78}.Debug|x64.ActiveCfg = Debug|x64
		{303242A3-7A59-4E2D-AFBC-58683A555D78}.Debug|x64.Build.0 = Debug|x64
		{303242A3-7A59-4E2D-AFBC-58683A555D78}.Release|x64.ActiveCfg = Release|x64
		{303242A3-7A59-4E2D-AFBC-58683A555D78}.Release|x64.Build.0 = Release|x64
		{303242A3-7A59-4E2D-AFBC-58683A555D78}.MinSizeRel|x64.ActiveCfg = MinSizeRel|x64
		{303242A3-7A59-4E2D-AFBC-58683A555D78}.MinSizeRel|x64.Build.0 = MinSizeRel|x64
		{303242A3-7A59-4E2D-AFBC-58683A555D78}.RelWithDebInfo|x64.ActiveCfg = RelWithDebInfo|x64
		{303242A3-7A59-4E2D-AFBC-58683A555D78}.RelWithDebInfo|x64.Build.0 = RelWithDebInfo|x64
		{E8C78732-953C-4C06-86D3-B92D430727C3}.Debug|x64.ActiveCfg = Debug|x64
		{E8C78732-953C-4C06-86D3-B92D430727C3}.Debug|x64.Build.0 = Debug|x64
		{E8C78732-953C-4C06-86D3-B92D430727C3}.Release|x64.ActiveCfg = Release|x64
		{E8C78732-953C-4C06-86D3-B92D430727C3}.Release|x64.Build.0 = Release|x64
		{E8C78732-953C-4C06-86D3-B92D430727C3}.MinSizeRel|x64.ActiveCfg = MinSizeRel|x64
		{E8C78732-953C-4C06-86D3-B92D430727C3}.MinSizeRel|x64.Build.0 = MinSizeRel|x64
		{E8C78732-953C-4C06-86D3-B92D430727C3}.RelWithDebInfo|x64.ActiveCfg = RelWithDebInfo|x64
		{E8C78732-953C-4C06-86D3-B92D430727C3}.RelWithDebInfo|x64.Build.0 = RelWithDebInfo|x64
		{23B2D937-5983-44B3-B350-5133808202CF}.Debug|x64.ActiveCfg = Debug|x64
		{23B2D937-5983-44B3-B350-5133808202CF}.Debug|x64.Build.0 = Debug|x64
		{23B2D937-5983-44B3-B350-5133808202CF}.Release|x64.ActiveCfg = Release|x64
		{23B2D937-5983-44B3-B350-5133808202CF}.Release|x64.Build.0 = Release|x64
		{23B2D937-5983-44B3-B350-5133808202CF}.MinSizeRel|x64.ActiveCfg = MinSizeRel|x64
		{23B2D937-5983-44B3-B350-5133808202CF}.MinSizeRel|x64.Build.0 = MinSizeRel|x64
		{23B2D937-5983-44B3-B350-5133808202CF}.RelWithDebInfo|x64.ActiveCfg = RelWithDebInfo|x64
		{23B2D937-5983-44B3-B350-5133808202CF}.RelWithDebInfo|x64.Build.0 = RelWithDebInfo|x64
		{AFF70E74-9E97-4D01-AABF-65C484DA9127}.Debug|x64.ActiveCfg = Debug|x64
		{AFF70E74-9E97-4D01-AABF-65C484DA9127}.Debug|x64.Build.0 = Debug|x64
		{AFF70E74-9E97-4D01-AABF-65C484DA9127}.Release|x64.ActiveCfg = Release|x64
		{AFF70E74-9E97-4D01-AABF-65C484DA9127}.Release|x64.Build.0 = Release|x64
		{AFF70E74-9E97-4D01-AABF-65C484DA9127}.MinSizeRel|x64.ActiveCfg = MinSizeRel|x64
		{AFF70E74-9E97-4D01-AABF-65C484DA9127}.MinSizeRel|x64.Build.0 = MinSizeRel|x64
		{AFF70E74-9E97-4D01-AABF-65C484DA9127}.RelWithDebInfo|x64.ActiveCfg = RelWithDebInfo|x64
		{AFF70E74-9E97-4D01-AABF-65C484DA9127}.RelWithDebInfo|x64.Build.0 = RelWithDebInfo|x64
		{F7EF8A00-D88B-4234-A3AA-46893106C89D}.Debug|x64.ActiveCfg = Debug|x64
		{F7EF8A00-D88B-4234-A3AA-46893106C89D}.Debug|x64.Build.0 = Debug|x64
		{F7EF8A00-D88B-4234-A3AA-46893106C89D}.Release|x64.ActiveCfg = Release|x64
		{F7EF8A00-D88B-4234-A3AA-46893106C89D}.Release|x64.Build.0 = Release|x64
		{F7EF8A00-D88B-4234-A3AA-46893106C89D}.MinSizeRel|x64.ActiveCfg = MinSizeRel|x64
		{F7EF8A00-D88B-4234-A3AA-46893106C89D}.MinSizeRel|x64.Build.0 = MinSizeRel|x64
		{F7EF8A00-D88B-4234-A3AA-46893106C89D}.RelWithDebInfo|x64.ActiveCfg = RelWithDebInfo|x64
		{F7EF8A00-D88B-4234-A3AA-46893106C89D}.RelWithDebInfo|x64.Build.0 = RelWithDebInfo|x64
		{5F53040B-5EF1-4D9A-8F3A-7D8137EC9A6F}.Debug|x64.ActiveCfg = Debug|x64
		{5F53040B-5EF1-4D9A-8F3A-7D8137EC9A6F}.Debug|x64.Build.0 = Debug|x64
		{5F53040B-5EF1-4D9A-8F3A-7D8137EC9A6F}.Release|x64.ActiveCfg = Release|x64
		{5F53040B-5EF1-4D9A-8F3A-7D8137EC9A6F}.Release|x64.Build.0 = Release|x64
		{5F53040B-5EF1-4D9A-8F3A-7D8137EC9A6F}.MinSizeRel|x64.ActiveCfg = MinSizeRel|x64
		{5F53040B-5EF1-4D9A-8F3A-7D8137EC9A6F}.MinSizeRel|x64.Build.0 = MinSizeRel|x64
		{5F53040B-5EF1-4D9A-8F3A-7D8137EC9A6F}.RelWithDebInfo|x64.ActiveCfg = RelWithDebInfo|x64
		{5F53040B-5EF1-4D9A-8F3A-7D8137EC9A6F}.RelWithDebInfo|x64.Build.0 = RelWithDebInfo|x64
		{8CCADDF8-EB11-4AC4-8AEF-011613CD4A7A}.Debug|x64.ActiveCfg = Debug|x64
		{8CCADDF8-EB11-4AC4-8AEF-011613CD4A7A}.Debug|x64.Build.0 = Debug|x64
		{8CCADDF8-EB11-4AC4-8AEF-011613CD4A7A}.Release|x64.ActiveCfg = Release|x64
		{8CCADDF8-EB11-4AC4-8AEF-011613CD4A7A}.Release|x64.Build.0 = Release|x64
		{8CCADDF8-EB11-4AC4-8AEF-011613CD4A7A}.MinSizeRel|x64.ActiveCfg = MinSizeRel|x64
		{8CCADDF8-EB11-4AC4-8AEF-011613CD4A7A}.MinSizeRel|x64.Build.0 = MinSizeRel|x64
		{8CCADDF8-EB11-4AC4-8AEF-011613CD4A7A}.RelWithDebInfo|x64.ActiveCfg = RelWithDebInfo|x64
		{8CCADDF8-EB11-4AC4-8AEF-011613CD4A7A}.RelWithDebInfo|x64.Build.0 = RelWithDebInfo|x64
		{BB482C95-8D87-460D-84F0-5DB51ECC6CFD}.Debug|x64.ActiveCfg = Debug|x64
		{BB482C95-8D87-460D-84F0-5DB51ECC6CFD}.Debug|x64.Build.0 = Debug|x64
		{BB482C95-8D87-460D-84F0-5DB51ECC6CFD}.Release|x64.ActiveCfg = Release|x64
		{BB482C95-8D87-460D-84F0-5DB51ECC6CFD}.Release|x64.Build.0 = Release|x64
		{BB482C95-8D87-460D-84F0-5DB51ECC6CFD}.MinSizeRel|x64.ActiveCfg = MinSizeRel|x64
		{BB482C95-8D87-460D-84F0-5DB51ECC6CFD}.MinSizeRel|x64.Build.0 = MinSizeRel|x64
		{BB482C95-8D87-460D-84F0-5DB51ECC6CFD}.RelWithDebInfo|x64.ActiveCfg = RelWithDebInfo|x64
		{BB482C95-8D87-460D-84F0-5DB51ECC6CFD}.RelWithDebInfo|x64.Build.0 = RelWithDebInfo|x64
		{16965F4E-FC79-441E-8BDC-8E5D3A17D160}.Debug|x64.ActiveCfg = Debug|x64
		{16965F4E-FC79-441E-8BDC-8E5D3A17D160}.Debug|x64.Build.0 = Debug|x64
		{16965F4E-FC79-441E-8BDC-8E5D3A17D160}.Release|x64.ActiveCfg = Release|x64
		{16965F4E-FC79-441E-8BDC-8E5D3A17D160}.Release|x64.Build.0 = Release|x64
		{16965F4E-FC79-441E-8BDC-8E5D3A17D160}.MinSizeRel|x64.ActiveCfg = MinSizeRel|x64
		{16965F4E-FC79-441E-8BDC-8E5D3A17D160}.MinSizeRel|x64.Build.0 = MinSizeRel|x64
		{16965F4E-FC79-441E-8BDC-8E5D3A17D160}.RelWithDebInfo|x64.ActiveCfg = RelWithDebInfo|x64
		{16965F4E-FC79-441E-8BDC-8E5D3A17D160}.RelWithDebInfo|x64.Build.0 = RelWithDebInfo|x64
		{3CA3ED72-C687-47A0-AD14-272C5AB9EECF}.Debug|x64.ActiveCfg = Debug|x64
		{3CA3ED72-C687-47A0-AD14-272C5AB9EECF}.Debug|x64.Build.0 = Debug|x64
		{3CA3ED72-C687-47A0-AD14-272C5AB9EECF}.Release|x64.ActiveCfg = Release|x64
		{3CA3ED72-C687-47A0-AD14-272C5AB9EECF}.Release|x64.Build.0 = Release|x64
		{3CA3ED72-C687-47A0-AD14-272C5AB9EECF}.MinSizeRel|x64.ActiveCfg = MinSizeRel|x64
		{3CA3ED72-C687-47A0-AD14-272C5AB9EECF}.MinSizeRel|x64.Build.0 = MinSizeRel|x64
		{3CA3ED72-C687-47A0-AD14-272C5AB9EECF}.RelWithDebInfo|x64.ActiveCfg = RelWithDebInfo|x64
		{3CA3ED72-C687-47A0-AD14-272C5AB9EECF}.RelWithDebInfo|x64.Build.0 = RelWithDebInfo|x64
		{3EDF5669-E9C2-429B-859C-5705C86522A8}.Debug|x64.ActiveCfg = Debug|x64
		{3EDF5669-E9C2-429B-859C-5705C86522A8}.Debug|x64.Build.0 = Debug|x64
		{3EDF5669-E9C2-429B-859C-5705C86522A8}.Release|x64.ActiveCfg = Release|x64
		{3EDF5669-E9C2-429B-859C-5705C86522A8}.Release|x64.Build.0 = Release|x64
		{3EDF5669-E9C2-429B-859C-5705C86522A8}.MinSizeRel|x64.ActiveCfg = MinSizeRel|x64
		{3EDF5669-E9C2-429B-859C-5705C86522A8}.MinSizeRel|x64.Build.0 = MinSizeRel|x64
		{3EDF5669-E9C2-429B-859C-5705C86522A8}.RelWithDebInfo|x64.ActiveCfg = RelWithDebInfo|x64
		{3EDF5669-E9C2-429B-859C-5705C86522A8}.RelWithDebInfo|x64.Build.0 = RelWithDebInfo|x64
		{AF4AC567-7FC1-4193-B42B-D5F745522F0F}.Debug|x64.ActiveCfg = Debug|x64
		{AF4AC567-7FC1-4193-B42B-D5F745522F0F}.Debug|x64.Build.0 = Debug|x64
		{AF4AC567-7FC1-4193-B42B-D5F745522F0F}.Release|x64.ActiveCfg = Release|x64
		{AF4AC567-7FC1-4193-B42B-D5F745522F0F}.Release|x64.Build.0 = Release|x64
		{AF4AC567-7FC1-4193-B42B-D5F745522F0F}.MinSizeRel|x64.ActiveCfg = MinSizeRel|x64
		{AF4AC567-7FC1-4193-B42B-D5F745522F0F}.MinSizeRel|x64.Build.0 = MinSizeRel|x64
		{AF4AC567-7FC1-4193-B42B-D5F745522F0F}.RelWithDebInfo|x64.ActiveCfg = RelWithDebInfo|x64
		{AF4AC567-7FC1-4193-B42B-D5F745522F0F}.RelWithDebInfo|x64.Build.0 = RelWithDebInfo|x64
		{8E8E9EA4-3908-46DA-88B2-3726CC81FEBB}.Debug|x64.ActiveCfg = Debug|x64
		{8E8E9EA4-3908-46DA-88B2-3726CC81FEBB}.Debug|x64.Build.0 = Debug|x64
		{8E8E9EA4-3908-46DA-88B2-3726CC81FEBB}.Release|x64.ActiveCfg = Release|x64
		{8E8E9EA4-3908-46DA-88B2-3726CC81FEBB}.Release|x64.Build.0 = Release|x64
		{8E8E9EA4-3908-46DA-88B2-3726CC81FEBB}.MinSizeRel|x64.ActiveCfg = MinSizeRel|x64
		{8E8E9EA4-3908-46DA-88B2-3726CC81FEBB}.MinSizeRel|x64.Build.0 = MinSizeRel|x64
		{8E8E9EA4-3908-46DA-88B2-3726CC81FEBB}.RelWithDebInfo|x64.ActiveCfg = RelWithDebInfo|x64
		{8E8E9EA4-3908-46DA-88B2-3726CC81FEBB}.RelWithDebInfo|x64.Build.0 = RelWithDebInfo|x64
		{280BB482-1969-421F-B6D5-C4DE027ACEF8}.Debug|x64.ActiveCfg = Debug|x64
		{280BB482-1969-421F-B6D5-C4DE027ACEF8}.Debug|x64.Build.0 = Debug|x64
		{280BB482-1969-421F-B6D5-C4DE027ACEF8}.Release|x64.ActiveCfg = Release|x64
		{280BB482-1969-421F-B6D5-C4DE027ACEF8}.Release|x64.Build.0 = Release|x64
		{280BB482-1969-421F-B6D5-C4DE027ACEF8}.MinSizeRel|x64.ActiveCfg = MinSizeRel|x64
		{280BB482-1969-421F-B6D5-C4DE027ACEF8}.MinSizeRel|x64.Build.0 = MinSizeRel|x64
		{280BB482-1969-421F-B6D5-C4DE027ACEF8}.RelWithDebInfo|x64.ActiveCfg = RelWithDebInfo|x64
		{280BB482-1969-421F-B6D5-C4DE027ACEF8}.RelWithDebInfo|x64.Build.0 = RelWithDebInfo|x64
		{BC38454E-2D01-4D8E-9779-BB33B50D9CE9}.Debug|x64.ActiveCfg = Debug|x64
		{BC38454E-2D01-4D8E-9779-BB33B50D9CE9}.Debug|x64.Build.0 = Debug|x64
		{BC38454E-2D01-4D8E-9779-BB33B50D9CE9}.Release|x64.ActiveCfg = Release|x64
		{BC38454E-2D01-4D8E-9779-BB33B50D9CE9}.Release|x64.Build.0 = Release|x64
		{BC38454E-2D01-4D8E-9779-BB33B50D9CE9}.MinSizeRel|x64.ActiveCfg = MinSizeRel|x64
		{BC38454E-2D01-4D8E-9779-BB33B50D9CE9}.MinSizeRel|x64.Build.0 = MinSizeRel|x64
		{BC38454E-2D01-4D8E-9779-BB33B50D9CE9}.RelWithDebInfo|x64.ActiveCfg = RelWithDebInfo|x64
		{BC38454E-2D01-4D8E-9779-BB33B50D9CE9}.RelWithDebInfo|x64.Build.0 = RelWithDebInfo|x64
		{1E104731-4186-49F5-9511-71620A8C8FC1}.Debug|x64.ActiveCfg = Debug|x64
		{1E104731-4186-49F5-9511-71620A8C8FC1}.Debug|x64.Build.0 = Debug|x64
		{1E104731-4186-49F5-9511-71620A8C8FC1}.Release|x64.ActiveCfg = Release|x64
		{1E104731-4186-49F5-9511-71620A8C8FC1}.Release|x64.Build.0 = Release|x64
		{1E104731-4186-49F5-9511-71620A8C8FC1}.MinSizeRel|x64.ActiveCfg = MinSizeRel|x64
		{1E104731-4186-49F5-9511-71620A8C8FC1}.MinSizeRel|x64.Build.0 = MinSizeRel|x64
		{1E104731-4186-49F5-9511-71620A8C8FC1}.RelWithDebInfo|x64.ActiveCfg = RelWithDebInfo|x64
		{1E104731-4186-49F5-9511-71620A8C8FC1}.RelWithDebInfo|x64.Build.0 = RelWithDebInfo|x64
		{4CDAF877-CE33-4FF4-A368-12F7B610C7C2}.Debug|x64.ActiveCfg = Debug|x64
		{4CDAF877-CE33-4FF4-A368-12F7B610C7C2}.Debug|x64.Build.0 = Debug|x64
		{4CDAF877-CE33-4FF4-A368-12F7B610C7C2}.Release|x64.ActiveCfg = Release|x64
		{4CDAF877-CE33-4FF4-A368-12F7B610C7C2}.Release|x64.Build.0 = Release|x64
		{4CDAF877-CE33-4FF4-A368-12F7B610C7C2}.MinSizeRel|x64.ActiveCfg = MinSizeRel|x64
		{4CDAF877-CE33-4FF4-A368-12F7B610C7C2}.MinSizeRel|x64.Build.0 = MinSizeRel|x64
		{4CDAF877-CE33-4FF4-A368-12F7B610C7C2}.RelWithDebInfo|x64.ActiveCfg = RelWithDebInfo|x64
		{4CDAF877-CE33-4FF4-A368-12F7B610C7C2}.RelWithDebInfo|x64.Build.0 = RelWithDebInfo|x64
		{412CAD29-5549-4101-BED7-FE7425F7E7E8}.Debug|x64.ActiveCfg = Debug|x64
		{412CAD29-5549-4101-BED7-FE7425F7E7E8}.Debug|x64.Build.0 = Debug|x64
		{412CAD29-5549-4101-BED7-FE7425F7E7E8}.Release|x64.ActiveCfg = Release|x64
		{412CAD29-5549-4101-BED7-FE7425F7E7E8}.Release|x64.Build.0 = Release|x64
		{412CAD29-5549-4101-BED7-FE7425F7E7E8}.MinSizeRel|x64.ActiveCfg = MinSizeRel|x64
		{412CAD29-5549-4101-BED7-FE7425F7E7E8}.MinSizeRel|x64.Build.0 = MinSizeRel|x64
		{412CAD29-5549-4101-BED7-FE7425F7E7E8}.RelWithDebInfo|x64.ActiveCfg = RelWithDebInfo|x64
		{412CAD29-5549-4101-BED7-FE7425F7E7E8}.RelWithDebInfo|x64.Build.0 = RelWithDebInfo|x64
		{6ACF12D5-380D-4EF7-9CB2-6F1E8BC22A97}.Debug|x64.ActiveCfg = Debug|x64
		{6ACF12D5-380D-4EF7-9CB2-6F1E8BC22A97}.Debug|x64.Build.0 = Debug|x64
		{6ACF12D5-380D-4EF7-9CB2-6F1E8BC22A97}.Release|x64.ActiveCfg = Release|x64
		{6ACF12D5-380D-4EF7-9CB2-6F1E8BC22A97}.Release|x64.Build.0 = Release|x64
		{6ACF12D5-380D-4EF7-9CB2-6F1E8BC22A97}.MinSizeRel|x64.ActiveCfg = MinSizeRel|x64
		{6ACF12D5-380D-4EF7-9CB2-6F1E8BC22A97}.MinSizeRel|x64.Build.0 = MinSizeRel|x64
		{6ACF12D5-380D-4EF7-9CB2-6F1E8BC22A97}.RelWithDebInfo|x64.ActiveCfg = RelWithDebInfo|x64
		{6ACF12D5-380D-4EF7-9CB2-6F1E8BC22A97}.RelWithDebInfo|x64.Build.0 = RelWithDebInfo|x64
		{187E745B-A432-46CC-9260-712BC32F5093}.Debug|x64.ActiveCfg = Debug|x64
		{187E745B-A432-46CC-9260-712BC32F5093}.Debug|x64.Build.0 = Debug|x64
		{187E745B-A432-46CC-9260-712BC32F5093}.Release|x64.ActiveCfg = Release|x64
		{187E745B-A432-46CC-9260-712BC32F5093}.Release|x64.Build.0 = Release|x64
		{187E745B-A432-46CC-9260-712BC32F5093}.MinSizeRel|x64.ActiveCfg = MinSizeRel|x64
		{187E745B-A432-46CC-9260-712BC32F5093}.MinSizeRel|x64.Build.0 = MinSizeRel|x64
		{187E745B-A432-46CC-9260-712BC32F5093}.RelWithDebInfo|x64.ActiveCfg = RelWithDebInfo|x64
		{187E745B-A432-46CC-9260-712BC32F5093}.RelWithDebInfo|x64.Build.0 = RelWithDebInfo|x64
		{4F719CF6-ADDA-4A31-80EB-8EC70A978A98}.Debug|x64.ActiveCfg = Debug|x64
		{4F719CF6-ADDA-4A31-80EB-8EC70A978A98}.Debug|x64.Build.0 = Debug|x64
		{4F719CF6-ADDA-4A31-80EB-8EC70A978A98}.Release|x64.ActiveCfg = Release|x64
		{4F719CF6-ADDA-4A31-80EB-8EC70A978A98}.Release|x64.Build.0 = Release|x64
		{4F719CF6-ADDA-4A31-80EB-8EC70A978A98}.MinSizeRel|x64.ActiveCfg = MinSizeRel|x64
		{4F719CF6-ADDA-4A31-80EB-8EC70A978A98}.MinSizeRel|x64.Build.0 = MinSizeRel|x64
		{4F719CF6-ADDA-4A31-80EB-8EC70A978A98}.RelWithDebInfo|x64.ActiveCfg = RelWithDebInfo|x64
		{4F719CF6-ADDA-4A31-80EB-8EC70A978A98}.RelWithDebInfo|x64.Build.0 = RelWithDebInfo|x64
		{C810219F-F5C6-4DBA-B317-BA11034A94D3}.Debug|x64.ActiveCfg = Debug|x64
		{C810219F-F5C6-4DBA-B317-BA11034A94D3}.Debug|x64.Build.0 = Debug|x64
		{C810219F-F5C6-4DBA-B317-BA11034A94D3}.Release|x64.ActiveCfg = Release|x64
		{C810219F-F5C6-4DBA-B317-BA11034A94D3}.Release|x64.Build.0 = Release|x64
		{C810219F-F5C6-4DBA-B317-BA11034A94D3}.MinSizeRel|x64.ActiveCfg = MinSizeRel|x64
		{C810219F-F5C6-4DBA-B317-BA11034A94D3}.MinSizeRel|x64.Build.0 = MinSizeRel|x64
		{C810219F-F5C6-4DBA-B317-BA11034A94D3}.RelWithDebInfo|x64.ActiveCfg = RelWithDebInfo|x64
		{C810219F-F5C6-4DBA-B317-BA11034A94D3}.RelWithDebInfo|x64.Build.0 = RelWithDebInfo|x64
		{10C2A3D4-B8F7-487B-8BE0-A5BBDCF70E8B}.Debug|x64.ActiveCfg = Debug|x64
		{10C2A3D4-B8F7-487B-8BE0-A5BBDCF70E8B}.Debug|x64.Build.0 = Debug|x64
		{10C2A3D4-B8F7-487B-8BE0-A5BBDCF70E8B}.Release|x64.ActiveCfg = Release|x64
		{10C2A3D4-B8F7-487B-8BE0-A5BBDCF70E8B}.Release|x64.Build.0 = Release|x64
		{10C2A3D4-B8F7-487B-8BE0-A5BBDCF70E8B}.MinSizeRel|x64.ActiveCfg = MinSizeRel|x64
		{10C2A3D4-B8F7-487B-8BE0-A5BBDCF70E8B}.MinSizeRel|x64.Build.0 = MinSizeRel|x64
		{10C2A3D4-B8F7-487B-8BE0-A5BBDCF70E8B}.RelWithDebInfo|x64.ActiveCfg = RelWithDebInfo|x64
		{10C2A3D4-B8F7-487B-8BE0-A5BBDCF70E8B}.RelWithDebInfo|x64.Build.0 = RelWithDebInfo|x64
		{9207BE41-355B-4813-9AF0-18B8AB8CDCA3}.Debug|x64.ActiveCfg = Debug|x64
		{9207BE41-355B-4813-9AF0-18B8AB8CDCA3}.Debug|x64.Build.0 = Debug|x64
		{9207BE41-355B-4813-9AF0-18B8AB8CDCA3}.Release|x64.ActiveCfg = Release|x64
		{9207BE41-355B-4813-9AF0-18B8AB8CDCA3}.Release|x64.Build.0 = Release|x64
		{9207BE41-355B-4813-9AF0-18B8AB8CDCA3}.MinSizeRel|x64.ActiveCfg = MinSizeRel|x64
		{9207BE41-355B-4813-9AF0-18B8AB8CDCA3}.MinSizeRel|x64.Build.0 = MinSizeRel|x64
		{9207BE41-355B-4813-9AF0-18B8AB8CDCA3}.RelWithDebInfo|x64.ActiveCfg = RelWithDebInfo|x64
		{9207BE41-355B-4813-9AF0-18B8AB8CDCA3}.RelWithDebInfo|x64.Build.0 = RelWithDebInfo|x64
		{5D5CD073-C26F-4626-9308-69E0DB53251D}.Debug|x64.ActiveCfg = Debug|x64
		{5D5CD073-C26F-4626-9308-69E0DB53251D}.Debug|x64.Build.0 = Debug|x64
		{5D5CD073-C26F-4626-9308-69E0DB53251D}.Release|x64.ActiveCfg = Release|x64
		{5D5CD073-C26F-4626-9308-69E0DB53251D}.Release|x64.Build.0 = Release|x64
		{5D5CD073-C26F-4626-9308-69E0DB53251D}.MinSizeRel|x64.ActiveCfg = MinSizeRel|x64
		{5D5CD073-C26F-4626-9308-69E0DB53251D}.MinSizeRel|x64.Build.0 = MinSizeRel|x64
		{5D5CD073-C26F-4626-9308-69E0DB53251D}.RelWithDebInfo|x64.ActiveCfg = RelWithDebInfo|x64
		{5D5CD073-C26F-4626-9308-69E0DB53251D}.RelWithDebInfo|x64.Build.0 = RelWithDebInfo|x64
	EndGlobalSection
	GlobalSection(NestedProjects) = preSolution
		{E0EA0AF8-8B4B-45C6-89B9-41C975D90429} = {1B0FAD49-FC38-4653-B203-A83AA02FE1B0}
		{0C6873BB-80BF-47FE-AA76-C9E19AD3EB56} = {1B0FAD49-FC38-4653-B203-A83AA02FE1B0}
		{E02F5BDF-46E4-4D70-A5B1-2B19311EE546} = {1B0FAD49-FC38-4653-B203-A83AA02FE1B0}
		{C5E5FC0A-43CB-4559-A57F-4CF78ACD3351} = {1B0FAD49-FC38-4653-B203-A83AA02FE1B0}
		{829B5862-6BF0-4B53-8B5A-A36AD6FAA067} = {9FF5E9E2-F8A6-4874-AE09-44043C310E14}
		{2865AB7B-AAB9-47CF-9258-B3671CB33645} = {9FF5E9E2-F8A6-4874-AE09-44043C310E14}
		{12C40EF8-D73F-4A66-8024-EDF5220AE69A} = {9FF5E9E2-F8A6-4874-AE09-44043C310E14}
		{F216B0C8-2EC4-49D7-A8B6-72DF79C8A63E} = {9FF5E9E2-F8A6-4874-AE09-44043C310E14}
		{BF7051EC-A436-430E-8444-BA5C32893BAA} = {9FF5E9E2-F8A6-4874-AE09-44043C310E14}
		{0DBD1B31-A41E-4E52-83AA-86A5C91ED501} = {9FF5E9E2-F8A6-4874-AE09-44043C310E14}
		{4D880664-5498-41B8-87E3-B6782DEEBD64} = {9FF5E9E2-F8A6-4874-AE09-44043C310E14}
		{0550D176-8459-4BE1-95CF-C7727BBE1718} = {9FF5E9E2-F8A6-4874-AE09-44043C310E14}
		{3D162677-0A69-42B7-9F5B-9F9AF5003280} = {9FF5E9E2-F8A6-4874-AE09-44043C310E14}
		{476CF630-67FF-4B4C-9534-F75559D2D7F8} = {9FF5E9E2-F8A6-4874-AE09-44043C310E14}
		{C8651F27-4950-41A0-8E14-20C94E15AC9E} = {9FF5E9E2-F8A6-4874-AE09-44043C310E14}
		{A44C2267-99AE-4537-AB95-716DFE302574} = {9FF5E9E2-F8A6-4874-AE09-44043C310E14}
		{C900BDFA-3A45-42F9-BEAC-569CA700E89B} = {9FF5E9E2-F8A6-4874-AE09-44043C310E14}
		{E5BED411-A8E6-4F9C-9263-2587DCE70772} = {9FF5E9E2-F8A6-4874-AE09-44043C310E14}
		{545A1BDD-7828-4F51-B6BC-B67F54B1D785} = {9FF5E9E2-F8A6-4874-AE09-44043C310E14}
		{DC1D81E2-DCD2-4F01-A0A0-86E66B4C3B31} = {9FF5E9E2-F8A6-4874-AE09-44043C310E14}
		{4CCC05AB-11CA-4850-96F4-5611349A0AEA} = {9FF5E9E2-F8A6-4874-AE09-44043C310E14}
		{53573543-8DDF-4C53-8D20-A0B029D7A25B} = {9FF5E9E2-F8A6-4874-AE09-44043C310E14}
		{11627A83-E44D-47DC-8AA8-D05136148022} = {9FF5E9E2-F8A6-4874-AE09-44043C310E14}
		{61DB3BF6-76BD-4292-9751-CA2638EB8D52} = {9FF5E9E2-F8A6-4874-AE09-44043C310E14}
		{D7194D44-BE42-478C-BBB9-2FFB333CDF23} = {9FF5E9E2-F8A6-4874-AE09-44043C310E14}
		{A6765558-A353-445E-9B79-1997C9E6B7AE} = {9FF5E9E2-F8A6-4874-AE09-44043C310E14}
		{CFE57AC9-8ACB-40E4-8F8D-62DEF7DC39F1} = {9FF5E9E2-F8A6-4874-AE09-44043C310E14}
		{70CC0AD7-E81B-4246-8A0E-76C0A52E9A4D} = {9FF5E9E2-F8A6-4874-AE09-44043C310E14}
		{FAFFDCE1-9D8A-4339-8E9D-C34807A0E0ED} = {9FF5E9E2-F8A6-4874-AE09-44043C310E14}
		{303242A3-7A59-4E2D-AFBC-58683A555D78} = {9FF5E9E2-F8A6-4874-AE09-44043C310E14}
		{E8C78732-953C-4C06-86D3-B92D430727C3} = {9FF5E9E2-F8A6-4874-AE09-44043C310E14}
		{23B2D937-5983-44B3-B350-5133808202CF} = {9FF5E9E2-F8A6-4874-AE09-44043C310E14}
		{AFF70E74-9E97-4D01-AABF-65C484DA9127} = {9FF5E9E2-F8A6-4874-AE09-44043C310E14}
		{F7EF8A00-D88B-4234-A3AA-46893106C89D} = {9FF5E9E2-F8A6-4874-AE09-44043C310E14}
		{5F53040B-5EF1-4D9A-8F3A-7D8137EC9A6F} = {9FF5E9E2-F8A6-4874-AE09-44043C310E14}
		{8CCADDF8-EB11-4AC4-8AEF-011613CD4A7A} = {9FF5E9E2-F8A6-4874-AE09-44043C310E14}
		{BB482C95-8D87-460D-84F0-5DB51ECC6CFD} = {9FF5E9E2-F8A6-4874-AE09-44043C310E14}
		{16965F4E-FC79-441E-8BDC-8E5D3A17D160} = {9FF5E9E2-F8A6-4874-AE09-44043C310E14}
		{3CA3ED72-C687-47A0-AD14-272C5AB9EECF} = {9FF5E9E2-F8A6-4874-AE09-44043C310E14}
		{3EDF5669-E9C2-429B-859C-5705C86522A8} = {9FF5E9E2-F8A6-4874-AE09-44043C310E14}
		{AF4AC567-7FC1-4193-B42B-D5F745522F0F} = {9FF5E9E2-F8A6-4874-AE09-44043C310E14}
		{8E8E9EA4-3908-46DA-88B2-3726CC81FEBB} = {9FF5E9E2-F8A6-4874-AE09-44043C310E14}
		{280BB482-1969-421F-B6D5-C4DE027ACEF8} = {9FF5E9E2-F8A6-4874-AE09-44043C310E14}
		{BC38454E-2D01-4D8E-9779-BB33B50D9CE9} = {9FF5E9E2-F8A6-4874-AE09-44043C310E14}
		{1E104731-4186-49F5-9511-71620A8C8FC1} = {9FF5E9E2-F8A6-4874-AE09-44043C310E14}
		{4CDAF877-CE33-4FF4-A368-12F7B610C7C2} = {9FF5E9E2-F8A6-4874-AE09-44043C310E14}
		{412CAD29-5549-4101-BED7-FE7425F7E7E8} = {9FF5E9E2-F8A6-4874-AE09-44043C310E14}
		{6ACF12D5-380D-4EF7-9CB2-6F1E8BC22A97} = {9FF5E9E2-F8A6-4874-AE09-44043C310E14}
		{187E745B-A432-46CC-9260-712BC32F5093} = {9FF5E9E2-F8A6-4874-AE09-44043C310E14}
		{4F719CF6-ADDA-4A31-80EB-8EC70A978A98} = {9FF5E9E2-F8A6-4874-AE09-44043C310E14}
		{C810219F-F5C6-4DBA-B317-BA11034A94D3} = {9FF5E9E2-F8A6-4874-AE09-44043C310E14}
		{10C2A3D4-B8F7-487B-8BE0-A5BBDCF70E8B} = {9FF5E9E2-F8A6-4874-AE09-44043C310E14}
		{9207BE41-355B-4813-9AF0-18B8AB8CDCA3} = {6CA7B6E2-D085-4162-BA99-76CF0F158EC3}
		{5D5CD073-C26F-4626-9308-69E0DB53251D} = {6CA7B6E2-D085-4162-BA99-76CF0F158EC3}
	EndGlobalSection
	GlobalSection(ExtensibilityGlobals) = postSolution
	EndGlobalSection
	GlobalSection(ExtensibilityAddIns) = postSolution
	EndGlobalSection
EndGlobal
