Microsoft Visual Studio Solution File, Format Version 12.00
# Visual Studio 2013
Project("{8BC9CEB8-8B4A-11D0-8D11-00A0C91BC942}") = "ALL_BUILD", "ALL_BUILD.vcxproj", "{A1322CBD-8A87-479E-8849-815C443E5503}"
	ProjectSection(ProjectDependencies) = postProject
		{399896FB-1C6A-4920-9314-833E3CC70345} = {399896FB-1C6A-4920-9314-833E3CC70345}
		{7CC775A9-AA49-45DE-92B8-8F2A273F82B7} = {7CC775A9-AA49-45DE-92B8-8F2A273F82B7}
		{E20DEAE4-8483-4083-8D09-BEEF750ABBFE} = {E20DEAE4-8483-4083-8D09-BEEF750ABBFE}
		{2313BA90-71EF-4409-B5BC-D4745926BB39} = {2313BA90-71EF-4409-B5BC-D4745926BB39}
		{1C6A9355-CFEE-454D-A40F-29E9F3E6A76E} = {1C6A9355-CFEE-454D-A40F-29E9F3E6A76E}
		{101E1AAB-CECC-457E-A132-AAFF9958A0CE} = {101E1AAB-CECC-457E-A132-AAFF9958A0CE}
		{CE9EDAC0-8093-4B33-BCB3-C9F314842EF3} = {CE9EDAC0-8093-4B33-BCB3-C9F314842EF3}
		{81696F2E-0E85-4233-9402-C66D2A200677} = {81696F2E-0E85-4233-9402-C66D2A200677}
		{0C2AB0E1-8742-4FCB-AC28-A804CCD933D1} = {0C2AB0E1-8742-4FCB-AC28-A804CCD933D1}
		{62FECE64-6CE6-4138-88AA-3AB2D4A70130} = {62FECE64-6CE6-4138-88AA-3AB2D4A70130}
		{99CDEF7C-909C-43F6-9F9D-92E3CA0F1533} = {99CDEF7C-909C-43F6-9F9D-92E3CA0F1533}
		{A0F8C127-DFD2-4DF7-ABB4-152145E6EB61} = {A0F8C127-DFD2-4DF7-ABB4-152145E6EB61}
		{E107D239-2D17-4051-8CAF-5DC6FC03BB75} = {E107D239-2D17-4051-8CAF-5DC6FC03BB75}
		{0FADEFB7-2647-457A-9C3F-4FCC2D9C0E5A} = {0FADEFB7-2647-457A-9C3F-4FCC2D9C0E5A}
		{9424EE11-A29B-426C-9CD0-9D34C8429E89} = {9424EE11-A29B-426C-9CD0-9D34C8429E89}
		{3F9073EB-F51E-4A7F-9212-B2F887D4F785} = {3F9073EB-F51E-4A7F-9212-B2F887D4F785}
		{1CDC5887-E111-4CD7-A3AE-A1F0021D749E} = {1CDC5887-E111-4CD7-A3AE-A1F0021D749E}
		{B3E35323-D568-404E-AECC-50734B287642} = {B3E35323-D568-404E-AECC-50734B287642}
		{180AF39F-FC19-459A-9CFF-54ACAB29CD07} = {180AF39F-FC19-459A-9CFF-54ACAB29CD07}
	EndProjectSection
EndProject
Project("{8BC9CEB8-8B4A-11D0-8D11-00A0C91BC942}") = "H5detect", "..\..\src\H5detect.vcxproj", "{37BA568E-0DAE-4011-B34C-A9EA52D55027}"
	ProjectSection(ProjectDependencies) = postProject
		{C5E5FC0A-43CB-4559-A57F-4CF78ACD3351} = {C5E5FC0A-43CB-4559-A57F-4CF78ACD3351}
	EndProjectSection
EndProject
Project("{8BC9CEB8-8B4A-11D0-8D11-00A0C91BC942}") = "H5make_libsettings", "..\..\src\H5make_libsettings.vcxproj", "{68521120-1C61-4535-B460-8E409632E767}"
	ProjectSection(ProjectDependencies) = postProject
		{C5E5FC0A-43CB-4559-A57F-4CF78ACD3351} = {C5E5FC0A-43CB-4559-A57F-4CF78ACD3351}
	EndProjectSection
EndProject
Project("{8BC9CEB8-8B4A-11D0-8D11-00A0C91BC942}") = "INSTALL", "INSTALL.vcxproj", "{E0EA0AF8-8B4B-45C6-89B9-41C975D90429}"
	ProjectSection(ProjectDependencies) = postProject
		{A1322CBD-8A87-479E-8849-815C443E5503} = {A1322CBD-8A87-479E-8849-815C443E5503}
	EndProjectSection
EndProject
Project("{8BC9CEB8-8B4A-11D0-8D11-00A0C91BC942}") = "PACKAGE", "PACKAGE.vcxproj", "{0C6873BB-80BF-47FE-AA76-C9E19AD3EB56}"
	ProjectSection(ProjectDependencies) = postProject
		{A1322CBD-8A87-479E-8849-815C443E5503} = {A1322CBD-8A87-479E-8849-815C443E5503}
	EndProjectSection
EndProject
Project("{8BC9CEB8-8B4A-11D0-8D11-00A0C91BC942}") = "RUN_TESTS", "RUN_TESTS.vcxproj", "{E02F5BDF-46E4-4D70-A5B1-2B19311EE546}"
	ProjectSection(ProjectDependencies) = postProject
	EndProjectSection
EndProject
Project("{8BC9CEB8-8B4A-11D0-8D11-00A0C91BC942}") = "ZERO_CHECK", "..\..\\ZERO_CHECK.vcxproj", "{C5E5FC0A-43CB-4559-A57F-4CF78ACD3351}"
	ProjectSection(ProjectDependencies) = postProject
	EndProjectSection
EndProject
Project("{8BC9CEB8-8B4A-11D0-8D11-00A0C91BC942}") = "hdf5-static", "..\..\src\hdf5-static.vcxproj", "{5D5CD073-C26F-4626-9308-69E0DB53251D}"
	ProjectSection(ProjectDependencies) = postProject
		{37BA568E-0DAE-4011-B34C-A9EA52D55027} = {37BA568E-0DAE-4011-B34C-A9EA52D55027}
		{68521120-1C61-4535-B460-8E409632E767} = {68521120-1C61-4535-B460-8E409632E767}
		{C5E5FC0A-43CB-4559-A57F-4CF78ACD3351} = {C5E5FC0A-43CB-4559-A57F-4CF78ACD3351}
	EndProjectSection
EndProject
Project("{8BC9CEB8-8B4A-11D0-8D11-00A0C91BC942}") = "hdf5_hl-static", "..\src\hdf5_hl-static.vcxproj", "{BE8A248E-1493-4793-8842-67B32AADB533}"
	ProjectSection(ProjectDependencies) = postProject
		{C5E5FC0A-43CB-4559-A57F-4CF78ACD3351} = {C5E5FC0A-43CB-4559-A57F-4CF78ACD3351}
		{5D5CD073-C26F-4626-9308-69E0DB53251D} = {5D5CD073-C26F-4626-9308-69E0DB53251D}
	EndProjectSection
EndProject
Project("{8BC9CEB8-8B4A-11D0-8D11-00A0C91BC942}") = "hl_ex_ex_ds1", "hl_ex_ex_ds1.vcxproj", "{399896FB-1C6A-4920-9314-833E3CC70345}"
	ProjectSection(ProjectDependencies) = postProject
		{C5E5FC0A-43CB-4559-A57F-4CF78ACD3351} = {C5E5FC0A-43CB-4559-A57F-4CF78ACD3351}
		{5D5CD073-C26F-4626-9308-69E0DB53251D} = {5D5CD073-C26F-4626-9308-69E0DB53251D}
		{BE8A248E-1493-4793-8842-67B32AADB533} = {BE8A248E-1493-4793-8842-67B32AADB533}
	EndProjectSection
EndProject
Project("{8BC9CEB8-8B4A-11D0-8D11-00A0C91BC942}") = "hl_ex_ex_image1", "hl_ex_ex_image1.vcxproj", "{7CC775A9-AA49-45DE-92B8-8F2A273F82B7}"
	ProjectSection(ProjectDependencies) = postProject
		{C5E5FC0A-43CB-4559-A57F-4CF78ACD3351} = {C5E5FC0A-43CB-4559-A57F-4CF78ACD3351}
		{5D5CD073-C26F-4626-9308-69E0DB53251D} = {5D5CD073-C26F-4626-9308-69E0DB53251D}
		{BE8A248E-1493-4793-8842-67B32AADB533} = {BE8A248E-1493-4793-8842-67B32AADB533}
	EndProjectSection
EndProject
Project("{8BC9CEB8-8B4A-11D0-8D11-00A0C91BC942}") = "hl_ex_ex_image2", "hl_ex_ex_image2.vcxproj", "{E20DEAE4-8483-4083-8D09-BEEF750ABBFE}"
	ProjectSection(ProjectDependencies) = postProject
		{C5E5FC0A-43CB-4559-A57F-4CF78ACD3351} = {C5E5FC0A-43CB-4559-A57F-4CF78ACD3351}
		{5D5CD073-C26F-4626-9308-69E0DB53251D} = {5D5CD073-C26F-4626-9308-69E0DB53251D}
		{BE8A248E-1493-4793-8842-67B32AADB533} = {BE8A248E-1493-4793-8842-67B32AADB533}
	EndProjectSection
EndProject
Project("{8BC9CEB8-8B4A-11D0-8D11-00A0C91BC942}") = "hl_ex_ex_lite1", "hl_ex_ex_lite1.vcxproj", "{2313BA90-71EF-4409-B5BC-D4745926BB39}"
	ProjectSection(ProjectDependencies) = postProject
		{C5E5FC0A-43CB-4559-A57F-4CF78ACD3351} = {C5E5FC0A-43CB-4559-A57F-4CF78ACD3351}
		{5D5CD073-C26F-4626-9308-69E0DB53251D} = {5D5CD073-C26F-4626-9308-69E0DB53251D}
		{BE8A248E-1493-4793-8842-67B32AADB533} = {BE8A248E-1493-4793-8842-67B32AADB533}
	EndProjectSection
EndProject
Project("{8BC9CEB8-8B4A-11D0-8D11-00A0C91BC942}") = "hl_ex_ex_lite2", "hl_ex_ex_lite2.vcxproj", "{1C6A9355-CFEE-454D-A40F-29E9F3E6A76E}"
	ProjectSection(ProjectDependencies) = postProject
		{C5E5FC0A-43CB-4559-A57F-4CF78ACD3351} = {C5E5FC0A-43CB-4559-A57F-4CF78ACD3351}
		{5D5CD073-C26F-4626-9308-69E0DB53251D} = {5D5CD073-C26F-4626-9308-69E0DB53251D}
		{BE8A248E-1493-4793-8842-67B32AADB533} = {BE8A248E-1493-4793-8842-67B32AADB533}
	EndProjectSection
EndProject
Project("{8BC9CEB8-8B4A-11D0-8D11-00A0C91BC942}") = "hl_ex_ex_lite3", "hl_ex_ex_lite3.vcxproj", "{101E1AAB-CECC-457E-A132-AAFF9958A0CE}"
	ProjectSection(ProjectDependencies) = postProject
		{C5E5FC0A-43CB-4559-A57F-4CF78ACD3351} = {C5E5FC0A-43CB-4559-A57F-4CF78ACD3351}
		{5D5CD073-C26F-4626-9308-69E0DB53251D} = {5D5CD073-C26F-4626-9308-69E0DB53251D}
		{BE8A248E-1493-4793-8842-67B32AADB533} = {BE8A248E-1493-4793-8842-67B32AADB533}
	EndProjectSection
EndProject
Project("{8BC9CEB8-8B4A-11D0-8D11-00A0C91BC942}") = "hl_ex_ex_table_01", "hl_ex_ex_table_01.vcxproj", "{CE9EDAC0-8093-4B33-BCB3-C9F314842EF3}"
	ProjectSection(ProjectDependencies) = postProject
		{C5E5FC0A-43CB-4559-A57F-4CF78ACD3351} = {C5E5FC0A-43CB-4559-A57F-4CF78ACD3351}
		{5D5CD073-C26F-4626-9308-69E0DB53251D} = {5D5CD073-C26F-4626-9308-69E0DB53251D}
		{BE8A248E-1493-4793-8842-67B32AADB533} = {BE8A248E-1493-4793-8842-67B32AADB533}
	EndProjectSection
EndProject
Project("{8BC9CEB8-8B4A-11D0-8D11-00A0C91BC942}") = "hl_ex_ex_table_02", "hl_ex_ex_table_02.vcxproj", "{81696F2E-0E85-4233-9402-C66D2A200677}"
	ProjectSection(ProjectDependencies) = postProject
		{C5E5FC0A-43CB-4559-A57F-4CF78ACD3351} = {C5E5FC0A-43CB-4559-A57F-4CF78ACD3351}
		{5D5CD073-C26F-4626-9308-69E0DB53251D} = {5D5CD073-C26F-4626-9308-69E0DB53251D}
		{BE8A248E-1493-4793-8842-67B32AADB533} = {BE8A248E-1493-4793-8842-67B32AADB533}
	EndProjectSection
EndProject
Project("{8BC9CEB8-8B4A-11D0-8D11-00A0C91BC942}") = "hl_ex_ex_table_03", "hl_ex_ex_table_03.vcxproj", "{0C2AB0E1-8742-4FCB-AC28-A804CCD933D1}"
	ProjectSection(ProjectDependencies) = postProject
		{C5E5FC0A-43CB-4559-A57F-4CF78ACD3351} = {C5E5FC0A-43CB-4559-A57F-4CF78ACD3351}
		{5D5CD073-C26F-4626-9308-69E0DB53251D} = {5D5CD073-C26F-4626-9308-69E0DB53251D}
		{BE8A248E-1493-4793-8842-67B32AADB533} = {BE8A248E-1493-4793-8842-67B32AADB533}
	EndProjectSection
EndProject
Project("{8BC9CEB8-8B4A-11D0-8D11-00A0C91BC942}") = "hl_ex_ex_table_04", "hl_ex_ex_table_04.vcxproj", "{62FECE64-6CE6-4138-88AA-3AB2D4A70130}"
	ProjectSection(ProjectDependencies) = postProject
		{C5E5FC0A-43CB-4559-A57F-4CF78ACD3351} = {C5E5FC0A-43CB-4559-A57F-4CF78ACD3351}
		{5D5CD073-C26F-4626-9308-69E0DB53251D} = {5D5CD073-C26F-4626-9308-69E0DB53251D}
		{BE8A248E-1493-4793-8842-67B32AADB533} = {BE8A248E-1493-4793-8842-67B32AADB533}
	EndProjectSection
EndProject
Project("{8BC9CEB8-8B4A-11D0-8D11-00A0C91BC942}") = "hl_ex_ex_table_05", "hl_ex_ex_table_05.vcxproj", "{99CDEF7C-909C-43F6-9F9D-92E3CA0F1533}"
	ProjectSection(ProjectDependencies) = postProject
		{C5E5FC0A-43CB-4559-A57F-4CF78ACD3351} = {C5E5FC0A-43CB-4559-A57F-4CF78ACD3351}
		{5D5CD073-C26F-4626-9308-69E0DB53251D} = {5D5CD073-C26F-4626-9308-69E0DB53251D}
		{BE8A248E-1493-4793-8842-67B32AADB533} = {BE8A248E-1493-4793-8842-67B32AADB533}
	EndProjectSection
EndProject
Project("{8BC9CEB8-8B4A-11D0-8D11-00A0C91BC942}") = "hl_ex_ex_table_06", "hl_ex_ex_table_06.vcxproj", "{A0F8C127-DFD2-4DF7-ABB4-152145E6EB61}"
	ProjectSection(ProjectDependencies) = postProject
		{C5E5FC0A-43CB-4559-A57F-4CF78ACD3351} = {C5E5FC0A-43CB-4559-A57F-4CF78ACD3351}
		{5D5CD073-C26F-4626-9308-69E0DB53251D} = {5D5CD073-C26F-4626-9308-69E0DB53251D}
		{BE8A248E-1493-4793-8842-67B32AADB533} = {BE8A248E-1493-4793-8842-67B32AADB533}
	EndProjectSection
EndProject
Project("{8BC9CEB8-8B4A-11D0-8D11-00A0C91BC942}") = "hl_ex_ex_table_07", "hl_ex_ex_table_07.vcxproj", "{E107D239-2D17-4051-8CAF-5DC6FC03BB75}"
	ProjectSection(ProjectDependencies) = postProject
		{C5E5FC0A-43CB-4559-A57F-4CF78ACD3351} = {C5E5FC0A-43CB-4559-A57F-4CF78ACD3351}
		{5D5CD073-C26F-4626-9308-69E0DB53251D} = {5D5CD073-C26F-4626-9308-69E0DB53251D}
		{BE8A248E-1493-4793-8842-67B32AADB533} = {BE8A248E-1493-4793-8842-67B32AADB533}
	EndProjectSection
EndProject
Project("{8BC9CEB8-8B4A-11D0-8D11-00A0C91BC942}") = "hl_ex_ex_table_08", "hl_ex_ex_table_08.vcxproj", "{0FADEFB7-2647-457A-9C3F-4FCC2D9C0E5A}"
	ProjectSection(ProjectDependencies) = postProject
		{C5E5FC0A-43CB-4559-A57F-4CF78ACD3351} = {C5E5FC0A-43CB-4559-A57F-4CF78ACD3351}
		{5D5CD073-C26F-4626-9308-69E0DB53251D} = {5D5CD073-C26F-4626-9308-69E0DB53251D}
		{BE8A248E-1493-4793-8842-67B32AADB533} = {BE8A248E-1493-4793-8842-67B32AADB533}
	EndProjectSection
EndProject
Project("{8BC9CEB8-8B4A-11D0-8D11-00A0C91BC942}") = "hl_ex_ex_table_09", "hl_ex_ex_table_09.vcxproj", "{9424EE11-A29B-426C-9CD0-9D34C8429E89}"
	ProjectSection(ProjectDependencies) = postProject
		{C5E5FC0A-43CB-4559-A57F-4CF78ACD3351} = {C5E5FC0A-43CB-4559-A57F-4CF78ACD3351}
		{5D5CD073-C26F-4626-9308-69E0DB53251D} = {5D5CD073-C26F-4626-9308-69E0DB53251D}
		{BE8A248E-1493-4793-8842-67B32AADB533} = {BE8A248E-1493-4793-8842-67B32AADB533}
	EndProjectSection
EndProject
Project("{8BC9CEB8-8B4A-11D0-8D11-00A0C91BC942}") = "hl_ex_ex_table_10", "hl_ex_ex_table_10.vcxproj", "{3F9073EB-F51E-4A7F-9212-B2F887D4F785}"
	ProjectSection(ProjectDependencies) = postProject
		{C5E5FC0A-43CB-4559-A57F-4CF78ACD3351} = {C5E5FC0A-43CB-4559-A57F-4CF78ACD3351}
		{5D5CD073-C26F-4626-9308-69E0DB53251D} = {5D5CD073-C26F-4626-9308-69E0DB53251D}
		{BE8A248E-1493-4793-8842-67B32AADB533} = {BE8A248E-1493-4793-8842-67B32AADB533}
	EndProjectSection
EndProject
Project("{8BC9CEB8-8B4A-11D0-8D11-00A0C91BC942}") = "hl_ex_ex_table_11", "hl_ex_ex_table_11.vcxproj", "{1CDC5887-E111-4CD7-A3AE-A1F0021D749E}"
	ProjectSection(ProjectDependencies) = postProject
		{C5E5FC0A-43CB-4559-A57F-4CF78ACD3351} = {C5E5FC0A-43CB-4559-A57F-4CF78ACD3351}
		{5D5CD073-C26F-4626-9308-69E0DB53251D} = {5D5CD073-C26F-4626-9308-69E0DB53251D}
		{BE8A248E-1493-4793-8842-67B32AADB533} = {BE8A248E-1493-4793-8842-67B32AADB533}
	EndProjectSection
EndProject
Project("{8BC9CEB8-8B4A-11D0-8D11-00A0C91BC942}") = "hl_ex_ex_table_12", "hl_ex_ex_table_12.vcxproj", "{B3E35323-D568-404E-AECC-50734B287642}"
	ProjectSection(ProjectDependencies) = postProject
		{C5E5FC0A-43CB-4559-A57F-4CF78ACD3351} = {C5E5FC0A-43CB-4559-A57F-4CF78ACD3351}
		{5D5CD073-C26F-4626-9308-69E0DB53251D} = {5D5CD073-C26F-4626-9308-69E0DB53251D}
		{BE8A248E-1493-4793-8842-67B32AADB533} = {BE8A248E-1493-4793-8842-67B32AADB533}
	EndProjectSection
EndProject
Project("{8BC9CEB8-8B4A-11D0-8D11-00A0C91BC942}") = "hl_ex_ptExampleFL", "hl_ex_ptExampleFL.vcxproj", "{180AF39F-FC19-459A-9CFF-54ACAB29CD07}"
	ProjectSection(ProjectDependencies) = postProject
		{C5E5FC0A-43CB-4559-A57F-4CF78ACD3351} = {C5E5FC0A-43CB-4559-A57F-4CF78ACD3351}
		{5D5CD073-C26F-4626-9308-69E0DB53251D} = {5D5CD073-C26F-4626-9308-69E0DB53251D}
		{BE8A248E-1493-4793-8842-67B32AADB533} = {BE8A248E-1493-4793-8842-67B32AADB533}
	EndProjectSection
EndProject
Project("{2150E333-8FDC-42A3-9474-1A3956D46DE8}") = "CMakePredefinedTargets", "CMakePredefinedTargets", "{1B0FAD49-FC38-4653-B203-A83AA02FE1B0}"
EndProject
Project("{2150E333-8FDC-42A3-9474-1A3956D46DE8}") = "examples", "examples", "{9FF5E9E2-F8A6-4874-AE09-44043C310E14}"
EndProject
Project("{2150E333-8FDC-42A3-9474-1A3956D46DE8}") = "hl", "examples\hl", "{CDF3C8EC-FDD8-4FD1-9054-575E5EFFF239}"
EndProject
Project("{2150E333-8FDC-42A3-9474-1A3956D46DE8}") = "libraries", "libraries", "{6CA7B6E2-D085-4162-BA99-76CF0F158EC3}"
EndProject
Project("{2150E333-8FDC-42A3-9474-1A3956D46DE8}") = "hl", "libraries\hl", "{2F7DD7D1-CADC-4154-B4F9-103BBDB097BC}"
EndProject
Global
	GlobalSection(SolutionConfigurationPlatforms) = preSolution
		Debug|x64 = Debug|x64
		Release|x64 = Release|x64
		MinSizeRel|x64 = MinSizeRel|x64
		RelWithDebInfo|x64 = RelWithDebInfo|x64
	EndGlobalSection
	GlobalSection(ProjectConfigurationPlatforms) = postSolution
		{A1322CBD-8A87-479E-8849-815C443E5503}.Debug|x64.ActiveCfg = Debug|x64
		{A1322CBD-8A87-479E-8849-815C443E5503}.Debug|x64.Build.0 = Debug|x64
		{A1322CBD-8A87-479E-8849-815C443E5503}.Release|x64.ActiveCfg = Release|x64
		{A1322CBD-8A87-479E-8849-815C443E5503}.Release|x64.Build.0 = Release|x64
		{A1322CBD-8A87-479E-8849-815C443E5503}.MinSizeRel|x64.ActiveCfg = MinSizeRel|x64
		{A1322CBD-8A87-479E-8849-815C443E5503}.MinSizeRel|x64.Build.0 = MinSizeRel|x64
		{A1322CBD-8A87-479E-8849-815C443E5503}.RelWithDebInfo|x64.ActiveCfg = RelWithDebInfo|x64
		{A1322CBD-8A87-479E-8849-815C443E5503}.RelWithDebInfo|x64.Build.0 = RelWithDebInfo|x64
		{37BA568E-0DAE-4011-B34C-A9EA52D55027}.Debug|x64.ActiveCfg = Debug|x64
		{37BA568E-0DAE-4011-B34C-A9EA52D55027}.Debug|x64.Build.0 = Debug|x64
		{37BA568E-0DAE-4011-B34C-A9EA52D55027}.Release|x64.ActiveCfg = Release|x64
		{37BA568E-0DAE-4011-B34C-A9EA52D55027}.Release|x64.Build.0 = Release|x64
		{37BA568E-0DAE-4011-B34C-A9EA52D55027}.MinSizeRel|x64.ActiveCfg = MinSizeRel|x64
		{37BA568E-0DAE-4011-B34C-A9EA52D55027}.MinSizeRel|x64.Build.0 = MinSizeRel|x64
		{37BA568E-0DAE-4011-B34C-A9EA52D55027}.RelWithDebInfo|x64.ActiveCfg = RelWithDebInfo|x64
		{37BA568E-0DAE-4011-B34C-A9EA52D55027}.RelWithDebInfo|x64.Build.0 = RelWithDebInfo|x64
		{68521120-1C61-4535-B460-8E409632E767}.Debug|x64.ActiveCfg = Debug|x64
		{68521120-1C61-4535-B460-8E409632E767}.Debug|x64.Build.0 = Debug|x64
		{68521120-1C61-4535-B460-8E409632E767}.Release|x64.ActiveCfg = Release|x64
		{68521120-1C61-4535-B460-8E409632E767}.Release|x64.Build.0 = Release|x64
		{68521120-1C61-4535-B460-8E409632E767}.MinSizeRel|x64.ActiveCfg = MinSizeRel|x64
		{68521120-1C61-4535-B460-8E409632E767}.MinSizeRel|x64.Build.0 = MinSizeRel|x64
		{68521120-1C61-4535-B460-8E409632E767}.RelWithDebInfo|x64.ActiveCfg = RelWithDebInfo|x64
		{68521120-1C61-4535-B460-8E409632E767}.RelWithDebInfo|x64.Build.0 = RelWithDebInfo|x64
		{E0EA0AF8-8B4B-45C6-89B9-41C975D90429}.Debug|x64.ActiveCfg = Debug|x64
		{E0EA0AF8-8B4B-45C6-89B9-41C975D90429}.Release|x64.ActiveCfg = Release|x64
		{E0EA0AF8-8B4B-45C6-89B9-41C975D90429}.MinSizeRel|x64.ActiveCfg = MinSizeRel|x64
		{E0EA0AF8-8B4B-45C6-89B9-41C975D90429}.RelWithDebInfo|x64.ActiveCfg = RelWithDebInfo|x64
		{0C6873BB-80BF-47FE-AA76-C9E19AD3EB56}.Debug|x64.ActiveCfg = Debug|x64
		{0C6873BB-80BF-47FE-AA76-C9E19AD3EB56}.Release|x64.ActiveCfg = Release|x64
		{0C6873BB-80BF-47FE-AA76-C9E19AD3EB56}.MinSizeRel|x64.ActiveCfg = MinSizeRel|x64
		{0C6873BB-80BF-47FE-AA76-C9E19AD3EB56}.RelWithDebInfo|x64.ActiveCfg = RelWithDebInfo|x64
		{E02F5BDF-46E4-4D70-A5B1-2B19311EE546}.Debug|x64.ActiveCfg = Debug|x64
		{E02F5BDF-46E4-4D70-A5B1-2B19311EE546}.Release|x64.ActiveCfg = Release|x64
		{E02F5BDF-46E4-4D70-A5B1-2B19311EE546}.MinSizeRel|x64.ActiveCfg = MinSizeRel|x64
		{E02F5BDF-46E4-4D70-A5B1-2B19311EE546}.RelWithDebInfo|x64.ActiveCfg = RelWithDebInfo|x64
		{C5E5FC0A-43CB-4559-A57F-4CF78ACD3351}.Debug|x64.ActiveCfg = Debug|x64
		{C5E5FC0A-43CB-4559-A57F-4CF78ACD3351}.Debug|x64.Build.0 = Debug|x64
		{C5E5FC0A-43CB-4559-A57F-4CF78ACD3351}.Release|x64.ActiveCfg = Release|x64
		{C5E5FC0A-43CB-4559-A57F-4CF78ACD3351}.Release|x64.Build.0 = Release|x64
		{C5E5FC0A-43CB-4559-A57F-4CF78ACD3351}.MinSizeRel|x64.ActiveCfg = MinSizeRel|x64
		{C5E5FC0A-43CB-4559-A57F-4CF78ACD3351}.MinSizeRel|x64.Build.0 = MinSizeRel|x64
		{C5E5FC0A-43CB-4559-A57F-4CF78ACD3351}.RelWithDebInfo|x64.ActiveCfg = RelWithDebInfo|x64
		{C5E5FC0A-43CB-4559-A57F-4CF78ACD3351}.RelWithDebInfo|x64.Build.0 = RelWithDebInfo|x64
		{5D5CD073-C26F-4626-9308-69E0DB53251D}.Debug|x64.ActiveCfg = Debug|x64
		{5D5CD073-C26F-4626-9308-69E0DB53251D}.Debug|x64.Build.0 = Debug|x64
		{5D5CD073-C26F-4626-9308-69E0DB53251D}.Release|x64.ActiveCfg = Release|x64
		{5D5CD073-C26F-4626-9308-69E0DB53251D}.Release|x64.Build.0 = Release|x64
		{5D5CD073-C26F-4626-9308-69E0DB53251D}.MinSizeRel|x64.ActiveCfg = MinSizeRel|x64
		{5D5CD073-C26F-4626-9308-69E0DB53251D}.MinSizeRel|x64.Build.0 = MinSizeRel|x64
		{5D5CD073-C26F-4626-9308-69E0DB53251D}.RelWithDebInfo|x64.ActiveCfg = RelWithDebInfo|x64
		{5D5CD073-C26F-4626-9308-69E0DB53251D}.RelWithDebInfo|x64.Build.0 = RelWithDebInfo|x64
		{BE8A248E-1493-4793-8842-67B32AADB533}.Debug|x64.ActiveCfg = Debug|x64
		{BE8A248E-1493-4793-8842-67B32AADB533}.Debug|x64.Build.0 = Debug|x64
		{BE8A248E-1493-4793-8842-67B32AADB533}.Release|x64.ActiveCfg = Release|x64
		{BE8A248E-1493-4793-8842-67B32AADB533}.Release|x64.Build.0 = Release|x64
		{BE8A248E-1493-4793-8842-67B32AADB533}.MinSizeRel|x64.ActiveCfg = MinSizeRel|x64
		{BE8A248E-1493-4793-8842-67B32AADB533}.MinSizeRel|x64.Build.0 = MinSizeRel|x64
		{BE8A248E-1493-4793-8842-67B32AADB533}.RelWithDebInfo|x64.ActiveCfg = RelWithDebInfo|x64
		{BE8A248E-1493-4793-8842-67B32AADB533}.RelWithDebInfo|x64.Build.0 = RelWithDebInfo|x64
		{399896FB-1C6A-4920-9314-833E3CC70345}.Debug|x64.ActiveCfg = Debug|x64
		{399896FB-1C6A-4920-9314-833E3CC70345}.Debug|x64.Build.0 = Debug|x64
		{399896FB-1C6A-4920-9314-833E3CC70345}.Release|x64.ActiveCfg = Release|x64
		{399896FB-1C6A-4920-9314-833E3CC70345}.Release|x64.Build.0 = Release|x64
		{399896FB-1C6A-4920-9314-833E3CC70345}.MinSizeRel|x64.ActiveCfg = MinSizeRel|x64
		{399896FB-1C6A-4920-9314-833E3CC70345}.MinSizeRel|x64.Build.0 = MinSizeRel|x64
		{399896FB-1C6A-4920-9314-833E3CC70345}.RelWithDebInfo|x64.ActiveCfg = RelWithDebInfo|x64
		{399896FB-1C6A-4920-9314-833E3CC70345}.RelWithDebInfo|x64.Build.0 = RelWithDebInfo|x64
		{7CC775A9-AA49-45DE-92B8-8F2A273F82B7}.Debug|x64.ActiveCfg = Debug|x64
		{7CC775A9-AA49-45DE-92B8-8F2A273F82B7}.Debug|x64.Build.0 = Debug|x64
		{7CC775A9-AA49-45DE-92B8-8F2A273F82B7}.Release|x64.ActiveCfg = Release|x64
		{7CC775A9-AA49-45DE-92B8-8F2A273F82B7}.Release|x64.Build.0 = Release|x64
		{7CC775A9-AA49-45DE-92B8-8F2A273F82B7}.MinSizeRel|x64.ActiveCfg = MinSizeRel|x64
		{7CC775A9-AA49-45DE-92B8-8F2A273F82B7}.MinSizeRel|x64.Build.0 = MinSizeRel|x64
		{7CC775A9-AA49-45DE-92B8-8F2A273F82B7}.RelWithDebInfo|x64.ActiveCfg = RelWithDebInfo|x64
		{7CC775A9-AA49-45DE-92B8-8F2A273F82B7}.RelWithDebInfo|x64.Build.0 = RelWithDebInfo|x64
		{E20DEAE4-8483-4083-8D09-BEEF750ABBFE}.Debug|x64.ActiveCfg = Debug|x64
		{E20DEAE4-8483-4083-8D09-BEEF750ABBFE}.Debug|x64.Build.0 = Debug|x64
		{E20DEAE4-8483-4083-8D09-BEEF750ABBFE}.Release|x64.ActiveCfg = Release|x64
		{E20DEAE4-8483-4083-8D09-BEEF750ABBFE}.Release|x64.Build.0 = Release|x64
		{E20DEAE4-8483-4083-8D09-BEEF750ABBFE}.MinSizeRel|x64.ActiveCfg = MinSizeRel|x64
		{E20DEAE4-8483-4083-8D09-BEEF750ABBFE}.MinSizeRel|x64.Build.0 = MinSizeRel|x64
		{E20DEAE4-8483-4083-8D09-BEEF750ABBFE}.RelWithDebInfo|x64.ActiveCfg = RelWithDebInfo|x64
		{E20DEAE4-8483-4083-8D09-BEEF750ABBFE}.RelWithDebInfo|x64.Build.0 = RelWithDebInfo|x64
		{2313BA90-71EF-4409-B5BC-D4745926BB39}.Debug|x64.ActiveCfg = Debug|x64
		{2313BA90-71EF-4409-B5BC-D4745926BB39}.Debug|x64.Build.0 = Debug|x64
		{2313BA90-71EF-4409-B5BC-D4745926BB39}.Release|x64.ActiveCfg = Release|x64
		{2313BA90-71EF-4409-B5BC-D4745926BB39}.Release|x64.Build.0 = Release|x64
		{2313BA90-71EF-4409-B5BC-D4745926BB39}.MinSizeRel|x64.ActiveCfg = MinSizeRel|x64
		{2313BA90-71EF-4409-B5BC-D4745926BB39}.MinSizeRel|x64.Build.0 = MinSizeRel|x64
		{2313BA90-71EF-4409-B5BC-D4745926BB39}.RelWithDebInfo|x64.ActiveCfg = RelWithDebInfo|x64
		{2313BA90-71EF-4409-B5BC-D4745926BB39}.RelWithDebInfo|x64.Build.0 = RelWithDebInfo|x64
		{1C6A9355-CFEE-454D-A40F-29E9F3E6A76E}.Debug|x64.ActiveCfg = Debug|x64
		{1C6A9355-CFEE-454D-A40F-29E9F3E6A76E}.Debug|x64.Build.0 = Debug|x64
		{1C6A9355-CFEE-454D-A40F-29E9F3E6A76E}.Release|x64.ActiveCfg = Release|x64
		{1C6A9355-CFEE-454D-A40F-29E9F3E6A76E}.Release|x64.Build.0 = Release|x64
		{1C6A9355-CFEE-454D-A40F-29E9F3E6A76E}.MinSizeRel|x64.ActiveCfg = MinSizeRel|x64
		{1C6A9355-CFEE-454D-A40F-29E9F3E6A76E}.MinSizeRel|x64.Build.0 = MinSizeRel|x64
		{1C6A9355-CFEE-454D-A40F-29E9F3E6A76E}.RelWithDebInfo|x64.ActiveCfg = RelWithDebInfo|x64
		{1C6A9355-CFEE-454D-A40F-29E9F3E6A76E}.RelWithDebInfo|x64.Build.0 = RelWithDebInfo|x64
		{101E1AAB-CECC-457E-A132-AAFF9958A0CE}.Debug|x64.ActiveCfg = Debug|x64
		{101E1AAB-CECC-457E-A132-AAFF9958A0CE}.Debug|x64.Build.0 = Debug|x64
		{101E1AAB-CECC-457E-A132-AAFF9958A0CE}.Release|x64.ActiveCfg = Release|x64
		{101E1AAB-CECC-457E-A132-AAFF9958A0CE}.Release|x64.Build.0 = Release|x64
		{101E1AAB-CECC-457E-A132-AAFF9958A0CE}.MinSizeRel|x64.ActiveCfg = MinSizeRel|x64
		{101E1AAB-CECC-457E-A132-AAFF9958A0CE}.MinSizeRel|x64.Build.0 = MinSizeRel|x64
		{101E1AAB-CECC-457E-A132-AAFF9958A0CE}.RelWithDebInfo|x64.ActiveCfg = RelWithDebInfo|x64
		{101E1AAB-CECC-457E-A132-AAFF9958A0CE}.RelWithDebInfo|x64.Build.0 = RelWithDebInfo|x64
		{CE9EDAC0-8093-4B33-BCB3-C9F314842EF3}.Debug|x64.ActiveCfg = Debug|x64
		{CE9EDAC0-8093-4B33-BCB3-C9F314842EF3}.Debug|x64.Build.0 = Debug|x64
		{CE9EDAC0-8093-4B33-BCB3-C9F314842EF3}.Release|x64.ActiveCfg = Release|x64
		{CE9EDAC0-8093-4B33-BCB3-C9F314842EF3}.Release|x64.Build.0 = Release|x64
		{CE9EDAC0-8093-4B33-BCB3-C9F314842EF3}.MinSizeRel|x64.ActiveCfg = MinSizeRel|x64
		{CE9EDAC0-8093-4B33-BCB3-C9F314842EF3}.MinSizeRel|x64.Build.0 = MinSizeRel|x64
		{CE9EDAC0-8093-4B33-BCB3-C9F314842EF3}.RelWithDebInfo|x64.ActiveCfg = RelWithDebInfo|x64
		{CE9EDAC0-8093-4B33-BCB3-C9F314842EF3}.RelWithDebInfo|x64.Build.0 = RelWithDebInfo|x64
		{81696F2E-0E85-4233-9402-C66D2A200677}.Debug|x64.ActiveCfg = Debug|x64
		{81696F2E-0E85-4233-9402-C66D2A200677}.Debug|x64.Build.0 = Debug|x64
		{81696F2E-0E85-4233-9402-C66D2A200677}.Release|x64.ActiveCfg = Release|x64
		{81696F2E-0E85-4233-9402-C66D2A200677}.Release|x64.Build.0 = Release|x64
		{81696F2E-0E85-4233-9402-C66D2A200677}.MinSizeRel|x64.ActiveCfg = MinSizeRel|x64
		{81696F2E-0E85-4233-9402-C66D2A200677}.MinSizeRel|x64.Build.0 = MinSizeRel|x64
		{81696F2E-0E85-4233-9402-C66D2A200677}.RelWithDebInfo|x64.ActiveCfg = RelWithDebInfo|x64
		{81696F2E-0E85-4233-9402-C66D2A200677}.RelWithDebInfo|x64.Build.0 = RelWithDebInfo|x64
		{0C2AB0E1-8742-4FCB-AC28-A804CCD933D1}.Debug|x64.ActiveCfg = Debug|x64
		{0C2AB0E1-8742-4FCB-AC28-A804CCD933D1}.Debug|x64.Build.0 = Debug|x64
		{0C2AB0E1-8742-4FCB-AC28-A804CCD933D1}.Release|x64.ActiveCfg = Release|x64
		{0C2AB0E1-8742-4FCB-AC28-A804CCD933D1}.Release|x64.Build.0 = Release|x64
		{0C2AB0E1-8742-4FCB-AC28-A804CCD933D1}.MinSizeRel|x64.ActiveCfg = MinSizeRel|x64
		{0C2AB0E1-8742-4FCB-AC28-A804CCD933D1}.MinSizeRel|x64.Build.0 = MinSizeRel|x64
		{0C2AB0E1-8742-4FCB-AC28-A804CCD933D1}.RelWithDebInfo|x64.ActiveCfg = RelWithDebInfo|x64
		{0C2AB0E1-8742-4FCB-AC28-A804CCD933D1}.RelWithDebInfo|x64.Build.0 = RelWithDebInfo|x64
		{62FECE64-6CE6-4138-88AA-3AB2D4A70130}.Debug|x64.ActiveCfg = Debug|x64
		{62FECE64-6CE6-4138-88AA-3AB2D4A70130}.Debug|x64.Build.0 = Debug|x64
		{62FECE64-6CE6-4138-88AA-3AB2D4A70130}.Release|x64.ActiveCfg = Release|x64
		{62FECE64-6CE6-4138-88AA-3AB2D4A70130}.Release|x64.Build.0 = Release|x64
		{62FECE64-6CE6-4138-88AA-3AB2D4A70130}.MinSizeRel|x64.ActiveCfg = MinSizeRel|x64
		{62FECE64-6CE6-4138-88AA-3AB2D4A70130}.MinSizeRel|x64.Build.0 = MinSizeRel|x64
		{62FECE64-6CE6-4138-88AA-3AB2D4A70130}.RelWithDebInfo|x64.ActiveCfg = RelWithDebInfo|x64
		{62FECE64-6CE6-4138-88AA-3AB2D4A70130}.RelWithDebInfo|x64.Build.0 = RelWithDebInfo|x64
		{99CDEF7C-909C-43F6-9F9D-92E3CA0F1533}.Debug|x64.ActiveCfg = Debug|x64
		{99CDEF7C-909C-43F6-9F9D-92E3CA0F1533}.Debug|x64.Build.0 = Debug|x64
		{99CDEF7C-909C-43F6-9F9D-92E3CA0F1533}.Release|x64.ActiveCfg = Release|x64
		{99CDEF7C-909C-43F6-9F9D-92E3CA0F1533}.Release|x64.Build.0 = Release|x64
		{99CDEF7C-909C-43F6-9F9D-92E3CA0F1533}.MinSizeRel|x64.ActiveCfg = MinSizeRel|x64
		{99CDEF7C-909C-43F6-9F9D-92E3CA0F1533}.MinSizeRel|x64.Build.0 = MinSizeRel|x64
		{99CDEF7C-909C-43F6-9F9D-92E3CA0F1533}.RelWithDebInfo|x64.ActiveCfg = RelWithDebInfo|x64
		{99CDEF7C-909C-43F6-9F9D-92E3CA0F1533}.RelWithDebInfo|x64.Build.0 = RelWithDebInfo|x64
		{A0F8C127-DFD2-4DF7-ABB4-152145E6EB61}.Debug|x64.ActiveCfg = Debug|x64
		{A0F8C127-DFD2-4DF7-ABB4-152145E6EB61}.Debug|x64.Build.0 = Debug|x64
		{A0F8C127-DFD2-4DF7-ABB4-152145E6EB61}.Release|x64.ActiveCfg = Release|x64
		{A0F8C127-DFD2-4DF7-ABB4-152145E6EB61}.Release|x64.Build.0 = Release|x64
		{A0F8C127-DFD2-4DF7-ABB4-152145E6EB61}.MinSizeRel|x64.ActiveCfg = MinSizeRel|x64
		{A0F8C127-DFD2-4DF7-ABB4-152145E6EB61}.MinSizeRel|x64.Build.0 = MinSizeRel|x64
		{A0F8C127-DFD2-4DF7-ABB4-152145E6EB61}.RelWithDebInfo|x64.ActiveCfg = RelWithDebInfo|x64
		{A0F8C127-DFD2-4DF7-ABB4-152145E6EB61}.RelWithDebInfo|x64.Build.0 = RelWithDebInfo|x64
		{E107D239-2D17-4051-8CAF-5DC6FC03BB75}.Debug|x64.ActiveCfg = Debug|x64
		{E107D239-2D17-4051-8CAF-5DC6FC03BB75}.Debug|x64.Build.0 = Debug|x64
		{E107D239-2D17-4051-8CAF-5DC6FC03BB75}.Release|x64.ActiveCfg = Release|x64
		{E107D239-2D17-4051-8CAF-5DC6FC03BB75}.Release|x64.Build.0 = Release|x64
		{E107D239-2D17-4051-8CAF-5DC6FC03BB75}.MinSizeRel|x64.ActiveCfg = MinSizeRel|x64
		{E107D239-2D17-4051-8CAF-5DC6FC03BB75}.MinSizeRel|x64.Build.0 = MinSizeRel|x64
		{E107D239-2D17-4051-8CAF-5DC6FC03BB75}.RelWithDebInfo|x64.ActiveCfg = RelWithDebInfo|x64
		{E107D239-2D17-4051-8CAF-5DC6FC03BB75}.RelWithDebInfo|x64.Build.0 = RelWithDebInfo|x64
		{0FADEFB7-2647-457A-9C3F-4FCC2D9C0E5A}.Debug|x64.ActiveCfg = Debug|x64
		{0FADEFB7-2647-457A-9C3F-4FCC2D9C0E5A}.Debug|x64.Build.0 = Debug|x64
		{0FADEFB7-2647-457A-9C3F-4FCC2D9C0E5A}.Release|x64.ActiveCfg = Release|x64
		{0FADEFB7-2647-457A-9C3F-4FCC2D9C0E5A}.Release|x64.Build.0 = Release|x64
		{0FADEFB7-2647-457A-9C3F-4FCC2D9C0E5A}.MinSizeRel|x64.ActiveCfg = MinSizeRel|x64
		{0FADEFB7-2647-457A-9C3F-4FCC2D9C0E5A}.MinSizeRel|x64.Build.0 = MinSizeRel|x64
		{0FADEFB7-2647-457A-9C3F-4FCC2D9C0E5A}.RelWithDebInfo|x64.ActiveCfg = RelWithDebInfo|x64
		{0FADEFB7-2647-457A-9C3F-4FCC2D9C0E5A}.RelWithDebInfo|x64.Build.0 = RelWithDebInfo|x64
		{9424EE11-A29B-426C-9CD0-9D34C8429E89}.Debug|x64.ActiveCfg = Debug|x64
		{9424EE11-A29B-426C-9CD0-9D34C8429E89}.Debug|x64.Build.0 = Debug|x64
		{9424EE11-A29B-426C-9CD0-9D34C8429E89}.Release|x64.ActiveCfg = Release|x64
		{9424EE11-A29B-426C-9CD0-9D34C8429E89}.Release|x64.Build.0 = Release|x64
		{9424EE11-A29B-426C-9CD0-9D34C8429E89}.MinSizeRel|x64.ActiveCfg = MinSizeRel|x64
		{9424EE11-A29B-426C-9CD0-9D34C8429E89}.MinSizeRel|x64.Build.0 = MinSizeRel|x64
		{9424EE11-A29B-426C-9CD0-9D34C8429E89}.RelWithDebInfo|x64.ActiveCfg = RelWithDebInfo|x64
		{9424EE11-A29B-426C-9CD0-9D34C8429E89}.RelWithDebInfo|x64.Build.0 = RelWithDebInfo|x64
		{3F9073EB-F51E-4A7F-9212-B2F887D4F785}.Debug|x64.ActiveCfg = Debug|x64
		{3F9073EB-F51E-4A7F-9212-B2F887D4F785}.Debug|x64.Build.0 = Debug|x64
		{3F9073EB-F51E-4A7F-9212-B2F887D4F785}.Release|x64.ActiveCfg = Release|x64
		{3F9073EB-F51E-4A7F-9212-B2F887D4F785}.Release|x64.Build.0 = Release|x64
		{3F9073EB-F51E-4A7F-9212-B2F887D4F785}.MinSizeRel|x64.ActiveCfg = MinSizeRel|x64
		{3F9073EB-F51E-4A7F-9212-B2F887D4F785}.MinSizeRel|x64.Build.0 = MinSizeRel|x64
		{3F9073EB-F51E-4A7F-9212-B2F887D4F785}.RelWithDebInfo|x64.ActiveCfg = RelWithDebInfo|x64
		{3F9073EB-F51E-4A7F-9212-B2F887D4F785}.RelWithDebInfo|x64.Build.0 = RelWithDebInfo|x64
		{1CDC5887-E111-4CD7-A3AE-A1F0021D749E}.Debug|x64.ActiveCfg = Debug|x64
		{1CDC5887-E111-4CD7-A3AE-A1F0021D749E}.Debug|x64.Build.0 = Debug|x64
		{1CDC5887-E111-4CD7-A3AE-A1F0021D749E}.Release|x64.ActiveCfg = Release|x64
		{1CDC5887-E111-4CD7-A3AE-A1F0021D749E}.Release|x64.Build.0 = Release|x64
		{1CDC5887-E111-4CD7-A3AE-A1F0021D749E}.MinSizeRel|x64.ActiveCfg = MinSizeRel|x64
		{1CDC5887-E111-4CD7-A3AE-A1F0021D749E}.MinSizeRel|x64.Build.0 = MinSizeRel|x64
		{1CDC5887-E111-4CD7-A3AE-A1F0021D749E}.RelWithDebInfo|x64.ActiveCfg = RelWithDebInfo|x64
		{1CDC5887-E111-4CD7-A3AE-A1F0021D749E}.RelWithDebInfo|x64.Build.0 = RelWithDebInfo|x64
		{B3E35323-D568-404E-AECC-50734B287642}.Debug|x64.ActiveCfg = Debug|x64
		{B3E35323-D568-404E-AECC-50734B287642}.Debug|x64.Build.0 = Debug|x64
		{B3E35323-D568-404E-AECC-50734B287642}.Release|x64.ActiveCfg = Release|x64
		{B3E35323-D568-404E-AECC-50734B287642}.Release|x64.Build.0 = Release|x64
		{B3E35323-D568-404E-AECC-50734B287642}.MinSizeRel|x64.ActiveCfg = MinSizeRel|x64
		{B3E35323-D568-404E-AECC-50734B287642}.MinSizeRel|x64.Build.0 = MinSizeRel|x64
		{B3E35323-D568-404E-AECC-50734B287642}.RelWithDebInfo|x64.ActiveCfg = RelWithDebInfo|x64
		{B3E35323-D568-404E-AECC-50734B287642}.RelWithDebInfo|x64.Build.0 = RelWithDebInfo|x64
		{180AF39F-FC19-459A-9CFF-54ACAB29CD07}.Debug|x64.ActiveCfg = Debug|x64
		{180AF39F-FC19-459A-9CFF-54ACAB29CD07}.Debug|x64.Build.0 = Debug|x64
		{180AF39F-FC19-459A-9CFF-54ACAB29CD07}.Release|x64.ActiveCfg = Release|x64
		{180AF39F-FC19-459A-9CFF-54ACAB29CD07}.Release|x64.Build.0 = Release|x64
		{180AF39F-FC19-459A-9CFF-54ACAB29CD07}.MinSizeRel|x64.ActiveCfg = MinSizeRel|x64
		{180AF39F-FC19-459A-9CFF-54ACAB29CD07}.MinSizeRel|x64.Build.0 = MinSizeRel|x64
		{180AF39F-FC19-459A-9CFF-54ACAB29CD07}.RelWithDebInfo|x64.ActiveCfg = RelWithDebInfo|x64
		{180AF39F-FC19-459A-9CFF-54ACAB29CD07}.RelWithDebInfo|x64.Build.0 = RelWithDebInfo|x64
	EndGlobalSection
	GlobalSection(NestedProjects) = preSolution
		{E0EA0AF8-8B4B-45C6-89B9-41C975D90429} = {1B0FAD49-FC38-4653-B203-A83AA02FE1B0}
		{0C6873BB-80BF-47FE-AA76-C9E19AD3EB56} = {1B0FAD49-FC38-4653-B203-A83AA02FE1B0}
		{E02F5BDF-46E4-4D70-A5B1-2B19311EE546} = {1B0FAD49-FC38-4653-B203-A83AA02FE1B0}
		{C5E5FC0A-43CB-4559-A57F-4CF78ACD3351} = {1B0FAD49-FC38-4653-B203-A83AA02FE1B0}
		{CDF3C8EC-FDD8-4FD1-9054-575E5EFFF239} = {9FF5E9E2-F8A6-4874-AE09-44043C310E14}
		{399896FB-1C6A-4920-9314-833E3CC70345} = {CDF3C8EC-FDD8-4FD1-9054-575E5EFFF239}
		{7CC775A9-AA49-45DE-92B8-8F2A273F82B7} = {CDF3C8EC-FDD8-4FD1-9054-575E5EFFF239}
		{E20DEAE4-8483-4083-8D09-BEEF750ABBFE} = {CDF3C8EC-FDD8-4FD1-9054-575E5EFFF239}
		{2313BA90-71EF-4409-B5BC-D4745926BB39} = {CDF3C8EC-FDD8-4FD1-9054-575E5EFFF239}
		{1C6A9355-CFEE-454D-A40F-29E9F3E6A76E} = {CDF3C8EC-FDD8-4FD1-9054-575E5EFFF239}
		{101E1AAB-CECC-457E-A132-AAFF9958A0CE} = {CDF3C8EC-FDD8-4FD1-9054-575E5EFFF239}
		{CE9EDAC0-8093-4B33-BCB3-C9F314842EF3} = {CDF3C8EC-FDD8-4FD1-9054-575E5EFFF239}
		{81696F2E-0E85-4233-9402-C66D2A200677} = {CDF3C8EC-FDD8-4FD1-9054-575E5EFFF239}
		{0C2AB0E1-8742-4FCB-AC28-A804CCD933D1} = {CDF3C8EC-FDD8-4FD1-9054-575E5EFFF239}
		{62FECE64-6CE6-4138-88AA-3AB2D4A70130} = {CDF3C8EC-FDD8-4FD1-9054-575E5EFFF239}
		{99CDEF7C-909C-43F6-9F9D-92E3CA0F1533} = {CDF3C8EC-FDD8-4FD1-9054-575E5EFFF239}
		{A0F8C127-DFD2-4DF7-ABB4-152145E6EB61} = {CDF3C8EC-FDD8-4FD1-9054-575E5EFFF239}
		{E107D239-2D17-4051-8CAF-5DC6FC03BB75} = {CDF3C8EC-FDD8-4FD1-9054-575E5EFFF239}
		{0FADEFB7-2647-457A-9C3F-4FCC2D9C0E5A} = {CDF3C8EC-FDD8-4FD1-9054-575E5EFFF239}
		{9424EE11-A29B-426C-9CD0-9D34C8429E89} = {CDF3C8EC-FDD8-4FD1-9054-575E5EFFF239}
		{3F9073EB-F51E-4A7F-9212-B2F887D4F785} = {CDF3C8EC-FDD8-4FD1-9054-575E5EFFF239}
		{1CDC5887-E111-4CD7-A3AE-A1F0021D749E} = {CDF3C8EC-FDD8-4FD1-9054-575E5EFFF239}
		{B3E35323-D568-404E-AECC-50734B287642} = {CDF3C8EC-FDD8-4FD1-9054-575E5EFFF239}
		{180AF39F-FC19-459A-9CFF-54ACAB29CD07} = {CDF3C8EC-FDD8-4FD1-9054-575E5EFFF239}
		{2F7DD7D1-CADC-4154-B4F9-103BBDB097BC} = {6CA7B6E2-D085-4162-BA99-76CF0F158EC3}
		{5D5CD073-C26F-4626-9308-69E0DB53251D} = {6CA7B6E2-D085-4162-BA99-76CF0F158EC3}
		{BE8A248E-1493-4793-8842-67B32AADB533} = {2F7DD7D1-CADC-4154-B4F9-103BBDB097BC}
	EndGlobalSection
	GlobalSection(ExtensibilityGlobals) = postSolution
	EndGlobalSection
	GlobalSection(ExtensibilityAddIns) = postSolution
	EndGlobalSection
EndGlobal
