<?xml version="1.0" encoding="UTF-8"?>
<Project ToolsVersion="12.0" xmlns="http://schemas.microsoft.com/developer/msbuild/2003">
  <ItemGroup>
    <ClCompile Include="C:\Users\dkvandyke\Source\Repos\27_HDF5\hdf5-1.8.16\hdf5-1.8.16\test\h5test.c">
      <Filter>Source Files</Filter>
    </ClCompile>
    <ClCompile Include="C:\Users\dkvandyke\Source\Repos\27_HDF5\hdf5-1.8.16\hdf5-1.8.16\test\testframe.c">
      <Filter>Source Files</Filter>
    </ClCompile>
    <ClCompile Include="C:\Users\dkvandyke\Source\Repos\27_HDF5\hdf5-1.8.16\hdf5-1.8.16\test\cache_common.c">
      <Filter>Source Files</Filter>
    </ClCompile>
  </ItemGroup>
  <ItemGroup>
    <ClInclude Include="C:\Users\dkvandyke\Source\Repos\27_HDF5\hdf5-1.8.16\hdf5-1.8.16\test\h5test.h">
      <Filter>Header Files</Filter>
    </ClInclude>
  </ItemGroup>
  <ItemGroup>
    <CustomBuild Include="C:\Users\dkvandyke\Source\Repos\27_HDF5\hdf5-1.8.16\hdf5-1.8.16\test\CMakeLists.txt" />
  </ItemGroup>
  <ItemGroup>
    <Filter Include="Source Files">
      <UniqueIdentifier>{F10FF0DE-8771-4BD5-ABEC-05BA19E1C9BB}</UniqueIdentifier>
    </Filter>
    <Filter Include="Header Files">
      <UniqueIdentifier>{8AD60D96-ABC7-4A2F-9F77-E65BBFCF4F68}</UniqueIdentifier>
    </Filter>
  </ItemGroup>
</Project>
