Microsoft Visual Studio Solution File, Format Version 12.00
# Visual Studio 2013
Project("{8BC9CEB8-8B4A-11D0-8D11-00A0C91BC942}") = "ALL_BUILD", "ALL_BUILD.vcxproj", "{A1322CBD-8A87-479E-8849-815C443E5503}"
	ProjectSection(ProjectDependencies) = postProject
		{15AAC603-8322-4C08-8CD8-187CD350A207} = {15AAC603-8322-4C08-8CD8-187CD350A207}
		{C2AF19AA-32F9-45A4-B8D7-CF480606074B} = {C2AF19AA-32F9-45A4-B8D7-CF480606074B}
		{4E34B3A2-6CB5-4B84-BAF0-1C46F37ABBEE} = {4E34B3A2-6CB5-4B84-BAF0-1C46F37ABBEE}
		{C2D31030-544D-48D3-930C-6D30CADED23E} = {C2D31030-544D-48D3-930C-6D30CADED23E}
		{F949FF2C-4697-4DED-8B1A-921D495250D7} = {F949FF2C-4697-4DED-8B1A-921D495250D7}
		{288A9EE6-1730-4F54-AFCC-F803DDC817C9} = {288A9EE6-1730-4F54-AFCC-F803DDC817C9}
		{52BF4B81-59F1-4F7A-82DD-E1C6F0820669} = {52BF4B81-59F1-4F7A-82DD-E1C6F0820669}
		{97F91BC0-E84B-4446-A7F5-BBE2246F58F7} = {97F91BC0-E84B-4446-A7F5-BBE2246F58F7}
		{6DFE8297-FAAA-4AD2-92F2-D7D5210A8DCF} = {6DFE8297-FAAA-4AD2-92F2-D7D5210A8DCF}
		{AEA1544C-C209-4E77-B856-C4F50422E589} = {AEA1544C-C209-4E77-B856-C4F50422E589}
		{66FBED97-5DA7-4C08-938D-ADF67687A13A} = {66FBED97-5DA7-4C08-938D-ADF67687A13A}
		{1DCB9FAC-E365-4EF0-B330-D0B13988A0A8} = {1DCB9FAC-E365-4EF0-B330-D0B13988A0A8}
		{F38A3003-D7F3-4DB0-A72E-6B210377D839} = {F38A3003-D7F3-4DB0-A72E-6B210377D839}
		{DC504986-FB7D-4B07-99F4-9C7DDA06B3DE} = {DC504986-FB7D-4B07-99F4-9C7DDA06B3DE}
		{F814AD57-BBB8-462A-80E3-16E2ADBE4ABD} = {F814AD57-BBB8-462A-80E3-16E2ADBE4ABD}
		{345B210C-65D0-424B-A4E7-5148A190AF03} = {345B210C-65D0-424B-A4E7-5148A190AF03}
		{47F5881B-9CC5-4320-8EA7-9C11DE93E096} = {47F5881B-9CC5-4320-8EA7-9C11DE93E096}
		{44B56731-3B9D-4F0A-98B8-D357BD599D26} = {44B56731-3B9D-4F0A-98B8-D357BD599D26}
		{C4EE56FB-3476-438D-A2DE-35EEA8936264} = {C4EE56FB-3476-438D-A2DE-35EEA8936264}
		{E8E98B11-7365-44C6-95D3-91759651D1E8} = {E8E98B11-7365-44C6-95D3-91759651D1E8}
		{0AD94C74-ACE0-4829-A3BB-E258B75DCCC8} = {0AD94C74-ACE0-4829-A3BB-E258B75DCCC8}
		{09626B49-170E-46ED-A2DA-375B715EF8A9} = {09626B49-170E-46ED-A2DA-375B715EF8A9}
		{C84CF9FB-4FF6-4C0D-9814-4F5B992D0D34} = {C84CF9FB-4FF6-4C0D-9814-4F5B992D0D34}
		{55E92794-7CF0-4542-A188-D9C0F6211B2D} = {55E92794-7CF0-4542-A188-D9C0F6211B2D}
		{1B8955D0-CFAF-4460-B657-693C744333E6} = {1B8955D0-CFAF-4460-B657-693C744333E6}
	EndProjectSection
EndProject
Project("{8BC9CEB8-8B4A-11D0-8D11-00A0C91BC942}") = "H5detect", "..\src\H5detect.vcxproj", "{37BA568E-0DAE-4011-B34C-A9EA52D55027}"
	ProjectSection(ProjectDependencies) = postProject
		{C5E5FC0A-43CB-4559-A57F-4CF78ACD3351} = {C5E5FC0A-43CB-4559-A57F-4CF78ACD3351}
	EndProjectSection
EndProject
Project("{8BC9CEB8-8B4A-11D0-8D11-00A0C91BC942}") = "H5make_libsettings", "..\src\H5make_libsettings.vcxproj", "{68521120-1C61-4535-B460-8E409632E767}"
	ProjectSection(ProjectDependencies) = postProject
		{C5E5FC0A-43CB-4559-A57F-4CF78ACD3351} = {C5E5FC0A-43CB-4559-A57F-4CF78ACD3351}
	EndProjectSection
EndProject
Project("{8BC9CEB8-8B4A-11D0-8D11-00A0C91BC942}") = "INSTALL", "INSTALL.vcxproj", "{E0EA0AF8-8B4B-45C6-89B9-41C975D90429}"
	ProjectSection(ProjectDependencies) = postProject
		{A1322CBD-8A87-479E-8849-815C443E5503} = {A1322CBD-8A87-479E-8849-815C443E5503}
	EndProjectSection
EndProject
Project("{8BC9CEB8-8B4A-11D0-8D11-00A0C91BC942}") = "PACKAGE", "PACKAGE.vcxproj", "{0C6873BB-80BF-47FE-AA76-C9E19AD3EB56}"
	ProjectSection(ProjectDependencies) = postProject
		{A1322CBD-8A87-479E-8849-815C443E5503} = {A1322CBD-8A87-479E-8849-815C443E5503}
	EndProjectSection
EndProject
Project("{8BC9CEB8-8B4A-11D0-8D11-00A0C91BC942}") = "RUN_TESTS", "RUN_TESTS.vcxproj", "{E02F5BDF-46E4-4D70-A5B1-2B19311EE546}"
	ProjectSection(ProjectDependencies) = postProject
	EndProjectSection
EndProject
Project("{8BC9CEB8-8B4A-11D0-8D11-00A0C91BC942}") = "ZERO_CHECK", "..\\ZERO_CHECK.vcxproj", "{C5E5FC0A-43CB-4559-A57F-4CF78ACD3351}"
	ProjectSection(ProjectDependencies) = postProject
	EndProjectSection
EndProject
Project("{8BC9CEB8-8B4A-11D0-8D11-00A0C91BC942}") = "chunk", "perform\chunk.vcxproj", "{15AAC603-8322-4C08-8CD8-187CD350A207}"
	ProjectSection(ProjectDependencies) = postProject
		{C5E5FC0A-43CB-4559-A57F-4CF78ACD3351} = {C5E5FC0A-43CB-4559-A57F-4CF78ACD3351}
		{5D5CD073-C26F-4626-9308-69E0DB53251D} = {5D5CD073-C26F-4626-9308-69E0DB53251D}
		{B97087A1-EE6A-4A3F-BA7A-615963B60D3A} = {B97087A1-EE6A-4A3F-BA7A-615963B60D3A}
	EndProjectSection
EndProject
Project("{8BC9CEB8-8B4A-11D0-8D11-00A0C91BC942}") = "dynlibadd", "h5repack\dynlibadd.vcxproj", "{C2AF19AA-32F9-45A4-B8D7-CF480606074B}"
	ProjectSection(ProjectDependencies) = postProject
		{C5E5FC0A-43CB-4559-A57F-4CF78ACD3351} = {C5E5FC0A-43CB-4559-A57F-4CF78ACD3351}
		{5D5CD073-C26F-4626-9308-69E0DB53251D} = {5D5CD073-C26F-4626-9308-69E0DB53251D}
		{7DC74FC9-5F94-4269-B1C2-18D6B043F5E3} = {7DC74FC9-5F94-4269-B1C2-18D6B043F5E3}
	EndProjectSection
EndProject
Project("{8BC9CEB8-8B4A-11D0-8D11-00A0C91BC942}") = "getub", "h5jam\getub.vcxproj", "{4E34B3A2-6CB5-4B84-BAF0-1C46F37ABBEE}"
	ProjectSection(ProjectDependencies) = postProject
		{C5E5FC0A-43CB-4559-A57F-4CF78ACD3351} = {C5E5FC0A-43CB-4559-A57F-4CF78ACD3351}
		{5D5CD073-C26F-4626-9308-69E0DB53251D} = {5D5CD073-C26F-4626-9308-69E0DB53251D}
		{B97087A1-EE6A-4A3F-BA7A-615963B60D3A} = {B97087A1-EE6A-4A3F-BA7A-615963B60D3A}
	EndProjectSection
EndProject
Project("{8BC9CEB8-8B4A-11D0-8D11-00A0C91BC942}") = "h5copy", "h5copy\h5copy.vcxproj", "{C2D31030-544D-48D3-930C-6D30CADED23E}"
	ProjectSection(ProjectDependencies) = postProject
		{C5E5FC0A-43CB-4559-A57F-4CF78ACD3351} = {C5E5FC0A-43CB-4559-A57F-4CF78ACD3351}
		{5D5CD073-C26F-4626-9308-69E0DB53251D} = {5D5CD073-C26F-4626-9308-69E0DB53251D}
		{B97087A1-EE6A-4A3F-BA7A-615963B60D3A} = {B97087A1-EE6A-4A3F-BA7A-615963B60D3A}
	EndProjectSection
EndProject
Project("{8BC9CEB8-8B4A-11D0-8D11-00A0C91BC942}") = "h5debug", "misc\h5debug.vcxproj", "{F949FF2C-4697-4DED-8B1A-921D495250D7}"
	ProjectSection(ProjectDependencies) = postProject
		{C5E5FC0A-43CB-4559-A57F-4CF78ACD3351} = {C5E5FC0A-43CB-4559-A57F-4CF78ACD3351}
		{5D5CD073-C26F-4626-9308-69E0DB53251D} = {5D5CD073-C26F-4626-9308-69E0DB53251D}
		{B97087A1-EE6A-4A3F-BA7A-615963B60D3A} = {B97087A1-EE6A-4A3F-BA7A-615963B60D3A}
	EndProjectSection
EndProject
Project("{8BC9CEB8-8B4A-11D0-8D11-00A0C91BC942}") = "h5diff", "h5diff\h5diff.vcxproj", "{288A9EE6-1730-4F54-AFCC-F803DDC817C9}"
	ProjectSection(ProjectDependencies) = postProject
		{C5E5FC0A-43CB-4559-A57F-4CF78ACD3351} = {C5E5FC0A-43CB-4559-A57F-4CF78ACD3351}
		{5D5CD073-C26F-4626-9308-69E0DB53251D} = {5D5CD073-C26F-4626-9308-69E0DB53251D}
		{B97087A1-EE6A-4A3F-BA7A-615963B60D3A} = {B97087A1-EE6A-4A3F-BA7A-615963B60D3A}
	EndProjectSection
EndProject
Project("{8BC9CEB8-8B4A-11D0-8D11-00A0C91BC942}") = "h5dump", "h5dump\h5dump.vcxproj", "{52BF4B81-59F1-4F7A-82DD-E1C6F0820669}"
	ProjectSection(ProjectDependencies) = postProject
		{C5E5FC0A-43CB-4559-A57F-4CF78ACD3351} = {C5E5FC0A-43CB-4559-A57F-4CF78ACD3351}
		{5D5CD073-C26F-4626-9308-69E0DB53251D} = {5D5CD073-C26F-4626-9308-69E0DB53251D}
		{B97087A1-EE6A-4A3F-BA7A-615963B60D3A} = {B97087A1-EE6A-4A3F-BA7A-615963B60D3A}
	EndProjectSection
EndProject
Project("{8BC9CEB8-8B4A-11D0-8D11-00A0C91BC942}") = "h5import", "h5import\h5import.vcxproj", "{97F91BC0-E84B-4446-A7F5-BBE2246F58F7}"
	ProjectSection(ProjectDependencies) = postProject
		{C5E5FC0A-43CB-4559-A57F-4CF78ACD3351} = {C5E5FC0A-43CB-4559-A57F-4CF78ACD3351}
		{5D5CD073-C26F-4626-9308-69E0DB53251D} = {5D5CD073-C26F-4626-9308-69E0DB53251D}
		{B97087A1-EE6A-4A3F-BA7A-615963B60D3A} = {B97087A1-EE6A-4A3F-BA7A-615963B60D3A}
	EndProjectSection
EndProject
Project("{8BC9CEB8-8B4A-11D0-8D11-00A0C91BC942}") = "h5importtest", "h5import\h5importtest.vcxproj", "{6DFE8297-FAAA-4AD2-92F2-D7D5210A8DCF}"
	ProjectSection(ProjectDependencies) = postProject
		{C5E5FC0A-43CB-4559-A57F-4CF78ACD3351} = {C5E5FC0A-43CB-4559-A57F-4CF78ACD3351}
		{5D5CD073-C26F-4626-9308-69E0DB53251D} = {5D5CD073-C26F-4626-9308-69E0DB53251D}
		{B97087A1-EE6A-4A3F-BA7A-615963B60D3A} = {B97087A1-EE6A-4A3F-BA7A-615963B60D3A}
	EndProjectSection
EndProject
Project("{8BC9CEB8-8B4A-11D0-8D11-00A0C91BC942}") = "h5jam", "h5jam\h5jam.vcxproj", "{AEA1544C-C209-4E77-B856-C4F50422E589}"
	ProjectSection(ProjectDependencies) = postProject
		{C5E5FC0A-43CB-4559-A57F-4CF78ACD3351} = {C5E5FC0A-43CB-4559-A57F-4CF78ACD3351}
		{5D5CD073-C26F-4626-9308-69E0DB53251D} = {5D5CD073-C26F-4626-9308-69E0DB53251D}
		{B97087A1-EE6A-4A3F-BA7A-615963B60D3A} = {B97087A1-EE6A-4A3F-BA7A-615963B60D3A}
	EndProjectSection
EndProject
Project("{8BC9CEB8-8B4A-11D0-8D11-00A0C91BC942}") = "h5ls", "h5ls\h5ls.vcxproj", "{66FBED97-5DA7-4C08-938D-ADF67687A13A}"
	ProjectSection(ProjectDependencies) = postProject
		{C5E5FC0A-43CB-4559-A57F-4CF78ACD3351} = {C5E5FC0A-43CB-4559-A57F-4CF78ACD3351}
		{5D5CD073-C26F-4626-9308-69E0DB53251D} = {5D5CD073-C26F-4626-9308-69E0DB53251D}
		{B97087A1-EE6A-4A3F-BA7A-615963B60D3A} = {B97087A1-EE6A-4A3F-BA7A-615963B60D3A}
	EndProjectSection
EndProject
Project("{8BC9CEB8-8B4A-11D0-8D11-00A0C91BC942}") = "h5mkgrp", "misc\h5mkgrp.vcxproj", "{1DCB9FAC-E365-4EF0-B330-D0B13988A0A8}"
	ProjectSection(ProjectDependencies) = postProject
		{C5E5FC0A-43CB-4559-A57F-4CF78ACD3351} = {C5E5FC0A-43CB-4559-A57F-4CF78ACD3351}
		{5D5CD073-C26F-4626-9308-69E0DB53251D} = {5D5CD073-C26F-4626-9308-69E0DB53251D}
		{B97087A1-EE6A-4A3F-BA7A-615963B60D3A} = {B97087A1-EE6A-4A3F-BA7A-615963B60D3A}
	EndProjectSection
EndProject
Project("{8BC9CEB8-8B4A-11D0-8D11-00A0C91BC942}") = "h5perf_serial", "perform\h5perf_serial.vcxproj", "{F38A3003-D7F3-4DB0-A72E-6B210377D839}"
	ProjectSection(ProjectDependencies) = postProject
		{C5E5FC0A-43CB-4559-A57F-4CF78ACD3351} = {C5E5FC0A-43CB-4559-A57F-4CF78ACD3351}
		{5D5CD073-C26F-4626-9308-69E0DB53251D} = {5D5CD073-C26F-4626-9308-69E0DB53251D}
		{B97087A1-EE6A-4A3F-BA7A-615963B60D3A} = {B97087A1-EE6A-4A3F-BA7A-615963B60D3A}
	EndProjectSection
EndProject
Project("{8BC9CEB8-8B4A-11D0-8D11-00A0C91BC942}") = "h5repack", "h5repack\h5repack.vcxproj", "{DC504986-FB7D-4B07-99F4-9C7DDA06B3DE}"
	ProjectSection(ProjectDependencies) = postProject
		{C5E5FC0A-43CB-4559-A57F-4CF78ACD3351} = {C5E5FC0A-43CB-4559-A57F-4CF78ACD3351}
		{5D5CD073-C26F-4626-9308-69E0DB53251D} = {5D5CD073-C26F-4626-9308-69E0DB53251D}
		{B97087A1-EE6A-4A3F-BA7A-615963B60D3A} = {B97087A1-EE6A-4A3F-BA7A-615963B60D3A}
	EndProjectSection
EndProject
Project("{8BC9CEB8-8B4A-11D0-8D11-00A0C91BC942}") = "h5repacktest", "h5repack\h5repacktest.vcxproj", "{F814AD57-BBB8-462A-80E3-16E2ADBE4ABD}"
	ProjectSection(ProjectDependencies) = postProject
		{C5E5FC0A-43CB-4559-A57F-4CF78ACD3351} = {C5E5FC0A-43CB-4559-A57F-4CF78ACD3351}
		{5D5CD073-C26F-4626-9308-69E0DB53251D} = {5D5CD073-C26F-4626-9308-69E0DB53251D}
		{7DC74FC9-5F94-4269-B1C2-18D6B043F5E3} = {7DC74FC9-5F94-4269-B1C2-18D6B043F5E3}
		{B97087A1-EE6A-4A3F-BA7A-615963B60D3A} = {B97087A1-EE6A-4A3F-BA7A-615963B60D3A}
	EndProjectSection
EndProject
Project("{8BC9CEB8-8B4A-11D0-8D11-00A0C91BC942}") = "h5repart", "misc\h5repart.vcxproj", "{345B210C-65D0-424B-A4E7-5148A190AF03}"
	ProjectSection(ProjectDependencies) = postProject
		{C5E5FC0A-43CB-4559-A57F-4CF78ACD3351} = {C5E5FC0A-43CB-4559-A57F-4CF78ACD3351}
		{5D5CD073-C26F-4626-9308-69E0DB53251D} = {5D5CD073-C26F-4626-9308-69E0DB53251D}
		{B97087A1-EE6A-4A3F-BA7A-615963B60D3A} = {B97087A1-EE6A-4A3F-BA7A-615963B60D3A}
	EndProjectSection
EndProject
Project("{8BC9CEB8-8B4A-11D0-8D11-00A0C91BC942}") = "h5repart_test", "misc\h5repart_test.vcxproj", "{47F5881B-9CC5-4320-8EA7-9C11DE93E096}"
	ProjectSection(ProjectDependencies) = postProject
		{C5E5FC0A-43CB-4559-A57F-4CF78ACD3351} = {C5E5FC0A-43CB-4559-A57F-4CF78ACD3351}
		{5D5CD073-C26F-4626-9308-69E0DB53251D} = {5D5CD073-C26F-4626-9308-69E0DB53251D}
		{B97087A1-EE6A-4A3F-BA7A-615963B60D3A} = {B97087A1-EE6A-4A3F-BA7A-615963B60D3A}
	EndProjectSection
EndProject
Project("{8BC9CEB8-8B4A-11D0-8D11-00A0C91BC942}") = "h5stat", "h5stat\h5stat.vcxproj", "{44B56731-3B9D-4F0A-98B8-D357BD599D26}"
	ProjectSection(ProjectDependencies) = postProject
		{C5E5FC0A-43CB-4559-A57F-4CF78ACD3351} = {C5E5FC0A-43CB-4559-A57F-4CF78ACD3351}
		{5D5CD073-C26F-4626-9308-69E0DB53251D} = {5D5CD073-C26F-4626-9308-69E0DB53251D}
		{B97087A1-EE6A-4A3F-BA7A-615963B60D3A} = {B97087A1-EE6A-4A3F-BA7A-615963B60D3A}
	EndProjectSection
EndProject
Project("{8BC9CEB8-8B4A-11D0-8D11-00A0C91BC942}") = "h5unjam", "h5jam\h5unjam.vcxproj", "{C4EE56FB-3476-438D-A2DE-35EEA8936264}"
	ProjectSection(ProjectDependencies) = postProject
		{C5E5FC0A-43CB-4559-A57F-4CF78ACD3351} = {C5E5FC0A-43CB-4559-A57F-4CF78ACD3351}
		{5D5CD073-C26F-4626-9308-69E0DB53251D} = {5D5CD073-C26F-4626-9308-69E0DB53251D}
		{B97087A1-EE6A-4A3F-BA7A-615963B60D3A} = {B97087A1-EE6A-4A3F-BA7A-615963B60D3A}
	EndProjectSection
EndProject
Project("{8BC9CEB8-8B4A-11D0-8D11-00A0C91BC942}") = "hdf5-static", "..\src\hdf5-static.vcxproj", "{5D5CD073-C26F-4626-9308-69E0DB53251D}"
	ProjectSection(ProjectDependencies) = postProject
		{37BA568E-0DAE-4011-B34C-A9EA52D55027} = {37BA568E-0DAE-4011-B34C-A9EA52D55027}
		{68521120-1C61-4535-B460-8E409632E767} = {68521120-1C61-4535-B460-8E409632E767}
		{C5E5FC0A-43CB-4559-A57F-4CF78ACD3351} = {C5E5FC0A-43CB-4559-A57F-4CF78ACD3351}
	EndProjectSection
EndProject
Project("{8BC9CEB8-8B4A-11D0-8D11-00A0C91BC942}") = "hdf5_test-static", "..\test\hdf5_test-static.vcxproj", "{7DC74FC9-5F94-4269-B1C2-18D6B043F5E3}"
	ProjectSection(ProjectDependencies) = postProject
		{C5E5FC0A-43CB-4559-A57F-4CF78ACD3351} = {C5E5FC0A-43CB-4559-A57F-4CF78ACD3351}
		{5D5CD073-C26F-4626-9308-69E0DB53251D} = {5D5CD073-C26F-4626-9308-69E0DB53251D}
	EndProjectSection
EndProject
Project("{8BC9CEB8-8B4A-11D0-8D11-00A0C91BC942}") = "hdf5_tools-static", "lib\hdf5_tools-static.vcxproj", "{B97087A1-EE6A-4A3F-BA7A-615963B60D3A}"
	ProjectSection(ProjectDependencies) = postProject
		{C5E5FC0A-43CB-4559-A57F-4CF78ACD3351} = {C5E5FC0A-43CB-4559-A57F-4CF78ACD3351}
		{5D5CD073-C26F-4626-9308-69E0DB53251D} = {5D5CD073-C26F-4626-9308-69E0DB53251D}
	EndProjectSection
EndProject
Project("{8BC9CEB8-8B4A-11D0-8D11-00A0C91BC942}") = "iopipe", "perform\iopipe.vcxproj", "{E8E98B11-7365-44C6-95D3-91759651D1E8}"
	ProjectSection(ProjectDependencies) = postProject
		{C5E5FC0A-43CB-4559-A57F-4CF78ACD3351} = {C5E5FC0A-43CB-4559-A57F-4CF78ACD3351}
		{5D5CD073-C26F-4626-9308-69E0DB53251D} = {5D5CD073-C26F-4626-9308-69E0DB53251D}
		{B97087A1-EE6A-4A3F-BA7A-615963B60D3A} = {B97087A1-EE6A-4A3F-BA7A-615963B60D3A}
	EndProjectSection
EndProject
Project("{8BC9CEB8-8B4A-11D0-8D11-00A0C91BC942}") = "overhead", "perform\overhead.vcxproj", "{0AD94C74-ACE0-4829-A3BB-E258B75DCCC8}"
	ProjectSection(ProjectDependencies) = postProject
		{C5E5FC0A-43CB-4559-A57F-4CF78ACD3351} = {C5E5FC0A-43CB-4559-A57F-4CF78ACD3351}
		{5D5CD073-C26F-4626-9308-69E0DB53251D} = {5D5CD073-C26F-4626-9308-69E0DB53251D}
		{B97087A1-EE6A-4A3F-BA7A-615963B60D3A} = {B97087A1-EE6A-4A3F-BA7A-615963B60D3A}
	EndProjectSection
EndProject
Project("{8BC9CEB8-8B4A-11D0-8D11-00A0C91BC942}") = "perf_meta", "perform\perf_meta.vcxproj", "{09626B49-170E-46ED-A2DA-375B715EF8A9}"
	ProjectSection(ProjectDependencies) = postProject
		{C5E5FC0A-43CB-4559-A57F-4CF78ACD3351} = {C5E5FC0A-43CB-4559-A57F-4CF78ACD3351}
		{5D5CD073-C26F-4626-9308-69E0DB53251D} = {5D5CD073-C26F-4626-9308-69E0DB53251D}
		{7DC74FC9-5F94-4269-B1C2-18D6B043F5E3} = {7DC74FC9-5F94-4269-B1C2-18D6B043F5E3}
		{B97087A1-EE6A-4A3F-BA7A-615963B60D3A} = {B97087A1-EE6A-4A3F-BA7A-615963B60D3A}
	EndProjectSection
EndProject
Project("{8BC9CEB8-8B4A-11D0-8D11-00A0C91BC942}") = "tellub", "h5jam\tellub.vcxproj", "{C84CF9FB-4FF6-4C0D-9814-4F5B992D0D34}"
	ProjectSection(ProjectDependencies) = postProject
		{C5E5FC0A-43CB-4559-A57F-4CF78ACD3351} = {C5E5FC0A-43CB-4559-A57F-4CF78ACD3351}
		{5D5CD073-C26F-4626-9308-69E0DB53251D} = {5D5CD073-C26F-4626-9308-69E0DB53251D}
		{B97087A1-EE6A-4A3F-BA7A-615963B60D3A} = {B97087A1-EE6A-4A3F-BA7A-615963B60D3A}
	EndProjectSection
EndProject
Project("{8BC9CEB8-8B4A-11D0-8D11-00A0C91BC942}") = "testh5repack_detect_szip", "h5repack\testh5repack_detect_szip.vcxproj", "{55E92794-7CF0-4542-A188-D9C0F6211B2D}"
	ProjectSection(ProjectDependencies) = postProject
		{C5E5FC0A-43CB-4559-A57F-4CF78ACD3351} = {C5E5FC0A-43CB-4559-A57F-4CF78ACD3351}
		{5D5CD073-C26F-4626-9308-69E0DB53251D} = {5D5CD073-C26F-4626-9308-69E0DB53251D}
		{7DC74FC9-5F94-4269-B1C2-18D6B043F5E3} = {7DC74FC9-5F94-4269-B1C2-18D6B043F5E3}
		{B97087A1-EE6A-4A3F-BA7A-615963B60D3A} = {B97087A1-EE6A-4A3F-BA7A-615963B60D3A}
	EndProjectSection
EndProject
Project("{8BC9CEB8-8B4A-11D0-8D11-00A0C91BC942}") = "zip_perf", "perform\zip_perf.vcxproj", "{1B8955D0-CFAF-4460-B657-693C744333E6}"
	ProjectSection(ProjectDependencies) = postProject
		{C5E5FC0A-43CB-4559-A57F-4CF78ACD3351} = {C5E5FC0A-43CB-4559-A57F-4CF78ACD3351}
		{5D5CD073-C26F-4626-9308-69E0DB53251D} = {5D5CD073-C26F-4626-9308-69E0DB53251D}
		{B97087A1-EE6A-4A3F-BA7A-615963B60D3A} = {B97087A1-EE6A-4A3F-BA7A-615963B60D3A}
	EndProjectSection
EndProject
Project("{2150E333-8FDC-42A3-9474-1A3956D46DE8}") = "CMakePredefinedTargets", "CMakePredefinedTargets", "{1B0FAD49-FC38-4653-B203-A83AA02FE1B0}"
EndProject
Project("{2150E333-8FDC-42A3-9474-1A3956D46DE8}") = "libraries", "libraries", "{6CA7B6E2-D085-4162-BA99-76CF0F158EC3}"
EndProject
Project("{2150E333-8FDC-42A3-9474-1A3956D46DE8}") = "test", "libraries\test", "{E552739E-9D76-4DE6-95B7-D669B69253C4}"
EndProject
Project("{2150E333-8FDC-42A3-9474-1A3956D46DE8}") = "tools", "libraries\tools", "{9FF44A5C-B0E4-4089-9ECC-E77E0516F8E2}"
EndProject
Project("{2150E333-8FDC-42A3-9474-1A3956D46DE8}") = "perform", "perform", "{7B3DA1E6-83EE-4642-8C46-68B926B31AD0}"
EndProject
Project("{2150E333-8FDC-42A3-9474-1A3956D46DE8}") = "tools", "tools", "{E5AAD6E6-8F38-40D6-B7B7-5383161EF3D7}"
EndProject
Global
	GlobalSection(SolutionConfigurationPlatforms) = preSolution
		Debug|x64 = Debug|x64
		Release|x64 = Release|x64
		MinSizeRel|x64 = MinSizeRel|x64
		RelWithDebInfo|x64 = RelWithDebInfo|x64
	EndGlobalSection
	GlobalSection(ProjectConfigurationPlatforms) = postSolution
		{A1322CBD-8A87-479E-8849-815C443E5503}.Debug|x64.ActiveCfg = Debug|x64
		{A1322CBD-8A87-479E-8849-815C443E5503}.Debug|x64.Build.0 = Debug|x64
		{A1322CBD-8A87-479E-8849-815C443E5503}.Release|x64.ActiveCfg = Release|x64
		{A1322CBD-8A87-479E-8849-815C443E5503}.Release|x64.Build.0 = Release|x64
		{A1322CBD-8A87-479E-8849-815C443E5503}.MinSizeRel|x64.ActiveCfg = MinSizeRel|x64
		{A1322CBD-8A87-479E-8849-815C443E5503}.MinSizeRel|x64.Build.0 = MinSizeRel|x64
		{A1322CBD-8A87-479E-8849-815C443E5503}.RelWithDebInfo|x64.ActiveCfg = RelWithDebInfo|x64
		{A1322CBD-8A87-479E-8849-815C443E5503}.RelWithDebInfo|x64.Build.0 = RelWithDebInfo|x64
		{37BA568E-0DAE-4011-B34C-A9EA52D55027}.Debug|x64.ActiveCfg = Debug|x64
		{37BA568E-0DAE-4011-B34C-A9EA52D55027}.Debug|x64.Build.0 = Debug|x64
		{37BA568E-0DAE-4011-B34C-A9EA52D55027}.Release|x64.ActiveCfg = Release|x64
		{37BA568E-0DAE-4011-B34C-A9EA52D55027}.Release|x64.Build.0 = Release|x64
		{37BA568E-0DAE-4011-B34C-A9EA52D55027}.MinSizeRel|x64.ActiveCfg = MinSizeRel|x64
		{37BA568E-0DAE-4011-B34C-A9EA52D55027}.MinSizeRel|x64.Build.0 = MinSizeRel|x64
		{37BA568E-0DAE-4011-B34C-A9EA52D55027}.RelWithDebInfo|x64.ActiveCfg = RelWithDebInfo|x64
		{37BA568E-0DAE-4011-B34C-A9EA52D55027}.RelWithDebInfo|x64.Build.0 = RelWithDebInfo|x64
		{68521120-1C61-4535-B460-8E409632E767}.Debug|x64.ActiveCfg = Debug|x64
		{68521120-1C61-4535-B460-8E409632E767}.Debug|x64.Build.0 = Debug|x64
		{68521120-1C61-4535-B460-8E409632E767}.Release|x64.ActiveCfg = Release|x64
		{68521120-1C61-4535-B460-8E409632E767}.Release|x64.Build.0 = Release|x64
		{68521120-1C61-4535-B460-8E409632E767}.MinSizeRel|x64.ActiveCfg = MinSizeRel|x64
		{68521120-1C61-4535-B460-8E409632E767}.MinSizeRel|x64.Build.0 = MinSizeRel|x64
		{68521120-1C61-4535-B460-8E409632E767}.RelWithDebInfo|x64.ActiveCfg = RelWithDebInfo|x64
		{68521120-1C61-4535-B460-8E409632E767}.RelWithDebInfo|x64.Build.0 = RelWithDebInfo|x64
		{E0EA0AF8-8B4B-45C6-89B9-41C975D90429}.Debug|x64.ActiveCfg = Debug|x64
		{E0EA0AF8-8B4B-45C6-89B9-41C975D90429}.Release|x64.ActiveCfg = Release|x64
		{E0EA0AF8-8B4B-45C6-89B9-41C975D90429}.MinSizeRel|x64.ActiveCfg = MinSizeRel|x64
		{E0EA0AF8-8B4B-45C6-89B9-41C975D90429}.RelWithDebInfo|x64.ActiveCfg = RelWithDebInfo|x64
		{0C6873BB-80BF-47FE-AA76-C9E19AD3EB56}.Debug|x64.ActiveCfg = Debug|x64
		{0C6873BB-80BF-47FE-AA76-C9E19AD3EB56}.Release|x64.ActiveCfg = Release|x64
		{0C6873BB-80BF-47FE-AA76-C9E19AD3EB56}.MinSizeRel|x64.ActiveCfg = MinSizeRel|x64
		{0C6873BB-80BF-47FE-AA76-C9E19AD3EB56}.RelWithDebInfo|x64.ActiveCfg = RelWithDebInfo|x64
		{E02F5BDF-46E4-4D70-A5B1-2B19311EE546}.Debug|x64.ActiveCfg = Debug|x64
		{E02F5BDF-46E4-4D70-A5B1-2B19311EE546}.Release|x64.ActiveCfg = Release|x64
		{E02F5BDF-46E4-4D70-A5B1-2B19311EE546}.MinSizeRel|x64.ActiveCfg = MinSizeRel|x64
		{E02F5BDF-46E4-4D70-A5B1-2B19311EE546}.RelWithDebInfo|x64.ActiveCfg = RelWithDebInfo|x64
		{C5E5FC0A-43CB-4559-A57F-4CF78ACD3351}.Debug|x64.ActiveCfg = Debug|x64
		{C5E5FC0A-43CB-4559-A57F-4CF78ACD3351}.Debug|x64.Build.0 = Debug|x64
		{C5E5FC0A-43CB-4559-A57F-4CF78ACD3351}.Release|x64.ActiveCfg = Release|x64
		{C5E5FC0A-43CB-4559-A57F-4CF78ACD3351}.Release|x64.Build.0 = Release|x64
		{C5E5FC0A-43CB-4559-A57F-4CF78ACD3351}.MinSizeRel|x64.ActiveCfg = MinSizeRel|x64
		{C5E5FC0A-43CB-4559-A57F-4CF78ACD3351}.MinSizeRel|x64.Build.0 = MinSizeRel|x64
		{C5E5FC0A-43CB-4559-A57F-4CF78ACD3351}.RelWithDebInfo|x64.ActiveCfg = RelWithDebInfo|x64
		{C5E5FC0A-43CB-4559-A57F-4CF78ACD3351}.RelWithDebInfo|x64.Build.0 = RelWithDebInfo|x64
		{15AAC603-8322-4C08-8CD8-187CD350A207}.Debug|x64.ActiveCfg = Debug|x64
		{15AAC603-8322-4C08-8CD8-187CD350A207}.Debug|x64.Build.0 = Debug|x64
		{15AAC603-8322-4C08-8CD8-187CD350A207}.Release|x64.ActiveCfg = Release|x64
		{15AAC603-8322-4C08-8CD8-187CD350A207}.Release|x64.Build.0 = Release|x64
		{15AAC603-8322-4C08-8CD8-187CD350A207}.MinSizeRel|x64.ActiveCfg = MinSizeRel|x64
		{15AAC603-8322-4C08-8CD8-187CD350A207}.MinSizeRel|x64.Build.0 = MinSizeRel|x64
		{15AAC603-8322-4C08-8CD8-187CD350A207}.RelWithDebInfo|x64.ActiveCfg = RelWithDebInfo|x64
		{15AAC603-8322-4C08-8CD8-187CD350A207}.RelWithDebInfo|x64.Build.0 = RelWithDebInfo|x64
		{C2AF19AA-32F9-45A4-B8D7-CF480606074B}.Debug|x64.ActiveCfg = Debug|x64
		{C2AF19AA-32F9-45A4-B8D7-CF480606074B}.Debug|x64.Build.0 = Debug|x64
		{C2AF19AA-32F9-45A4-B8D7-CF480606074B}.Release|x64.ActiveCfg = Release|x64
		{C2AF19AA-32F9-45A4-B8D7-CF480606074B}.Release|x64.Build.0 = Release|x64
		{C2AF19AA-32F9-45A4-B8D7-CF480606074B}.MinSizeRel|x64.ActiveCfg = MinSizeRel|x64
		{C2AF19AA-32F9-45A4-B8D7-CF480606074B}.MinSizeRel|x64.Build.0 = MinSizeRel|x64
		{C2AF19AA-32F9-45A4-B8D7-CF480606074B}.RelWithDebInfo|x64.ActiveCfg = RelWithDebInfo|x64
		{C2AF19AA-32F9-45A4-B8D7-CF480606074B}.RelWithDebInfo|x64.Build.0 = RelWithDebInfo|x64
		{4E34B3A2-6CB5-4B84-BAF0-1C46F37ABBEE}.Debug|x64.ActiveCfg = Debug|x64
		{4E34B3A2-6CB5-4B84-BAF0-1C46F37ABBEE}.Debug|x64.Build.0 = Debug|x64
		{4E34B3A2-6CB5-4B84-BAF0-1C46F37ABBEE}.Release|x64.ActiveCfg = Release|x64
		{4E34B3A2-6CB5-4B84-BAF0-1C46F37ABBEE}.Release|x64.Build.0 = Release|x64
		{4E34B3A2-6CB5-4B84-BAF0-1C46F37ABBEE}.MinSizeRel|x64.ActiveCfg = MinSizeRel|x64
		{4E34B3A2-6CB5-4B84-BAF0-1C46F37ABBEE}.MinSizeRel|x64.Build.0 = MinSizeRel|x64
		{4E34B3A2-6CB5-4B84-BAF0-1C46F37ABBEE}.RelWithDebInfo|x64.ActiveCfg = RelWithDebInfo|x64
		{4E34B3A2-6CB5-4B84-BAF0-1C46F37ABBEE}.RelWithDebInfo|x64.Build.0 = RelWithDebInfo|x64
		{C2D31030-544D-48D3-930C-6D30CADED23E}.Debug|x64.ActiveCfg = Debug|x64
		{C2D31030-544D-48D3-930C-6D30CADED23E}.Debug|x64.Build.0 = Debug|x64
		{C2D31030-544D-48D3-930C-6D30CADED23E}.Release|x64.ActiveCfg = Release|x64
		{C2D31030-544D-48D3-930C-6D30CADED23E}.Release|x64.Build.0 = Release|x64
		{C2D31030-544D-48D3-930C-6D30CADED23E}.MinSizeRel|x64.ActiveCfg = MinSizeRel|x64
		{C2D31030-544D-48D3-930C-6D30CADED23E}.MinSizeRel|x64.Build.0 = MinSizeRel|x64
		{C2D31030-544D-48D3-930C-6D30CADED23E}.RelWithDebInfo|x64.ActiveCfg = RelWithDebInfo|x64
		{C2D31030-544D-48D3-930C-6D30CADED23E}.RelWithDebInfo|x64.Build.0 = RelWithDebInfo|x64
		{F949FF2C-4697-4DED-8B1A-921D495250D7}.Debug|x64.ActiveCfg = Debug|x64
		{F949FF2C-4697-4DED-8B1A-921D495250D7}.Debug|x64.Build.0 = Debug|x64
		{F949FF2C-4697-4DED-8B1A-921D495250D7}.Release|x64.ActiveCfg = Release|x64
		{F949FF2C-4697-4DED-8B1A-921D495250D7}.Release|x64.Build.0 = Release|x64
		{F949FF2C-4697-4DED-8B1A-921D495250D7}.MinSizeRel|x64.ActiveCfg = MinSizeRel|x64
		{F949FF2C-4697-4DED-8B1A-921D495250D7}.MinSizeRel|x64.Build.0 = MinSizeRel|x64
		{F949FF2C-4697-4DED-8B1A-921D495250D7}.RelWithDebInfo|x64.ActiveCfg = RelWithDebInfo|x64
		{F949FF2C-4697-4DED-8B1A-921D495250D7}.RelWithDebInfo|x64.Build.0 = RelWithDebInfo|x64
		{288A9EE6-1730-4F54-AFCC-F803DDC817C9}.Debug|x64.ActiveCfg = Debug|x64
		{288A9EE6-1730-4F54-AFCC-F803DDC817C9}.Debug|x64.Build.0 = Debug|x64
		{288A9EE6-1730-4F54-AFCC-F803DDC817C9}.Release|x64.ActiveCfg = Release|x64
		{288A9EE6-1730-4F54-AFCC-F803DDC817C9}.Release|x64.Build.0 = Release|x64
		{288A9EE6-1730-4F54-AFCC-F803DDC817C9}.MinSizeRel|x64.ActiveCfg = MinSizeRel|x64
		{288A9EE6-1730-4F54-AFCC-F803DDC817C9}.MinSizeRel|x64.Build.0 = MinSizeRel|x64
		{288A9EE6-1730-4F54-AFCC-F803DDC817C9}.RelWithDebInfo|x64.ActiveCfg = RelWithDebInfo|x64
		{288A9EE6-1730-4F54-AFCC-F803DDC817C9}.RelWithDebInfo|x64.Build.0 = RelWithDebInfo|x64
		{52BF4B81-59F1-4F7A-82DD-E1C6F0820669}.Debug|x64.ActiveCfg = Debug|x64
		{52BF4B81-59F1-4F7A-82DD-E1C6F0820669}.Debug|x64.Build.0 = Debug|x64
		{52BF4B81-59F1-4F7A-82DD-E1C6F0820669}.Release|x64.ActiveCfg = Release|x64
		{52BF4B81-59F1-4F7A-82DD-E1C6F0820669}.Release|x64.Build.0 = Release|x64
		{52BF4B81-59F1-4F7A-82DD-E1C6F0820669}.MinSizeRel|x64.ActiveCfg = MinSizeRel|x64
		{52BF4B81-59F1-4F7A-82DD-E1C6F0820669}.MinSizeRel|x64.Build.0 = MinSizeRel|x64
		{52BF4B81-59F1-4F7A-82DD-E1C6F0820669}.RelWithDebInfo|x64.ActiveCfg = RelWithDebInfo|x64
		{52BF4B81-59F1-4F7A-82DD-E1C6F0820669}.RelWithDebInfo|x64.Build.0 = RelWithDebInfo|x64
		{97F91BC0-E84B-4446-A7F5-BBE2246F58F7}.Debug|x64.ActiveCfg = Debug|x64
		{97F91BC0-E84B-4446-A7F5-BBE2246F58F7}.Debug|x64.Build.0 = Debug|x64
		{97F91BC0-E84B-4446-A7F5-BBE2246F58F7}.Release|x64.ActiveCfg = Release|x64
		{97F91BC0-E84B-4446-A7F5-BBE2246F58F7}.Release|x64.Build.0 = Release|x64
		{97F91BC0-E84B-4446-A7F5-BBE2246F58F7}.MinSizeRel|x64.ActiveCfg = MinSizeRel|x64
		{97F91BC0-E84B-4446-A7F5-BBE2246F58F7}.MinSizeRel|x64.Build.0 = MinSizeRel|x64
		{97F91BC0-E84B-4446-A7F5-BBE2246F58F7}.RelWithDebInfo|x64.ActiveCfg = RelWithDebInfo|x64
		{97F91BC0-E84B-4446-A7F5-BBE2246F58F7}.RelWithDebInfo|x64.Build.0 = RelWithDebInfo|x64
		{6DFE8297-FAAA-4AD2-92F2-D7D5210A8DCF}.Debug|x64.ActiveCfg = Debug|x64
		{6DFE8297-FAAA-4AD2-92F2-D7D5210A8DCF}.Debug|x64.Build.0 = Debug|x64
		{6DFE8297-FAAA-4AD2-92F2-D7D5210A8DCF}.Release|x64.ActiveCfg = Release|x64
		{6DFE8297-FAAA-4AD2-92F2-D7D5210A8DCF}.Release|x64.Build.0 = Release|x64
		{6DFE8297-FAAA-4AD2-92F2-D7D5210A8DCF}.MinSizeRel|x64.ActiveCfg = MinSizeRel|x64
		{6DFE8297-FAAA-4AD2-92F2-D7D5210A8DCF}.MinSizeRel|x64.Build.0 = MinSizeRel|x64
		{6DFE8297-FAAA-4AD2-92F2-D7D5210A8DCF}.RelWithDebInfo|x64.ActiveCfg = RelWithDebInfo|x64
		{6DFE8297-FAAA-4AD2-92F2-D7D5210A8DCF}.RelWithDebInfo|x64.Build.0 = RelWithDebInfo|x64
		{AEA1544C-C209-4E77-B856-C4F50422E589}.Debug|x64.ActiveCfg = Debug|x64
		{AEA1544C-C209-4E77-B856-C4F50422E589}.Debug|x64.Build.0 = Debug|x64
		{AEA1544C-C209-4E77-B856-C4F50422E589}.Release|x64.ActiveCfg = Release|x64
		{AEA1544C-C209-4E77-B856-C4F50422E589}.Release|x64.Build.0 = Release|x64
		{AEA1544C-C209-4E77-B856-C4F50422E589}.MinSizeRel|x64.ActiveCfg = MinSizeRel|x64
		{AEA1544C-C209-4E77-B856-C4F50422E589}.MinSizeRel|x64.Build.0 = MinSizeRel|x64
		{AEA1544C-C209-4E77-B856-C4F50422E589}.RelWithDebInfo|x64.ActiveCfg = RelWithDebInfo|x64
		{AEA1544C-C209-4E77-B856-C4F50422E589}.RelWithDebInfo|x64.Build.0 = RelWithDebInfo|x64
		{66FBED97-5DA7-4C08-938D-ADF67687A13A}.Debug|x64.ActiveCfg = Debug|x64
		{66FBED97-5DA7-4C08-938D-ADF67687A13A}.Debug|x64.Build.0 = Debug|x64
		{66FBED97-5DA7-4C08-938D-ADF67687A13A}.Release|x64.ActiveCfg = Release|x64
		{66FBED97-5DA7-4C08-938D-ADF67687A13A}.Release|x64.Build.0 = Release|x64
		{66FBED97-5DA7-4C08-938D-ADF67687A13A}.MinSizeRel|x64.ActiveCfg = MinSizeRel|x64
		{66FBED97-5DA7-4C08-938D-ADF67687A13A}.MinSizeRel|x64.Build.0 = MinSizeRel|x64
		{66FBED97-5DA7-4C08-938D-ADF67687A13A}.RelWithDebInfo|x64.ActiveCfg = RelWithDebInfo|x64
		{66FBED97-5DA7-4C08-938D-ADF67687A13A}.RelWithDebInfo|x64.Build.0 = RelWithDebInfo|x64
		{1DCB9FAC-E365-4EF0-B330-D0B13988A0A8}.Debug|x64.ActiveCfg = Debug|x64
		{1DCB9FAC-E365-4EF0-B330-D0B13988A0A8}.Debug|x64.Build.0 = Debug|x64
		{1DCB9FAC-E365-4EF0-B330-D0B13988A0A8}.Release|x64.ActiveCfg = Release|x64
		{1DCB9FAC-E365-4EF0-B330-D0B13988A0A8}.Release|x64.Build.0 = Release|x64
		{1DCB9FAC-E365-4EF0-B330-D0B13988A0A8}.MinSizeRel|x64.ActiveCfg = MinSizeRel|x64
		{1DCB9FAC-E365-4EF0-B330-D0B13988A0A8}.MinSizeRel|x64.Build.0 = MinSizeRel|x64
		{1DCB9FAC-E365-4EF0-B330-D0B13988A0A8}.RelWithDebInfo|x64.ActiveCfg = RelWithDebInfo|x64
		{1DCB9FAC-E365-4EF0-B330-D0B13988A0A8}.RelWithDebInfo|x64.Build.0 = RelWithDebInfo|x64
		{F38A3003-D7F3-4DB0-A72E-6B210377D839}.Debug|x64.ActiveCfg = Debug|x64
		{F38A3003-D7F3-4DB0-A72E-6B210377D839}.Debug|x64.Build.0 = Debug|x64
		{F38A3003-D7F3-4DB0-A72E-6B210377D839}.Release|x64.ActiveCfg = Release|x64
		{F38A3003-D7F3-4DB0-A72E-6B210377D839}.Release|x64.Build.0 = Release|x64
		{F38A3003-D7F3-4DB0-A72E-6B210377D839}.MinSizeRel|x64.ActiveCfg = MinSizeRel|x64
		{F38A3003-D7F3-4DB0-A72E-6B210377D839}.MinSizeRel|x64.Build.0 = MinSizeRel|x64
		{F38A3003-D7F3-4DB0-A72E-6B210377D839}.RelWithDebInfo|x64.ActiveCfg = RelWithDebInfo|x64
		{F38A3003-D7F3-4DB0-A72E-6B210377D839}.RelWithDebInfo|x64.Build.0 = RelWithDebInfo|x64
		{DC504986-FB7D-4B07-99F4-9C7DDA06B3DE}.Debug|x64.ActiveCfg = Debug|x64
		{DC504986-FB7D-4B07-99F4-9C7DDA06B3DE}.Debug|x64.Build.0 = Debug|x64
		{DC504986-FB7D-4B07-99F4-9C7DDA06B3DE}.Release|x64.ActiveCfg = Release|x64
		{DC504986-FB7D-4B07-99F4-9C7DDA06B3DE}.Release|x64.Build.0 = Release|x64
		{DC504986-FB7D-4B07-99F4-9C7DDA06B3DE}.MinSizeRel|x64.ActiveCfg = MinSizeRel|x64
		{DC504986-FB7D-4B07-99F4-9C7DDA06B3DE}.MinSizeRel|x64.Build.0 = MinSizeRel|x64
		{DC504986-FB7D-4B07-99F4-9C7DDA06B3DE}.RelWithDebInfo|x64.ActiveCfg = RelWithDebInfo|x64
		{DC504986-FB7D-4B07-99F4-9C7DDA06B3DE}.RelWithDebInfo|x64.Build.0 = RelWithDebInfo|x64
		{F814AD57-BBB8-462A-80E3-16E2ADBE4ABD}.Debug|x64.ActiveCfg = Debug|x64
		{F814AD57-BBB8-462A-80E3-16E2ADBE4ABD}.Debug|x64.Build.0 = Debug|x64
		{F814AD57-BBB8-462A-80E3-16E2ADBE4ABD}.Release|x64.ActiveCfg = Release|x64
		{F814AD57-BBB8-462A-80E3-16E2ADBE4ABD}.Release|x64.Build.0 = Release|x64
		{F814AD57-BBB8-462A-80E3-16E2ADBE4ABD}.MinSizeRel|x64.ActiveCfg = MinSizeRel|x64
		{F814AD57-BBB8-462A-80E3-16E2ADBE4ABD}.MinSizeRel|x64.Build.0 = MinSizeRel|x64
		{F814AD57-BBB8-462A-80E3-16E2ADBE4ABD}.RelWithDebInfo|x64.ActiveCfg = RelWithDebInfo|x64
		{F814AD57-BBB8-462A-80E3-16E2ADBE4ABD}.RelWithDebInfo|x64.Build.0 = RelWithDebInfo|x64
		{345B210C-65D0-424B-A4E7-5148A190AF03}.Debug|x64.ActiveCfg = Debug|x64
		{345B210C-65D0-424B-A4E7-5148A190AF03}.Debug|x64.Build.0 = Debug|x64
		{345B210C-65D0-424B-A4E7-5148A190AF03}.Release|x64.ActiveCfg = Release|x64
		{345B210C-65D0-424B-A4E7-5148A190AF03}.Release|x64.Build.0 = Release|x64
		{345B210C-65D0-424B-A4E7-5148A190AF03}.MinSizeRel|x64.ActiveCfg = MinSizeRel|x64
		{345B210C-65D0-424B-A4E7-5148A190AF03}.MinSizeRel|x64.Build.0 = MinSizeRel|x64
		{345B210C-65D0-424B-A4E7-5148A190AF03}.RelWithDebInfo|x64.ActiveCfg = RelWithDebInfo|x64
		{345B210C-65D0-424B-A4E7-5148A190AF03}.RelWithDebInfo|x64.Build.0 = RelWithDebInfo|x64
		{47F5881B-9CC5-4320-8EA7-9C11DE93E096}.Debug|x64.ActiveCfg = Debug|x64
		{47F5881B-9CC5-4320-8EA7-9C11DE93E096}.Debug|x64.Build.0 = Debug|x64
		{47F5881B-9CC5-4320-8EA7-9C11DE93E096}.Release|x64.ActiveCfg = Release|x64
		{47F5881B-9CC5-4320-8EA7-9C11DE93E096}.Release|x64.Build.0 = Release|x64
		{47F5881B-9CC5-4320-8EA7-9C11DE93E096}.MinSizeRel|x64.ActiveCfg = MinSizeRel|x64
		{47F5881B-9CC5-4320-8EA7-9C11DE93E096}.MinSizeRel|x64.Build.0 = MinSizeRel|x64
		{47F5881B-9CC5-4320-8EA7-9C11DE93E096}.RelWithDebInfo|x64.ActiveCfg = RelWithDebInfo|x64
		{47F5881B-9CC5-4320-8EA7-9C11DE93E096}.RelWithDebInfo|x64.Build.0 = RelWithDebInfo|x64
		{44B56731-3B9D-4F0A-98B8-D357BD599D26}.Debug|x64.ActiveCfg = Debug|x64
		{44B56731-3B9D-4F0A-98B8-D357BD599D26}.Debug|x64.Build.0 = Debug|x64
		{44B56731-3B9D-4F0A-98B8-D357BD599D26}.Release|x64.ActiveCfg = Release|x64
		{44B56731-3B9D-4F0A-98B8-D357BD599D26}.Release|x64.Build.0 = Release|x64
		{44B56731-3B9D-4F0A-98B8-D357BD599D26}.MinSizeRel|x64.ActiveCfg = MinSizeRel|x64
		{44B56731-3B9D-4F0A-98B8-D357BD599D26}.MinSizeRel|x64.Build.0 = MinSizeRel|x64
		{44B56731-3B9D-4F0A-98B8-D357BD599D26}.RelWithDebInfo|x64.ActiveCfg = RelWithDebInfo|x64
		{44B56731-3B9D-4F0A-98B8-D357BD599D26}.RelWithDebInfo|x64.Build.0 = RelWithDebInfo|x64
		{C4EE56FB-3476-438D-A2DE-35EEA8936264}.Debug|x64.ActiveCfg = Debug|x64
		{C4EE56FB-3476-438D-A2DE-35EEA8936264}.Debug|x64.Build.0 = Debug|x64
		{C4EE56FB-3476-438D-A2DE-35EEA8936264}.Release|x64.ActiveCfg = Release|x64
		{C4EE56FB-3476-438D-A2DE-35EEA8936264}.Release|x64.Build.0 = Release|x64
		{C4EE56FB-3476-438D-A2DE-35EEA8936264}.MinSizeRel|x64.ActiveCfg = MinSizeRel|x64
		{C4EE56FB-3476-438D-A2DE-35EEA8936264}.MinSizeRel|x64.Build.0 = MinSizeRel|x64
		{C4EE56FB-3476-438D-A2DE-35EEA8936264}.RelWithDebInfo|x64.ActiveCfg = RelWithDebInfo|x64
		{C4EE56FB-3476-438D-A2DE-35EEA8936264}.RelWithDebInfo|x64.Build.0 = RelWithDebInfo|x64
		{5D5CD073-C26F-4626-9308-69E0DB53251D}.Debug|x64.ActiveCfg = Debug|x64
		{5D5CD073-C26F-4626-9308-69E0DB53251D}.Debug|x64.Build.0 = Debug|x64
		{5D5CD073-C26F-4626-9308-69E0DB53251D}.Release|x64.ActiveCfg = Release|x64
		{5D5CD073-C26F-4626-9308-69E0DB53251D}.Release|x64.Build.0 = Release|x64
		{5D5CD073-C26F-4626-9308-69E0DB53251D}.MinSizeRel|x64.ActiveCfg = MinSizeRel|x64
		{5D5CD073-C26F-4626-9308-69E0DB53251D}.MinSizeRel|x64.Build.0 = MinSizeRel|x64
		{5D5CD073-C26F-4626-9308-69E0DB53251D}.RelWithDebInfo|x64.ActiveCfg = RelWithDebInfo|x64
		{5D5CD073-C26F-4626-9308-69E0DB53251D}.RelWithDebInfo|x64.Build.0 = RelWithDebInfo|x64
		{7DC74FC9-5F94-4269-B1C2-18D6B043F5E3}.Debug|x64.ActiveCfg = Debug|x64
		{7DC74FC9-5F94-4269-B1C2-18D6B043F5E3}.Debug|x64.Build.0 = Debug|x64
		{7DC74FC9-5F94-4269-B1C2-18D6B043F5E3}.Release|x64.ActiveCfg = Release|x64
		{7DC74FC9-5F94-4269-B1C2-18D6B043F5E3}.Release|x64.Build.0 = Release|x64
		{7DC74FC9-5F94-4269-B1C2-18D6B043F5E3}.MinSizeRel|x64.ActiveCfg = MinSizeRel|x64
		{7DC74FC9-5F94-4269-B1C2-18D6B043F5E3}.MinSizeRel|x64.Build.0 = MinSizeRel|x64
		{7DC74FC9-5F94-4269-B1C2-18D6B043F5E3}.RelWithDebInfo|x64.ActiveCfg = RelWithDebInfo|x64
		{7DC74FC9-5F94-4269-B1C2-18D6B043F5E3}.RelWithDebInfo|x64.Build.0 = RelWithDebInfo|x64
		{B97087A1-EE6A-4A3F-BA7A-615963B60D3A}.Debug|x64.ActiveCfg = Debug|x64
		{B97087A1-EE6A-4A3F-BA7A-615963B60D3A}.Debug|x64.Build.0 = Debug|x64
		{B97087A1-EE6A-4A3F-BA7A-615963B60D3A}.Release|x64.ActiveCfg = Release|x64
		{B97087A1-EE6A-4A3F-BA7A-615963B60D3A}.Release|x64.Build.0 = Release|x64
		{B97087A1-EE6A-4A3F-BA7A-615963B60D3A}.MinSizeRel|x64.ActiveCfg = MinSizeRel|x64
		{B97087A1-EE6A-4A3F-BA7A-615963B60D3A}.MinSizeRel|x64.Build.0 = MinSizeRel|x64
		{B97087A1-EE6A-4A3F-BA7A-615963B60D3A}.RelWithDebInfo|x64.ActiveCfg = RelWithDebInfo|x64
		{B97087A1-EE6A-4A3F-BA7A-615963B60D3A}.RelWithDebInfo|x64.Build.0 = RelWithDebInfo|x64
		{E8E98B11-7365-44C6-95D3-91759651D1E8}.Debug|x64.ActiveCfg = Debug|x64
		{E8E98B11-7365-44C6-95D3-91759651D1E8}.Debug|x64.Build.0 = Debug|x64
		{E8E98B11-7365-44C6-95D3-91759651D1E8}.Release|x64.ActiveCfg = Release|x64
		{E8E98B11-7365-44C6-95D3-91759651D1E8}.Release|x64.Build.0 = Release|x64
		{E8E98B11-7365-44C6-95D3-91759651D1E8}.MinSizeRel|x64.ActiveCfg = MinSizeRel|x64
		{E8E98B11-7365-44C6-95D3-91759651D1E8}.MinSizeRel|x64.Build.0 = MinSizeRel|x64
		{E8E98B11-7365-44C6-95D3-91759651D1E8}.RelWithDebInfo|x64.ActiveCfg = RelWithDebInfo|x64
		{E8E98B11-7365-44C6-95D3-91759651D1E8}.RelWithDebInfo|x64.Build.0 = RelWithDebInfo|x64
		{0AD94C74-ACE0-4829-A3BB-E258B75DCCC8}.Debug|x64.ActiveCfg = Debug|x64
		{0AD94C74-ACE0-4829-A3BB-E258B75DCCC8}.Debug|x64.Build.0 = Debug|x64
		{0AD94C74-ACE0-4829-A3BB-E258B75DCCC8}.Release|x64.ActiveCfg = Release|x64
		{0AD94C74-ACE0-4829-A3BB-E258B75DCCC8}.Release|x64.Build.0 = Release|x64
		{0AD94C74-ACE0-4829-A3BB-E258B75DCCC8}.MinSizeRel|x64.ActiveCfg = MinSizeRel|x64
		{0AD94C74-ACE0-4829-A3BB-E258B75DCCC8}.MinSizeRel|x64.Build.0 = MinSizeRel|x64
		{0AD94C74-ACE0-4829-A3BB-E258B75DCCC8}.RelWithDebInfo|x64.ActiveCfg = RelWithDebInfo|x64
		{0AD94C74-ACE0-4829-A3BB-E258B75DCCC8}.RelWithDebInfo|x64.Build.0 = RelWithDebInfo|x64
		{09626B49-170E-46ED-A2DA-375B715EF8A9}.Debug|x64.ActiveCfg = Debug|x64
		{09626B49-170E-46ED-A2DA-375B715EF8A9}.Debug|x64.Build.0 = Debug|x64
		{09626B49-170E-46ED-A2DA-375B715EF8A9}.Release|x64.ActiveCfg = Release|x64
		{09626B49-170E-46ED-A2DA-375B715EF8A9}.Release|x64.Build.0 = Release|x64
		{09626B49-170E-46ED-A2DA-375B715EF8A9}.MinSizeRel|x64.ActiveCfg = MinSizeRel|x64
		{09626B49-170E-46ED-A2DA-375B715EF8A9}.MinSizeRel|x64.Build.0 = MinSizeRel|x64
		{09626B49-170E-46ED-A2DA-375B715EF8A9}.RelWithDebInfo|x64.ActiveCfg = RelWithDebInfo|x64
		{09626B49-170E-46ED-A2DA-375B715EF8A9}.RelWithDebInfo|x64.Build.0 = RelWithDebInfo|x64
		{C84CF9FB-4FF6-4C0D-9814-4F5B992D0D34}.Debug|x64.ActiveCfg = Debug|x64
		{C84CF9FB-4FF6-4C0D-9814-4F5B992D0D34}.Debug|x64.Build.0 = Debug|x64
		{C84CF9FB-4FF6-4C0D-9814-4F5B992D0D34}.Release|x64.ActiveCfg = Release|x64
		{C84CF9FB-4FF6-4C0D-9814-4F5B992D0D34}.Release|x64.Build.0 = Release|x64
		{C84CF9FB-4FF6-4C0D-9814-4F5B992D0D34}.MinSizeRel|x64.ActiveCfg = MinSizeRel|x64
		{C84CF9FB-4FF6-4C0D-9814-4F5B992D0D34}.MinSizeRel|x64.Build.0 = MinSizeRel|x64
		{C84CF9FB-4FF6-4C0D-9814-4F5B992D0D34}.RelWithDebInfo|x64.ActiveCfg = RelWithDebInfo|x64
		{C84CF9FB-4FF6-4C0D-9814-4F5B992D0D34}.RelWithDebInfo|x64.Build.0 = RelWithDebInfo|x64
		{55E92794-7CF0-4542-A188-D9C0F6211B2D}.Debug|x64.ActiveCfg = Debug|x64
		{55E92794-7CF0-4542-A188-D9C0F6211B2D}.Debug|x64.Build.0 = Debug|x64
		{55E92794-7CF0-4542-A188-D9C0F6211B2D}.Release|x64.ActiveCfg = Release|x64
		{55E92794-7CF0-4542-A188-D9C0F6211B2D}.Release|x64.Build.0 = Release|x64
		{55E92794-7CF0-4542-A188-D9C0F6211B2D}.MinSizeRel|x64.ActiveCfg = MinSizeRel|x64
		{55E92794-7CF0-4542-A188-D9C0F6211B2D}.MinSizeRel|x64.Build.0 = MinSizeRel|x64
		{55E92794-7CF0-4542-A188-D9C0F6211B2D}.RelWithDebInfo|x64.ActiveCfg = RelWithDebInfo|x64
		{55E92794-7CF0-4542-A188-D9C0F6211B2D}.RelWithDebInfo|x64.Build.0 = RelWithDebInfo|x64
		{1B8955D0-CFAF-4460-B657-693C744333E6}.Debug|x64.ActiveCfg = Debug|x64
		{1B8955D0-CFAF-4460-B657-693C744333E6}.Debug|x64.Build.0 = Debug|x64
		{1B8955D0-CFAF-4460-B657-693C744333E6}.Release|x64.ActiveCfg = Release|x64
		{1B8955D0-CFAF-4460-B657-693C744333E6}.Release|x64.Build.0 = Release|x64
		{1B8955D0-CFAF-4460-B657-693C744333E6}.MinSizeRel|x64.ActiveCfg = MinSizeRel|x64
		{1B8955D0-CFAF-4460-B657-693C744333E6}.MinSizeRel|x64.Build.0 = MinSizeRel|x64
		{1B8955D0-CFAF-4460-B657-693C744333E6}.RelWithDebInfo|x64.ActiveCfg = RelWithDebInfo|x64
		{1B8955D0-CFAF-4460-B657-693C744333E6}.RelWithDebInfo|x64.Build.0 = RelWithDebInfo|x64
	EndGlobalSection
	GlobalSection(NestedProjects) = preSolution
		{E0EA0AF8-8B4B-45C6-89B9-41C975D90429} = {1B0FAD49-FC38-4653-B203-A83AA02FE1B0}
		{0C6873BB-80BF-47FE-AA76-C9E19AD3EB56} = {1B0FAD49-FC38-4653-B203-A83AA02FE1B0}
		{E02F5BDF-46E4-4D70-A5B1-2B19311EE546} = {1B0FAD49-FC38-4653-B203-A83AA02FE1B0}
		{C5E5FC0A-43CB-4559-A57F-4CF78ACD3351} = {1B0FAD49-FC38-4653-B203-A83AA02FE1B0}
		{E552739E-9D76-4DE6-95B7-D669B69253C4} = {6CA7B6E2-D085-4162-BA99-76CF0F158EC3}
		{9FF44A5C-B0E4-4089-9ECC-E77E0516F8E2} = {6CA7B6E2-D085-4162-BA99-76CF0F158EC3}
		{5D5CD073-C26F-4626-9308-69E0DB53251D} = {6CA7B6E2-D085-4162-BA99-76CF0F158EC3}
		{7DC74FC9-5F94-4269-B1C2-18D6B043F5E3} = {E552739E-9D76-4DE6-95B7-D669B69253C4}
		{B97087A1-EE6A-4A3F-BA7A-615963B60D3A} = {9FF44A5C-B0E4-4089-9ECC-E77E0516F8E2}
		{15AAC603-8322-4C08-8CD8-187CD350A207} = {7B3DA1E6-83EE-4642-8C46-68B926B31AD0}
		{F38A3003-D7F3-4DB0-A72E-6B210377D839} = {7B3DA1E6-83EE-4642-8C46-68B926B31AD0}
		{E8E98B11-7365-44C6-95D3-91759651D1E8} = {7B3DA1E6-83EE-4642-8C46-68B926B31AD0}
		{0AD94C74-ACE0-4829-A3BB-E258B75DCCC8} = {7B3DA1E6-83EE-4642-8C46-68B926B31AD0}
		{09626B49-170E-46ED-A2DA-375B715EF8A9} = {7B3DA1E6-83EE-4642-8C46-68B926B31AD0}
		{1B8955D0-CFAF-4460-B657-693C744333E6} = {7B3DA1E6-83EE-4642-8C46-68B926B31AD0}
		{4E34B3A2-6CB5-4B84-BAF0-1C46F37ABBEE} = {E5AAD6E6-8F38-40D6-B7B7-5383161EF3D7}
		{C2D31030-544D-48D3-930C-6D30CADED23E} = {E5AAD6E6-8F38-40D6-B7B7-5383161EF3D7}
		{F949FF2C-4697-4DED-8B1A-921D495250D7} = {E5AAD6E6-8F38-40D6-B7B7-5383161EF3D7}
		{288A9EE6-1730-4F54-AFCC-F803DDC817C9} = {E5AAD6E6-8F38-40D6-B7B7-5383161EF3D7}
		{52BF4B81-59F1-4F7A-82DD-E1C6F0820669} = {E5AAD6E6-8F38-40D6-B7B7-5383161EF3D7}
		{97F91BC0-E84B-4446-A7F5-BBE2246F58F7} = {E5AAD6E6-8F38-40D6-B7B7-5383161EF3D7}
		{6DFE8297-FAAA-4AD2-92F2-D7D5210A8DCF} = {E5AAD6E6-8F38-40D6-B7B7-5383161EF3D7}
		{AEA1544C-C209-4E77-B856-C4F50422E589} = {E5AAD6E6-8F38-40D6-B7B7-5383161EF3D7}
		{66FBED97-5DA7-4C08-938D-ADF67687A13A} = {E5AAD6E6-8F38-40D6-B7B7-5383161EF3D7}
		{1DCB9FAC-E365-4EF0-B330-D0B13988A0A8} = {E5AAD6E6-8F38-40D6-B7B7-5383161EF3D7}
		{DC504986-FB7D-4B07-99F4-9C7DDA06B3DE} = {E5AAD6E6-8F38-40D6-B7B7-5383161EF3D7}
		{F814AD57-BBB8-462A-80E3-16E2ADBE4ABD} = {E5AAD6E6-8F38-40D6-B7B7-5383161EF3D7}
		{345B210C-65D0-424B-A4E7-5148A190AF03} = {E5AAD6E6-8F38-40D6-B7B7-5383161EF3D7}
		{47F5881B-9CC5-4320-8EA7-9C11DE93E096} = {E5AAD6E6-8F38-40D6-B7B7-5383161EF3D7}
		{44B56731-3B9D-4F0A-98B8-D357BD599D26} = {E5AAD6E6-8F38-40D6-B7B7-5383161EF3D7}
		{C4EE56FB-3476-438D-A2DE-35EEA8936264} = {E5AAD6E6-8F38-40D6-B7B7-5383161EF3D7}
		{C84CF9FB-4FF6-4C0D-9814-4F5B992D0D34} = {E5AAD6E6-8F38-40D6-B7B7-5383161EF3D7}
		{55E92794-7CF0-4542-A188-D9C0F6211B2D} = {E5AAD6E6-8F38-40D6-B7B7-5383161EF3D7}
	EndGlobalSection
	GlobalSection(ExtensibilityGlobals) = postSolution
	EndGlobalSection
	GlobalSection(ExtensibilityAddIns) = postSolution
	EndGlobalSection
EndGlobal
