Microsoft Visual Studio Solution File, Format Version 12.00
# Visual Studio 2013
Project("{8BC9CEB8-8B4A-11D0-8D11-00A0C91BC942}") = "ALL_BUILD", "ALL_BUILD.vcxproj", "{A1322CBD-8A87-479E-8849-815C443E5503}"
	ProjectSection(ProjectDependencies) = postProject
		{093B8C4F-C2D8-4575-AFA1-0A36F68FCF60} = {093B8C4F-C2D8-4575-AFA1-0A36F68FCF60}
		{62C6CDA0-9484-43D6-B118-9001352BAEF2} = {62C6CDA0-9484-43D6-B118-9001352BAEF2}
		{73C5BEFC-C897-44E5-BD24-331B08307D3F} = {73C5BEFC-C897-44E5-BD24-331B08307D3F}
		{8DC640B5-1336-432D-AE9B-B1AB382E3815} = {8DC640B5-1336-432D-AE9B-B1AB382E3815}
		{E79BD592-0DF3-4E51-995D-8410895C708B} = {E79BD592-0DF3-4E51-995D-8410895C708B}
		{7C862A34-7D97-41D7-9A09-0FF87BB05E8F} = {7C862A34-7D97-41D7-9A09-0FF87BB05E8F}
	EndProjectSection
EndProject
Project("{8BC9CEB8-8B4A-11D0-8D11-00A0C91BC942}") = "H5detect", "..\..\src\H5detect.vcxproj", "{37BA568E-0DAE-4011-B34C-A9EA52D55027}"
	ProjectSection(ProjectDependencies) = postProject
		{C5E5FC0A-43CB-4559-A57F-4CF78ACD3351} = {C5E5FC0A-43CB-4559-A57F-4CF78ACD3351}
	EndProjectSection
EndProject
Project("{8BC9CEB8-8B4A-11D0-8D11-00A0C91BC942}") = "H5make_libsettings", "..\..\src\H5make_libsettings.vcxproj", "{68521120-1C61-4535-B460-8E409632E767}"
	ProjectSection(ProjectDependencies) = postProject
		{C5E5FC0A-43CB-4559-A57F-4CF78ACD3351} = {C5E5FC0A-43CB-4559-A57F-4CF78ACD3351}
	EndProjectSection
EndProject
Project("{8BC9CEB8-8B4A-11D0-8D11-00A0C91BC942}") = "INSTALL", "INSTALL.vcxproj", "{E0EA0AF8-8B4B-45C6-89B9-41C975D90429}"
	ProjectSection(ProjectDependencies) = postProject
		{A1322CBD-8A87-479E-8849-815C443E5503} = {A1322CBD-8A87-479E-8849-815C443E5503}
	EndProjectSection
EndProject
Project("{8BC9CEB8-8B4A-11D0-8D11-00A0C91BC942}") = "PACKAGE", "PACKAGE.vcxproj", "{0C6873BB-80BF-47FE-AA76-C9E19AD3EB56}"
	ProjectSection(ProjectDependencies) = postProject
		{A1322CBD-8A87-479E-8849-815C443E5503} = {A1322CBD-8A87-479E-8849-815C443E5503}
	EndProjectSection
EndProject
Project("{8BC9CEB8-8B4A-11D0-8D11-00A0C91BC942}") = "RUN_TESTS", "RUN_TESTS.vcxproj", "{E02F5BDF-46E4-4D70-A5B1-2B19311EE546}"
	ProjectSection(ProjectDependencies) = postProject
	EndProjectSection
EndProject
Project("{8BC9CEB8-8B4A-11D0-8D11-00A0C91BC942}") = "ZERO_CHECK", "..\..\\ZERO_CHECK.vcxproj", "{C5E5FC0A-43CB-4559-A57F-4CF78ACD3351}"
	ProjectSection(ProjectDependencies) = postProject
	EndProjectSection
EndProject
Project("{8BC9CEB8-8B4A-11D0-8D11-00A0C91BC942}") = "hdf5-static", "..\..\src\hdf5-static.vcxproj", "{5D5CD073-C26F-4626-9308-69E0DB53251D}"
	ProjectSection(ProjectDependencies) = postProject
		{37BA568E-0DAE-4011-B34C-A9EA52D55027} = {37BA568E-0DAE-4011-B34C-A9EA52D55027}
		{68521120-1C61-4535-B460-8E409632E767} = {68521120-1C61-4535-B460-8E409632E767}
		{C5E5FC0A-43CB-4559-A57F-4CF78ACD3351} = {C5E5FC0A-43CB-4559-A57F-4CF78ACD3351}
	EndProjectSection
EndProject
Project("{8BC9CEB8-8B4A-11D0-8D11-00A0C91BC942}") = "hdf5_hl-static", "..\src\hdf5_hl-static.vcxproj", "{BE8A248E-1493-4793-8842-67B32AADB533}"
	ProjectSection(ProjectDependencies) = postProject
		{C5E5FC0A-43CB-4559-A57F-4CF78ACD3351} = {C5E5FC0A-43CB-4559-A57F-4CF78ACD3351}
		{5D5CD073-C26F-4626-9308-69E0DB53251D} = {5D5CD073-C26F-4626-9308-69E0DB53251D}
	EndProjectSection
EndProject
Project("{8BC9CEB8-8B4A-11D0-8D11-00A0C91BC942}") = "hdf5_test-static", "..\..\test\hdf5_test-static.vcxproj", "{7DC74FC9-5F94-4269-B1C2-18D6B043F5E3}"
	ProjectSection(ProjectDependencies) = postProject
		{C5E5FC0A-43CB-4559-A57F-4CF78ACD3351} = {C5E5FC0A-43CB-4559-A57F-4CF78ACD3351}
		{5D5CD073-C26F-4626-9308-69E0DB53251D} = {5D5CD073-C26F-4626-9308-69E0DB53251D}
	EndProjectSection
EndProject
Project("{8BC9CEB8-8B4A-11D0-8D11-00A0C91BC942}") = "hl_test_ds", "hl_test_ds.vcxproj", "{093B8C4F-C2D8-4575-AFA1-0A36F68FCF60}"
	ProjectSection(ProjectDependencies) = postProject
		{C5E5FC0A-43CB-4559-A57F-4CF78ACD3351} = {C5E5FC0A-43CB-4559-A57F-4CF78ACD3351}
		{5D5CD073-C26F-4626-9308-69E0DB53251D} = {5D5CD073-C26F-4626-9308-69E0DB53251D}
		{BE8A248E-1493-4793-8842-67B32AADB533} = {BE8A248E-1493-4793-8842-67B32AADB533}
		{7DC74FC9-5F94-4269-B1C2-18D6B043F5E3} = {7DC74FC9-5F94-4269-B1C2-18D6B043F5E3}
	EndProjectSection
EndProject
Project("{8BC9CEB8-8B4A-11D0-8D11-00A0C91BC942}") = "hl_test_dset_opt", "hl_test_dset_opt.vcxproj", "{62C6CDA0-9484-43D6-B118-9001352BAEF2}"
	ProjectSection(ProjectDependencies) = postProject
		{C5E5FC0A-43CB-4559-A57F-4CF78ACD3351} = {C5E5FC0A-43CB-4559-A57F-4CF78ACD3351}
		{5D5CD073-C26F-4626-9308-69E0DB53251D} = {5D5CD073-C26F-4626-9308-69E0DB53251D}
		{BE8A248E-1493-4793-8842-67B32AADB533} = {BE8A248E-1493-4793-8842-67B32AADB533}
		{7DC74FC9-5F94-4269-B1C2-18D6B043F5E3} = {7DC74FC9-5F94-4269-B1C2-18D6B043F5E3}
	EndProjectSection
EndProject
Project("{8BC9CEB8-8B4A-11D0-8D11-00A0C91BC942}") = "hl_test_image", "hl_test_image.vcxproj", "{73C5BEFC-C897-44E5-BD24-331B08307D3F}"
	ProjectSection(ProjectDependencies) = postProject
		{C5E5FC0A-43CB-4559-A57F-4CF78ACD3351} = {C5E5FC0A-43CB-4559-A57F-4CF78ACD3351}
		{5D5CD073-C26F-4626-9308-69E0DB53251D} = {5D5CD073-C26F-4626-9308-69E0DB53251D}
		{BE8A248E-1493-4793-8842-67B32AADB533} = {BE8A248E-1493-4793-8842-67B32AADB533}
		{7DC74FC9-5F94-4269-B1C2-18D6B043F5E3} = {7DC74FC9-5F94-4269-B1C2-18D6B043F5E3}
	EndProjectSection
EndProject
Project("{8BC9CEB8-8B4A-11D0-8D11-00A0C91BC942}") = "hl_test_lite", "hl_test_lite.vcxproj", "{8DC640B5-1336-432D-AE9B-B1AB382E3815}"
	ProjectSection(ProjectDependencies) = postProject
		{C5E5FC0A-43CB-4559-A57F-4CF78ACD3351} = {C5E5FC0A-43CB-4559-A57F-4CF78ACD3351}
		{5D5CD073-C26F-4626-9308-69E0DB53251D} = {5D5CD073-C26F-4626-9308-69E0DB53251D}
		{BE8A248E-1493-4793-8842-67B32AADB533} = {BE8A248E-1493-4793-8842-67B32AADB533}
		{7DC74FC9-5F94-4269-B1C2-18D6B043F5E3} = {7DC74FC9-5F94-4269-B1C2-18D6B043F5E3}
	EndProjectSection
EndProject
Project("{8BC9CEB8-8B4A-11D0-8D11-00A0C91BC942}") = "hl_test_packet", "hl_test_packet.vcxproj", "{E79BD592-0DF3-4E51-995D-8410895C708B}"
	ProjectSection(ProjectDependencies) = postProject
		{C5E5FC0A-43CB-4559-A57F-4CF78ACD3351} = {C5E5FC0A-43CB-4559-A57F-4CF78ACD3351}
		{5D5CD073-C26F-4626-9308-69E0DB53251D} = {5D5CD073-C26F-4626-9308-69E0DB53251D}
		{BE8A248E-1493-4793-8842-67B32AADB533} = {BE8A248E-1493-4793-8842-67B32AADB533}
		{7DC74FC9-5F94-4269-B1C2-18D6B043F5E3} = {7DC74FC9-5F94-4269-B1C2-18D6B043F5E3}
	EndProjectSection
EndProject
Project("{8BC9CEB8-8B4A-11D0-8D11-00A0C91BC942}") = "hl_test_table", "hl_test_table.vcxproj", "{7C862A34-7D97-41D7-9A09-0FF87BB05E8F}"
	ProjectSection(ProjectDependencies) = postProject
		{C5E5FC0A-43CB-4559-A57F-4CF78ACD3351} = {C5E5FC0A-43CB-4559-A57F-4CF78ACD3351}
		{5D5CD073-C26F-4626-9308-69E0DB53251D} = {5D5CD073-C26F-4626-9308-69E0DB53251D}
		{BE8A248E-1493-4793-8842-67B32AADB533} = {BE8A248E-1493-4793-8842-67B32AADB533}
		{7DC74FC9-5F94-4269-B1C2-18D6B043F5E3} = {7DC74FC9-5F94-4269-B1C2-18D6B043F5E3}
	EndProjectSection
EndProject
Project("{2150E333-8FDC-42A3-9474-1A3956D46DE8}") = "CMakePredefinedTargets", "CMakePredefinedTargets", "{1B0FAD49-FC38-4653-B203-A83AA02FE1B0}"
EndProject
Project("{2150E333-8FDC-42A3-9474-1A3956D46DE8}") = "libraries", "libraries", "{6CA7B6E2-D085-4162-BA99-76CF0F158EC3}"
EndProject
Project("{2150E333-8FDC-42A3-9474-1A3956D46DE8}") = "hl", "libraries\hl", "{2F7DD7D1-CADC-4154-B4F9-103BBDB097BC}"
EndProject
Project("{2150E333-8FDC-42A3-9474-1A3956D46DE8}") = "test", "libraries\test", "{E552739E-9D76-4DE6-95B7-D669B69253C4}"
EndProject
Project("{2150E333-8FDC-42A3-9474-1A3956D46DE8}") = "test", "test", "{39D73008-4EC1-4694-8DA4-C344CB80DA36}"
EndProject
Project("{2150E333-8FDC-42A3-9474-1A3956D46DE8}") = "hl", "test\hl", "{ECE35AC6-E27C-4732-BEF2-13B6C85E2889}"
EndProject
Global
	GlobalSection(SolutionConfigurationPlatforms) = preSolution
		Debug|x64 = Debug|x64
		Release|x64 = Release|x64
		MinSizeRel|x64 = MinSizeRel|x64
		RelWithDebInfo|x64 = RelWithDebInfo|x64
	EndGlobalSection
	GlobalSection(ProjectConfigurationPlatforms) = postSolution
		{A1322CBD-8A87-479E-8849-815C443E5503}.Debug|x64.ActiveCfg = Debug|x64
		{A1322CBD-8A87-479E-8849-815C443E5503}.Debug|x64.Build.0 = Debug|x64
		{A1322CBD-8A87-479E-8849-815C443E5503}.Release|x64.ActiveCfg = Release|x64
		{A1322CBD-8A87-479E-8849-815C443E5503}.Release|x64.Build.0 = Release|x64
		{A1322CBD-8A87-479E-8849-815C443E5503}.MinSizeRel|x64.ActiveCfg = MinSizeRel|x64
		{A1322CBD-8A87-479E-8849-815C443E5503}.MinSizeRel|x64.Build.0 = MinSizeRel|x64
		{A1322CBD-8A87-479E-8849-815C443E5503}.RelWithDebInfo|x64.ActiveCfg = RelWithDebInfo|x64
		{A1322CBD-8A87-479E-8849-815C443E5503}.RelWithDebInfo|x64.Build.0 = RelWithDebInfo|x64
		{37BA568E-0DAE-4011-B34C-A9EA52D55027}.Debug|x64.ActiveCfg = Debug|x64
		{37BA568E-0DAE-4011-B34C-A9EA52D55027}.Debug|x64.Build.0 = Debug|x64
		{37BA568E-0DAE-4011-B34C-A9EA52D55027}.Release|x64.ActiveCfg = Release|x64
		{37BA568E-0DAE-4011-B34C-A9EA52D55027}.Release|x64.Build.0 = Release|x64
		{37BA568E-0DAE-4011-B34C-A9EA52D55027}.MinSizeRel|x64.ActiveCfg = MinSizeRel|x64
		{37BA568E-0DAE-4011-B34C-A9EA52D55027}.MinSizeRel|x64.Build.0 = MinSizeRel|x64
		{37BA568E-0DAE-4011-B34C-A9EA52D55027}.RelWithDebInfo|x64.ActiveCfg = RelWithDebInfo|x64
		{37BA568E-0DAE-4011-B34C-A9EA52D55027}.RelWithDebInfo|x64.Build.0 = RelWithDebInfo|x64
		{68521120-1C61-4535-B460-8E409632E767}.Debug|x64.ActiveCfg = Debug|x64
		{68521120-1C61-4535-B460-8E409632E767}.Debug|x64.Build.0 = Debug|x64
		{68521120-1C61-4535-B460-8E409632E767}.Release|x64.ActiveCfg = Release|x64
		{68521120-1C61-4535-B460-8E409632E767}.Release|x64.Build.0 = Release|x64
		{68521120-1C61-4535-B460-8E409632E767}.MinSizeRel|x64.ActiveCfg = MinSizeRel|x64
		{68521120-1C61-4535-B460-8E409632E767}.MinSizeRel|x64.Build.0 = MinSizeRel|x64
		{68521120-1C61-4535-B460-8E409632E767}.RelWithDebInfo|x64.ActiveCfg = RelWithDebInfo|x64
		{68521120-1C61-4535-B460-8E409632E767}.RelWithDebInfo|x64.Build.0 = RelWithDebInfo|x64
		{E0EA0AF8-8B4B-45C6-89B9-41C975D90429}.Debug|x64.ActiveCfg = Debug|x64
		{E0EA0AF8-8B4B-45C6-89B9-41C975D90429}.Release|x64.ActiveCfg = Release|x64
		{E0EA0AF8-8B4B-45C6-89B9-41C975D90429}.MinSizeRel|x64.ActiveCfg = MinSizeRel|x64
		{E0EA0AF8-8B4B-45C6-89B9-41C975D90429}.RelWithDebInfo|x64.ActiveCfg = RelWithDebInfo|x64
		{0C6873BB-80BF-47FE-AA76-C9E19AD3EB56}.Debug|x64.ActiveCfg = Debug|x64
		{0C6873BB-80BF-47FE-AA76-C9E19AD3EB56}.Release|x64.ActiveCfg = Release|x64
		{0C6873BB-80BF-47FE-AA76-C9E19AD3EB56}.MinSizeRel|x64.ActiveCfg = MinSizeRel|x64
		{0C6873BB-80BF-47FE-AA76-C9E19AD3EB56}.RelWithDebInfo|x64.ActiveCfg = RelWithDebInfo|x64
		{E02F5BDF-46E4-4D70-A5B1-2B19311EE546}.Debug|x64.ActiveCfg = Debug|x64
		{E02F5BDF-46E4-4D70-A5B1-2B19311EE546}.Release|x64.ActiveCfg = Release|x64
		{E02F5BDF-46E4-4D70-A5B1-2B19311EE546}.MinSizeRel|x64.ActiveCfg = MinSizeRel|x64
		{E02F5BDF-46E4-4D70-A5B1-2B19311EE546}.RelWithDebInfo|x64.ActiveCfg = RelWithDebInfo|x64
		{C5E5FC0A-43CB-4559-A57F-4CF78ACD3351}.Debug|x64.ActiveCfg = Debug|x64
		{C5E5FC0A-43CB-4559-A57F-4CF78ACD3351}.Debug|x64.Build.0 = Debug|x64
		{C5E5FC0A-43CB-4559-A57F-4CF78ACD3351}.Release|x64.ActiveCfg = Release|x64
		{C5E5FC0A-43CB-4559-A57F-4CF78ACD3351}.Release|x64.Build.0 = Release|x64
		{C5E5FC0A-43CB-4559-A57F-4CF78ACD3351}.MinSizeRel|x64.ActiveCfg = MinSizeRel|x64
		{C5E5FC0A-43CB-4559-A57F-4CF78ACD3351}.MinSizeRel|x64.Build.0 = MinSizeRel|x64
		{C5E5FC0A-43CB-4559-A57F-4CF78ACD3351}.RelWithDebInfo|x64.ActiveCfg = RelWithDebInfo|x64
		{C5E5FC0A-43CB-4559-A57F-4CF78ACD3351}.RelWithDebInfo|x64.Build.0 = RelWithDebInfo|x64
		{5D5CD073-C26F-4626-9308-69E0DB53251D}.Debug|x64.ActiveCfg = Debug|x64
		{5D5CD073-C26F-4626-9308-69E0DB53251D}.Debug|x64.Build.0 = Debug|x64
		{5D5CD073-C26F-4626-9308-69E0DB53251D}.Release|x64.ActiveCfg = Release|x64
		{5D5CD073-C26F-4626-9308-69E0DB53251D}.Release|x64.Build.0 = Release|x64
		{5D5CD073-C26F-4626-9308-69E0DB53251D}.MinSizeRel|x64.ActiveCfg = MinSizeRel|x64
		{5D5CD073-C26F-4626-9308-69E0DB53251D}.MinSizeRel|x64.Build.0 = MinSizeRel|x64
		{5D5CD073-C26F-4626-9308-69E0DB53251D}.RelWithDebInfo|x64.ActiveCfg = RelWithDebInfo|x64
		{5D5CD073-C26F-4626-9308-69E0DB53251D}.RelWithDebInfo|x64.Build.0 = RelWithDebInfo|x64
		{BE8A248E-1493-4793-8842-67B32AADB533}.Debug|x64.ActiveCfg = Debug|x64
		{BE8A248E-1493-4793-8842-67B32AADB533}.Debug|x64.Build.0 = Debug|x64
		{BE8A248E-1493-4793-8842-67B32AADB533}.Release|x64.ActiveCfg = Release|x64
		{BE8A248E-1493-4793-8842-67B32AADB533}.Release|x64.Build.0 = Release|x64
		{BE8A248E-1493-4793-8842-67B32AADB533}.MinSizeRel|x64.ActiveCfg = MinSizeRel|x64
		{BE8A248E-1493-4793-8842-67B32AADB533}.MinSizeRel|x64.Build.0 = MinSizeRel|x64
		{BE8A248E-1493-4793-8842-67B32AADB533}.RelWithDebInfo|x64.ActiveCfg = RelWithDebInfo|x64
		{BE8A248E-1493-4793-8842-67B32AADB533}.RelWithDebInfo|x64.Build.0 = RelWithDebInfo|x64
		{7DC74FC9-5F94-4269-B1C2-18D6B043F5E3}.Debug|x64.ActiveCfg = Debug|x64
		{7DC74FC9-5F94-4269-B1C2-18D6B043F5E3}.Debug|x64.Build.0 = Debug|x64
		{7DC74FC9-5F94-4269-B1C2-18D6B043F5E3}.Release|x64.ActiveCfg = Release|x64
		{7DC74FC9-5F94-4269-B1C2-18D6B043F5E3}.Release|x64.Build.0 = Release|x64
		{7DC74FC9-5F94-4269-B1C2-18D6B043F5E3}.MinSizeRel|x64.ActiveCfg = MinSizeRel|x64
		{7DC74FC9-5F94-4269-B1C2-18D6B043F5E3}.MinSizeRel|x64.Build.0 = MinSizeRel|x64
		{7DC74FC9-5F94-4269-B1C2-18D6B043F5E3}.RelWithDebInfo|x64.ActiveCfg = RelWithDebInfo|x64
		{7DC74FC9-5F94-4269-B1C2-18D6B043F5E3}.RelWithDebInfo|x64.Build.0 = RelWithDebInfo|x64
		{093B8C4F-C2D8-4575-AFA1-0A36F68FCF60}.Debug|x64.ActiveCfg = Debug|x64
		{093B8C4F-C2D8-4575-AFA1-0A36F68FCF60}.Debug|x64.Build.0 = Debug|x64
		{093B8C4F-C2D8-4575-AFA1-0A36F68FCF60}.Release|x64.ActiveCfg = Release|x64
		{093B8C4F-C2D8-4575-AFA1-0A36F68FCF60}.Release|x64.Build.0 = Release|x64
		{093B8C4F-C2D8-4575-AFA1-0A36F68FCF60}.MinSizeRel|x64.ActiveCfg = MinSizeRel|x64
		{093B8C4F-C2D8-4575-AFA1-0A36F68FCF60}.MinSizeRel|x64.Build.0 = MinSizeRel|x64
		{093B8C4F-C2D8-4575-AFA1-0A36F68FCF60}.RelWithDebInfo|x64.ActiveCfg = RelWithDebInfo|x64
		{093B8C4F-C2D8-4575-AFA1-0A36F68FCF60}.RelWithDebInfo|x64.Build.0 = RelWithDebInfo|x64
		{62C6CDA0-9484-43D6-B118-9001352BAEF2}.Debug|x64.ActiveCfg = Debug|x64
		{62C6CDA0-9484-43D6-B118-9001352BAEF2}.Debug|x64.Build.0 = Debug|x64
		{62C6CDA0-9484-43D6-B118-9001352BAEF2}.Release|x64.ActiveCfg = Release|x64
		{62C6CDA0-9484-43D6-B118-9001352BAEF2}.Release|x64.Build.0 = Release|x64
		{62C6CDA0-9484-43D6-B118-9001352BAEF2}.MinSizeRel|x64.ActiveCfg = MinSizeRel|x64
		{62C6CDA0-9484-43D6-B118-9001352BAEF2}.MinSizeRel|x64.Build.0 = MinSizeRel|x64
		{62C6CDA0-9484-43D6-B118-9001352BAEF2}.RelWithDebInfo|x64.ActiveCfg = RelWithDebInfo|x64
		{62C6CDA0-9484-43D6-B118-9001352BAEF2}.RelWithDebInfo|x64.Build.0 = RelWithDebInfo|x64
		{73C5BEFC-C897-44E5-BD24-331B08307D3F}.Debug|x64.ActiveCfg = Debug|x64
		{73C5BEFC-C897-44E5-BD24-331B08307D3F}.Debug|x64.Build.0 = Debug|x64
		{73C5BEFC-C897-44E5-BD24-331B08307D3F}.Release|x64.ActiveCfg = Release|x64
		{73C5BEFC-C897-44E5-BD24-331B08307D3F}.Release|x64.Build.0 = Release|x64
		{73C5BEFC-C897-44E5-BD24-331B08307D3F}.MinSizeRel|x64.ActiveCfg = MinSizeRel|x64
		{73C5BEFC-C897-44E5-BD24-331B08307D3F}.MinSizeRel|x64.Build.0 = MinSizeRel|x64
		{73C5BEFC-C897-44E5-BD24-331B08307D3F}.RelWithDebInfo|x64.ActiveCfg = RelWithDebInfo|x64
		{73C5BEFC-C897-44E5-BD24-331B08307D3F}.RelWithDebInfo|x64.Build.0 = RelWithDebInfo|x64
		{8DC640B5-1336-432D-AE9B-B1AB382E3815}.Debug|x64.ActiveCfg = Debug|x64
		{8DC640B5-1336-432D-AE9B-B1AB382E3815}.Debug|x64.Build.0 = Debug|x64
		{8DC640B5-1336-432D-AE9B-B1AB382E3815}.Release|x64.ActiveCfg = Release|x64
		{8DC640B5-1336-432D-AE9B-B1AB382E3815}.Release|x64.Build.0 = Release|x64
		{8DC640B5-1336-432D-AE9B-B1AB382E3815}.MinSizeRel|x64.ActiveCfg = MinSizeRel|x64
		{8DC640B5-1336-432D-AE9B-B1AB382E3815}.MinSizeRel|x64.Build.0 = MinSizeRel|x64
		{8DC640B5-1336-432D-AE9B-B1AB382E3815}.RelWithDebInfo|x64.ActiveCfg = RelWithDebInfo|x64
		{8DC640B5-1336-432D-AE9B-B1AB382E3815}.RelWithDebInfo|x64.Build.0 = RelWithDebInfo|x64
		{E79BD592-0DF3-4E51-995D-8410895C708B}.Debug|x64.ActiveCfg = Debug|x64
		{E79BD592-0DF3-4E51-995D-8410895C708B}.Debug|x64.Build.0 = Debug|x64
		{E79BD592-0DF3-4E51-995D-8410895C708B}.Release|x64.ActiveCfg = Release|x64
		{E79BD592-0DF3-4E51-995D-8410895C708B}.Release|x64.Build.0 = Release|x64
		{E79BD592-0DF3-4E51-995D-8410895C708B}.MinSizeRel|x64.ActiveCfg = MinSizeRel|x64
		{E79BD592-0DF3-4E51-995D-8410895C708B}.MinSizeRel|x64.Build.0 = MinSizeRel|x64
		{E79BD592-0DF3-4E51-995D-8410895C708B}.RelWithDebInfo|x64.ActiveCfg = RelWithDebInfo|x64
		{E79BD592-0DF3-4E51-995D-8410895C708B}.RelWithDebInfo|x64.Build.0 = RelWithDebInfo|x64
		{7C862A34-7D97-41D7-9A09-0FF87BB05E8F}.Debug|x64.ActiveCfg = Debug|x64
		{7C862A34-7D97-41D7-9A09-0FF87BB05E8F}.Debug|x64.Build.0 = Debug|x64
		{7C862A34-7D97-41D7-9A09-0FF87BB05E8F}.Release|x64.ActiveCfg = Release|x64
		{7C862A34-7D97-41D7-9A09-0FF87BB05E8F}.Release|x64.Build.0 = Release|x64
		{7C862A34-7D97-41D7-9A09-0FF87BB05E8F}.MinSizeRel|x64.ActiveCfg = MinSizeRel|x64
		{7C862A34-7D97-41D7-9A09-0FF87BB05E8F}.MinSizeRel|x64.Build.0 = MinSizeRel|x64
		{7C862A34-7D97-41D7-9A09-0FF87BB05E8F}.RelWithDebInfo|x64.ActiveCfg = RelWithDebInfo|x64
		{7C862A34-7D97-41D7-9A09-0FF87BB05E8F}.RelWithDebInfo|x64.Build.0 = RelWithDebInfo|x64
	EndGlobalSection
	GlobalSection(NestedProjects) = preSolution
		{E0EA0AF8-8B4B-45C6-89B9-41C975D90429} = {1B0FAD49-FC38-4653-B203-A83AA02FE1B0}
		{0C6873BB-80BF-47FE-AA76-C9E19AD3EB56} = {1B0FAD49-FC38-4653-B203-A83AA02FE1B0}
		{E02F5BDF-46E4-4D70-A5B1-2B19311EE546} = {1B0FAD49-FC38-4653-B203-A83AA02FE1B0}
		{C5E5FC0A-43CB-4559-A57F-4CF78ACD3351} = {1B0FAD49-FC38-4653-B203-A83AA02FE1B0}
		{2F7DD7D1-CADC-4154-B4F9-103BBDB097BC} = {6CA7B6E2-D085-4162-BA99-76CF0F158EC3}
		{E552739E-9D76-4DE6-95B7-D669B69253C4} = {6CA7B6E2-D085-4162-BA99-76CF0F158EC3}
		{5D5CD073-C26F-4626-9308-69E0DB53251D} = {6CA7B6E2-D085-4162-BA99-76CF0F158EC3}
		{BE8A248E-1493-4793-8842-67B32AADB533} = {2F7DD7D1-CADC-4154-B4F9-103BBDB097BC}
		{7DC74FC9-5F94-4269-B1C2-18D6B043F5E3} = {E552739E-9D76-4DE6-95B7-D669B69253C4}
		{ECE35AC6-E27C-4732-BEF2-13B6C85E2889} = {39D73008-4EC1-4694-8DA4-C344CB80DA36}
		{093B8C4F-C2D8-4575-AFA1-0A36F68FCF60} = {ECE35AC6-E27C-4732-BEF2-13B6C85E2889}
		{62C6CDA0-9484-43D6-B118-9001352BAEF2} = {ECE35AC6-E27C-4732-BEF2-13B6C85E2889}
		{73C5BEFC-C897-44E5-BD24-331B08307D3F} = {ECE35AC6-E27C-4732-BEF2-13B6C85E2889}
		{8DC640B5-1336-432D-AE9B-B1AB382E3815} = {ECE35AC6-E27C-4732-BEF2-13B6C85E2889}
		{E79BD592-0DF3-4E51-995D-8410895C708B} = {ECE35AC6-E27C-4732-BEF2-13B6C85E2889}
		{7C862A34-7D97-41D7-9A09-0FF87BB05E8F} = {ECE35AC6-E27C-4732-BEF2-13B6C85E2889}
	EndGlobalSection
	GlobalSection(ExtensibilityGlobals) = postSolution
	EndGlobalSection
	GlobalSection(ExtensibilityAddIns) = postSolution
	EndGlobalSection
EndGlobal
