Microsoft Visual Studio Solution File, Format Version 12.00
# Visual Studio 2013
Project("{8BC9CEB8-8B4A-11D0-8D11-00A0C91BC942}") = "ALL_BUILD", "ALL_BUILD.vcxproj", "{A1322CBD-8A87-479E-8849-815C443E5503}"
	ProjectSection(ProjectDependencies) = postProject
		{195F9051-75C0-47B7-93BB-EE73AA7B0072} = {195F9051-75C0-47B7-93BB-EE73AA7B0072}
		{4F965AA8-969B-4EE4-A746-5E7710818994} = {4F965AA8-969B-4EE4-A746-5E7710818994}
		{0855562E-ED14-4145-8C53-A44B17DDCE10} = {0855562E-ED14-4145-8C53-A44B17DDCE10}
		{79CDC21A-EAF1-4C06-8ED7-87B0B4BF150F} = {79CDC21A-EAF1-4C06-8ED7-87B0B4BF150F}
		{3814210E-9165-48E9-8DED-A76867337607} = {3814210E-9165-48E9-8DED-A76867337607}
		{E8A3E6F0-A171-41E8-8697-7EC5CF00C6CD} = {E8A3E6F0-A171-41E8-8697-7EC5CF00C6CD}
		{B270FAC8-DB0A-49E0-A82F-6A9FE216D239} = {B270FAC8-DB0A-49E0-A82F-6A9FE216D239}
		{5B94CE3C-AF63-4F05-A966-8DA71C312117} = {5B94CE3C-AF63-4F05-A966-8DA71C312117}
		{9D0A32CC-2BC3-4A94-B286-44E0845DADAF} = {9D0A32CC-2BC3-4A94-B286-44E0845DADAF}
		{3634069F-4C70-47D7-8980-7BC37BC36F6C} = {3634069F-4C70-47D7-8980-7BC37BC36F6C}
		{CC9349AA-E3C0-485F-989E-DC09AA4A9D74} = {CC9349AA-E3C0-485F-989E-DC09AA4A9D74}
		{F0F38BA1-476C-4DDD-948E-C140A998C360} = {F0F38BA1-476C-4DDD-948E-C140A998C360}
		{785EF214-3342-4C2C-9659-68470A987ECB} = {785EF214-3342-4C2C-9659-68470A987ECB}
		{79C6C9F5-7FF1-43D7-8EE6-17871C602C61} = {79C6C9F5-7FF1-43D7-8EE6-17871C602C61}
		{DD794D36-C3F6-46AA-BE01-B5CC1635F98F} = {DD794D36-C3F6-46AA-BE01-B5CC1635F98F}
		{96E1AB27-3B07-4CE4-A9DF-D34F362CE3DB} = {96E1AB27-3B07-4CE4-A9DF-D34F362CE3DB}
	EndProjectSection
EndProject
Project("{8BC9CEB8-8B4A-11D0-8D11-00A0C91BC942}") = "H5detect", "..\..\src\H5detect.vcxproj", "{37BA568E-0DAE-4011-B34C-A9EA52D55027}"
	ProjectSection(ProjectDependencies) = postProject
		{C5E5FC0A-43CB-4559-A57F-4CF78ACD3351} = {C5E5FC0A-43CB-4559-A57F-4CF78ACD3351}
	EndProjectSection
EndProject
Project("{8BC9CEB8-8B4A-11D0-8D11-00A0C91BC942}") = "H5make_libsettings", "..\..\src\H5make_libsettings.vcxproj", "{68521120-1C61-4535-B460-8E409632E767}"
	ProjectSection(ProjectDependencies) = postProject
		{C5E5FC0A-43CB-4559-A57F-4CF78ACD3351} = {C5E5FC0A-43CB-4559-A57F-4CF78ACD3351}
	EndProjectSection
EndProject
Project("{8BC9CEB8-8B4A-11D0-8D11-00A0C91BC942}") = "INSTALL", "INSTALL.vcxproj", "{E0EA0AF8-8B4B-45C6-89B9-41C975D90429}"
	ProjectSection(ProjectDependencies) = postProject
		{A1322CBD-8A87-479E-8849-815C443E5503} = {A1322CBD-8A87-479E-8849-815C443E5503}
	EndProjectSection
EndProject
Project("{8BC9CEB8-8B4A-11D0-8D11-00A0C91BC942}") = "PACKAGE", "PACKAGE.vcxproj", "{0C6873BB-80BF-47FE-AA76-C9E19AD3EB56}"
	ProjectSection(ProjectDependencies) = postProject
		{A1322CBD-8A87-479E-8849-815C443E5503} = {A1322CBD-8A87-479E-8849-815C443E5503}
	EndProjectSection
EndProject
Project("{8BC9CEB8-8B4A-11D0-8D11-00A0C91BC942}") = "RUN_TESTS", "RUN_TESTS.vcxproj", "{E02F5BDF-46E4-4D70-A5B1-2B19311EE546}"
	ProjectSection(ProjectDependencies) = postProject
	EndProjectSection
EndProject
Project("{8BC9CEB8-8B4A-11D0-8D11-00A0C91BC942}") = "ZERO_CHECK", "..\..\\ZERO_CHECK.vcxproj", "{C5E5FC0A-43CB-4559-A57F-4CF78ACD3351}"
	ProjectSection(ProjectDependencies) = postProject
	EndProjectSection
EndProject
Project("{8BC9CEB8-8B4A-11D0-8D11-00A0C91BC942}") = "cpp_ex_chunks", "cpp_ex_chunks.vcxproj", "{195F9051-75C0-47B7-93BB-EE73AA7B0072}"
	ProjectSection(ProjectDependencies) = postProject
		{C5E5FC0A-43CB-4559-A57F-4CF78ACD3351} = {C5E5FC0A-43CB-4559-A57F-4CF78ACD3351}
		{5D5CD073-C26F-4626-9308-69E0DB53251D} = {5D5CD073-C26F-4626-9308-69E0DB53251D}
		{1E83E5C8-A94B-4858-8AFE-F2FE05B96A24} = {1E83E5C8-A94B-4858-8AFE-F2FE05B96A24}
	EndProjectSection
EndProject
Project("{8BC9CEB8-8B4A-11D0-8D11-00A0C91BC942}") = "cpp_ex_compound", "cpp_ex_compound.vcxproj", "{4F965AA8-969B-4EE4-A746-5E7710818994}"
	ProjectSection(ProjectDependencies) = postProject
		{C5E5FC0A-43CB-4559-A57F-4CF78ACD3351} = {C5E5FC0A-43CB-4559-A57F-4CF78ACD3351}
		{5D5CD073-C26F-4626-9308-69E0DB53251D} = {5D5CD073-C26F-4626-9308-69E0DB53251D}
		{1E83E5C8-A94B-4858-8AFE-F2FE05B96A24} = {1E83E5C8-A94B-4858-8AFE-F2FE05B96A24}
	EndProjectSection
EndProject
Project("{8BC9CEB8-8B4A-11D0-8D11-00A0C91BC942}") = "cpp_ex_create", "cpp_ex_create.vcxproj", "{0855562E-ED14-4145-8C53-A44B17DDCE10}"
	ProjectSection(ProjectDependencies) = postProject
		{C5E5FC0A-43CB-4559-A57F-4CF78ACD3351} = {C5E5FC0A-43CB-4559-A57F-4CF78ACD3351}
		{5D5CD073-C26F-4626-9308-69E0DB53251D} = {5D5CD073-C26F-4626-9308-69E0DB53251D}
		{1E83E5C8-A94B-4858-8AFE-F2FE05B96A24} = {1E83E5C8-A94B-4858-8AFE-F2FE05B96A24}
	EndProjectSection
EndProject
Project("{8BC9CEB8-8B4A-11D0-8D11-00A0C91BC942}") = "cpp_ex_extend_ds", "cpp_ex_extend_ds.vcxproj", "{79CDC21A-EAF1-4C06-8ED7-87B0B4BF150F}"
	ProjectSection(ProjectDependencies) = postProject
		{C5E5FC0A-43CB-4559-A57F-4CF78ACD3351} = {C5E5FC0A-43CB-4559-A57F-4CF78ACD3351}
		{5D5CD073-C26F-4626-9308-69E0DB53251D} = {5D5CD073-C26F-4626-9308-69E0DB53251D}
		{1E83E5C8-A94B-4858-8AFE-F2FE05B96A24} = {1E83E5C8-A94B-4858-8AFE-F2FE05B96A24}
	EndProjectSection
EndProject
Project("{8BC9CEB8-8B4A-11D0-8D11-00A0C91BC942}") = "cpp_ex_h5group", "cpp_ex_h5group.vcxproj", "{3814210E-9165-48E9-8DED-A76867337607}"
	ProjectSection(ProjectDependencies) = postProject
		{C5E5FC0A-43CB-4559-A57F-4CF78ACD3351} = {C5E5FC0A-43CB-4559-A57F-4CF78ACD3351}
		{5D5CD073-C26F-4626-9308-69E0DB53251D} = {5D5CD073-C26F-4626-9308-69E0DB53251D}
		{1E83E5C8-A94B-4858-8AFE-F2FE05B96A24} = {1E83E5C8-A94B-4858-8AFE-F2FE05B96A24}
	EndProjectSection
EndProject
Project("{8BC9CEB8-8B4A-11D0-8D11-00A0C91BC942}") = "cpp_ex_h5tutr_cmprss", "cpp_ex_h5tutr_cmprss.vcxproj", "{E8A3E6F0-A171-41E8-8697-7EC5CF00C6CD}"
	ProjectSection(ProjectDependencies) = postProject
		{C5E5FC0A-43CB-4559-A57F-4CF78ACD3351} = {C5E5FC0A-43CB-4559-A57F-4CF78ACD3351}
		{5D5CD073-C26F-4626-9308-69E0DB53251D} = {5D5CD073-C26F-4626-9308-69E0DB53251D}
		{1E83E5C8-A94B-4858-8AFE-F2FE05B96A24} = {1E83E5C8-A94B-4858-8AFE-F2FE05B96A24}
	EndProjectSection
EndProject
Project("{8BC9CEB8-8B4A-11D0-8D11-00A0C91BC942}") = "cpp_ex_h5tutr_crtatt", "cpp_ex_h5tutr_crtatt.vcxproj", "{B270FAC8-DB0A-49E0-A82F-6A9FE216D239}"
	ProjectSection(ProjectDependencies) = postProject
		{C5E5FC0A-43CB-4559-A57F-4CF78ACD3351} = {C5E5FC0A-43CB-4559-A57F-4CF78ACD3351}
		{5D5CD073-C26F-4626-9308-69E0DB53251D} = {5D5CD073-C26F-4626-9308-69E0DB53251D}
		{1E83E5C8-A94B-4858-8AFE-F2FE05B96A24} = {1E83E5C8-A94B-4858-8AFE-F2FE05B96A24}
	EndProjectSection
EndProject
Project("{8BC9CEB8-8B4A-11D0-8D11-00A0C91BC942}") = "cpp_ex_h5tutr_crtdat", "cpp_ex_h5tutr_crtdat.vcxproj", "{5B94CE3C-AF63-4F05-A966-8DA71C312117}"
	ProjectSection(ProjectDependencies) = postProject
		{C5E5FC0A-43CB-4559-A57F-4CF78ACD3351} = {C5E5FC0A-43CB-4559-A57F-4CF78ACD3351}
		{5D5CD073-C26F-4626-9308-69E0DB53251D} = {5D5CD073-C26F-4626-9308-69E0DB53251D}
		{1E83E5C8-A94B-4858-8AFE-F2FE05B96A24} = {1E83E5C8-A94B-4858-8AFE-F2FE05B96A24}
	EndProjectSection
EndProject
Project("{8BC9CEB8-8B4A-11D0-8D11-00A0C91BC942}") = "cpp_ex_h5tutr_crtgrp", "cpp_ex_h5tutr_crtgrp.vcxproj", "{9D0A32CC-2BC3-4A94-B286-44E0845DADAF}"
	ProjectSection(ProjectDependencies) = postProject
		{C5E5FC0A-43CB-4559-A57F-4CF78ACD3351} = {C5E5FC0A-43CB-4559-A57F-4CF78ACD3351}
		{5D5CD073-C26F-4626-9308-69E0DB53251D} = {5D5CD073-C26F-4626-9308-69E0DB53251D}
		{1E83E5C8-A94B-4858-8AFE-F2FE05B96A24} = {1E83E5C8-A94B-4858-8AFE-F2FE05B96A24}
	EndProjectSection
EndProject
Project("{8BC9CEB8-8B4A-11D0-8D11-00A0C91BC942}") = "cpp_ex_h5tutr_crtgrpar", "cpp_ex_h5tutr_crtgrpar.vcxproj", "{3634069F-4C70-47D7-8980-7BC37BC36F6C}"
	ProjectSection(ProjectDependencies) = postProject
		{C5E5FC0A-43CB-4559-A57F-4CF78ACD3351} = {C5E5FC0A-43CB-4559-A57F-4CF78ACD3351}
		{5D5CD073-C26F-4626-9308-69E0DB53251D} = {5D5CD073-C26F-4626-9308-69E0DB53251D}
		{1E83E5C8-A94B-4858-8AFE-F2FE05B96A24} = {1E83E5C8-A94B-4858-8AFE-F2FE05B96A24}
	EndProjectSection
EndProject
Project("{8BC9CEB8-8B4A-11D0-8D11-00A0C91BC942}") = "cpp_ex_h5tutr_crtgrpd", "cpp_ex_h5tutr_crtgrpd.vcxproj", "{CC9349AA-E3C0-485F-989E-DC09AA4A9D74}"
	ProjectSection(ProjectDependencies) = postProject
		{C5E5FC0A-43CB-4559-A57F-4CF78ACD3351} = {C5E5FC0A-43CB-4559-A57F-4CF78ACD3351}
		{5D5CD073-C26F-4626-9308-69E0DB53251D} = {5D5CD073-C26F-4626-9308-69E0DB53251D}
		{1E83E5C8-A94B-4858-8AFE-F2FE05B96A24} = {1E83E5C8-A94B-4858-8AFE-F2FE05B96A24}
	EndProjectSection
EndProject
Project("{8BC9CEB8-8B4A-11D0-8D11-00A0C91BC942}") = "cpp_ex_h5tutr_extend", "cpp_ex_h5tutr_extend.vcxproj", "{F0F38BA1-476C-4DDD-948E-C140A998C360}"
	ProjectSection(ProjectDependencies) = postProject
		{C5E5FC0A-43CB-4559-A57F-4CF78ACD3351} = {C5E5FC0A-43CB-4559-A57F-4CF78ACD3351}
		{5D5CD073-C26F-4626-9308-69E0DB53251D} = {5D5CD073-C26F-4626-9308-69E0DB53251D}
		{1E83E5C8-A94B-4858-8AFE-F2FE05B96A24} = {1E83E5C8-A94B-4858-8AFE-F2FE05B96A24}
	EndProjectSection
EndProject
Project("{8BC9CEB8-8B4A-11D0-8D11-00A0C91BC942}") = "cpp_ex_h5tutr_rdwt", "cpp_ex_h5tutr_rdwt.vcxproj", "{785EF214-3342-4C2C-9659-68470A987ECB}"
	ProjectSection(ProjectDependencies) = postProject
		{C5E5FC0A-43CB-4559-A57F-4CF78ACD3351} = {C5E5FC0A-43CB-4559-A57F-4CF78ACD3351}
		{5D5CD073-C26F-4626-9308-69E0DB53251D} = {5D5CD073-C26F-4626-9308-69E0DB53251D}
		{1E83E5C8-A94B-4858-8AFE-F2FE05B96A24} = {1E83E5C8-A94B-4858-8AFE-F2FE05B96A24}
	EndProjectSection
EndProject
Project("{8BC9CEB8-8B4A-11D0-8D11-00A0C91BC942}") = "cpp_ex_h5tutr_subset", "cpp_ex_h5tutr_subset.vcxproj", "{79C6C9F5-7FF1-43D7-8EE6-17871C602C61}"
	ProjectSection(ProjectDependencies) = postProject
		{C5E5FC0A-43CB-4559-A57F-4CF78ACD3351} = {C5E5FC0A-43CB-4559-A57F-4CF78ACD3351}
		{5D5CD073-C26F-4626-9308-69E0DB53251D} = {5D5CD073-C26F-4626-9308-69E0DB53251D}
		{1E83E5C8-A94B-4858-8AFE-F2FE05B96A24} = {1E83E5C8-A94B-4858-8AFE-F2FE05B96A24}
	EndProjectSection
EndProject
Project("{8BC9CEB8-8B4A-11D0-8D11-00A0C91BC942}") = "cpp_ex_readdata", "cpp_ex_readdata.vcxproj", "{DD794D36-C3F6-46AA-BE01-B5CC1635F98F}"
	ProjectSection(ProjectDependencies) = postProject
		{C5E5FC0A-43CB-4559-A57F-4CF78ACD3351} = {C5E5FC0A-43CB-4559-A57F-4CF78ACD3351}
		{5D5CD073-C26F-4626-9308-69E0DB53251D} = {5D5CD073-C26F-4626-9308-69E0DB53251D}
		{1E83E5C8-A94B-4858-8AFE-F2FE05B96A24} = {1E83E5C8-A94B-4858-8AFE-F2FE05B96A24}
	EndProjectSection
EndProject
Project("{8BC9CEB8-8B4A-11D0-8D11-00A0C91BC942}") = "cpp_ex_writedata", "cpp_ex_writedata.vcxproj", "{96E1AB27-3B07-4CE4-A9DF-D34F362CE3DB}"
	ProjectSection(ProjectDependencies) = postProject
		{C5E5FC0A-43CB-4559-A57F-4CF78ACD3351} = {C5E5FC0A-43CB-4559-A57F-4CF78ACD3351}
		{5D5CD073-C26F-4626-9308-69E0DB53251D} = {5D5CD073-C26F-4626-9308-69E0DB53251D}
		{1E83E5C8-A94B-4858-8AFE-F2FE05B96A24} = {1E83E5C8-A94B-4858-8AFE-F2FE05B96A24}
	EndProjectSection
EndProject
Project("{8BC9CEB8-8B4A-11D0-8D11-00A0C91BC942}") = "hdf5-static", "..\..\src\hdf5-static.vcxproj", "{5D5CD073-C26F-4626-9308-69E0DB53251D}"
	ProjectSection(ProjectDependencies) = postProject
		{37BA568E-0DAE-4011-B34C-A9EA52D55027} = {37BA568E-0DAE-4011-B34C-A9EA52D55027}
		{68521120-1C61-4535-B460-8E409632E767} = {68521120-1C61-4535-B460-8E409632E767}
		{C5E5FC0A-43CB-4559-A57F-4CF78ACD3351} = {C5E5FC0A-43CB-4559-A57F-4CF78ACD3351}
	EndProjectSection
EndProject
Project("{8BC9CEB8-8B4A-11D0-8D11-00A0C91BC942}") = "hdf5_cpp-static", "..\src\hdf5_cpp-static.vcxproj", "{1E83E5C8-A94B-4858-8AFE-F2FE05B96A24}"
	ProjectSection(ProjectDependencies) = postProject
		{C5E5FC0A-43CB-4559-A57F-4CF78ACD3351} = {C5E5FC0A-43CB-4559-A57F-4CF78ACD3351}
		{5D5CD073-C26F-4626-9308-69E0DB53251D} = {5D5CD073-C26F-4626-9308-69E0DB53251D}
	EndProjectSection
EndProject
Project("{2150E333-8FDC-42A3-9474-1A3956D46DE8}") = "CMakePredefinedTargets", "CMakePredefinedTargets", "{1B0FAD49-FC38-4653-B203-A83AA02FE1B0}"
EndProject
Project("{2150E333-8FDC-42A3-9474-1A3956D46DE8}") = "examples", "examples", "{9FF5E9E2-F8A6-4874-AE09-44043C310E14}"
EndProject
Project("{2150E333-8FDC-42A3-9474-1A3956D46DE8}") = "cpp", "examples\cpp", "{9AB8993C-3B3F-435A-B9EF-ABB5F01616E6}"
EndProject
Project("{2150E333-8FDC-42A3-9474-1A3956D46DE8}") = "libraries", "libraries", "{6CA7B6E2-D085-4162-BA99-76CF0F158EC3}"
EndProject
Project("{2150E333-8FDC-42A3-9474-1A3956D46DE8}") = "cpp", "libraries\cpp", "{9D0FB85F-AEDC-419A-9A28-A004FA80D9AF}"
EndProject
Global
	GlobalSection(SolutionConfigurationPlatforms) = preSolution
		Debug|x64 = Debug|x64
		Release|x64 = Release|x64
		MinSizeRel|x64 = MinSizeRel|x64
		RelWithDebInfo|x64 = RelWithDebInfo|x64
	EndGlobalSection
	GlobalSection(ProjectConfigurationPlatforms) = postSolution
		{A1322CBD-8A87-479E-8849-815C443E5503}.Debug|x64.ActiveCfg = Debug|x64
		{A1322CBD-8A87-479E-8849-815C443E5503}.Debug|x64.Build.0 = Debug|x64
		{A1322CBD-8A87-479E-8849-815C443E5503}.Release|x64.ActiveCfg = Release|x64
		{A1322CBD-8A87-479E-8849-815C443E5503}.Release|x64.Build.0 = Release|x64
		{A1322CBD-8A87-479E-8849-815C443E5503}.MinSizeRel|x64.ActiveCfg = MinSizeRel|x64
		{A1322CBD-8A87-479E-8849-815C443E5503}.MinSizeRel|x64.Build.0 = MinSizeRel|x64
		{A1322CBD-8A87-479E-8849-815C443E5503}.RelWithDebInfo|x64.ActiveCfg = RelWithDebInfo|x64
		{A1322CBD-8A87-479E-8849-815C443E5503}.RelWithDebInfo|x64.Build.0 = RelWithDebInfo|x64
		{37BA568E-0DAE-4011-B34C-A9EA52D55027}.Debug|x64.ActiveCfg = Debug|x64
		{37BA568E-0DAE-4011-B34C-A9EA52D55027}.Debug|x64.Build.0 = Debug|x64
		{37BA568E-0DAE-4011-B34C-A9EA52D55027}.Release|x64.ActiveCfg = Release|x64
		{37BA568E-0DAE-4011-B34C-A9EA52D55027}.Release|x64.Build.0 = Release|x64
		{37BA568E-0DAE-4011-B34C-A9EA52D55027}.MinSizeRel|x64.ActiveCfg = MinSizeRel|x64
		{37BA568E-0DAE-4011-B34C-A9EA52D55027}.MinSizeRel|x64.Build.0 = MinSizeRel|x64
		{37BA568E-0DAE-4011-B34C-A9EA52D55027}.RelWithDebInfo|x64.ActiveCfg = RelWithDebInfo|x64
		{37BA568E-0DAE-4011-B34C-A9EA52D55027}.RelWithDebInfo|x64.Build.0 = RelWithDebInfo|x64
		{68521120-1C61-4535-B460-8E409632E767}.Debug|x64.ActiveCfg = Debug|x64
		{68521120-1C61-4535-B460-8E409632E767}.Debug|x64.Build.0 = Debug|x64
		{68521120-1C61-4535-B460-8E409632E767}.Release|x64.ActiveCfg = Release|x64
		{68521120-1C61-4535-B460-8E409632E767}.Release|x64.Build.0 = Release|x64
		{68521120-1C61-4535-B460-8E409632E767}.MinSizeRel|x64.ActiveCfg = MinSizeRel|x64
		{68521120-1C61-4535-B460-8E409632E767}.MinSizeRel|x64.Build.0 = MinSizeRel|x64
		{68521120-1C61-4535-B460-8E409632E767}.RelWithDebInfo|x64.ActiveCfg = RelWithDebInfo|x64
		{68521120-1C61-4535-B460-8E409632E767}.RelWithDebInfo|x64.Build.0 = RelWithDebInfo|x64
		{E0EA0AF8-8B4B-45C6-89B9-41C975D90429}.Debug|x64.ActiveCfg = Debug|x64
		{E0EA0AF8-8B4B-45C6-89B9-41C975D90429}.Release|x64.ActiveCfg = Release|x64
		{E0EA0AF8-8B4B-45C6-89B9-41C975D90429}.MinSizeRel|x64.ActiveCfg = MinSizeRel|x64
		{E0EA0AF8-8B4B-45C6-89B9-41C975D90429}.RelWithDebInfo|x64.ActiveCfg = RelWithDebInfo|x64
		{0C6873BB-80BF-47FE-AA76-C9E19AD3EB56}.Debug|x64.ActiveCfg = Debug|x64
		{0C6873BB-80BF-47FE-AA76-C9E19AD3EB56}.Release|x64.ActiveCfg = Release|x64
		{0C6873BB-80BF-47FE-AA76-C9E19AD3EB56}.MinSizeRel|x64.ActiveCfg = MinSizeRel|x64
		{0C6873BB-80BF-47FE-AA76-C9E19AD3EB56}.RelWithDebInfo|x64.ActiveCfg = RelWithDebInfo|x64
		{E02F5BDF-46E4-4D70-A5B1-2B19311EE546}.Debug|x64.ActiveCfg = Debug|x64
		{E02F5BDF-46E4-4D70-A5B1-2B19311EE546}.Release|x64.ActiveCfg = Release|x64
		{E02F5BDF-46E4-4D70-A5B1-2B19311EE546}.MinSizeRel|x64.ActiveCfg = MinSizeRel|x64
		{E02F5BDF-46E4-4D70-A5B1-2B19311EE546}.RelWithDebInfo|x64.ActiveCfg = RelWithDebInfo|x64
		{C5E5FC0A-43CB-4559-A57F-4CF78ACD3351}.Debug|x64.ActiveCfg = Debug|x64
		{C5E5FC0A-43CB-4559-A57F-4CF78ACD3351}.Debug|x64.Build.0 = Debug|x64
		{C5E5FC0A-43CB-4559-A57F-4CF78ACD3351}.Release|x64.ActiveCfg = Release|x64
		{C5E5FC0A-43CB-4559-A57F-4CF78ACD3351}.Release|x64.Build.0 = Release|x64
		{C5E5FC0A-43CB-4559-A57F-4CF78ACD3351}.MinSizeRel|x64.ActiveCfg = MinSizeRel|x64
		{C5E5FC0A-43CB-4559-A57F-4CF78ACD3351}.MinSizeRel|x64.Build.0 = MinSizeRel|x64
		{C5E5FC0A-43CB-4559-A57F-4CF78ACD3351}.RelWithDebInfo|x64.ActiveCfg = RelWithDebInfo|x64
		{C5E5FC0A-43CB-4559-A57F-4CF78ACD3351}.RelWithDebInfo|x64.Build.0 = RelWithDebInfo|x64
		{195F9051-75C0-47B7-93BB-EE73AA7B0072}.Debug|x64.ActiveCfg = Debug|x64
		{195F9051-75C0-47B7-93BB-EE73AA7B0072}.Debug|x64.Build.0 = Debug|x64
		{195F9051-75C0-47B7-93BB-EE73AA7B0072}.Release|x64.ActiveCfg = Release|x64
		{195F9051-75C0-47B7-93BB-EE73AA7B0072}.Release|x64.Build.0 = Release|x64
		{195F9051-75C0-47B7-93BB-EE73AA7B0072}.MinSizeRel|x64.ActiveCfg = MinSizeRel|x64
		{195F9051-75C0-47B7-93BB-EE73AA7B0072}.MinSizeRel|x64.Build.0 = MinSizeRel|x64
		{195F9051-75C0-47B7-93BB-EE73AA7B0072}.RelWithDebInfo|x64.ActiveCfg = RelWithDebInfo|x64
		{195F9051-75C0-47B7-93BB-EE73AA7B0072}.RelWithDebInfo|x64.Build.0 = RelWithDebInfo|x64
		{4F965AA8-969B-4EE4-A746-5E7710818994}.Debug|x64.ActiveCfg = Debug|x64
		{4F965AA8-969B-4EE4-A746-5E7710818994}.Debug|x64.Build.0 = Debug|x64
		{4F965AA8-969B-4EE4-A746-5E7710818994}.Release|x64.ActiveCfg = Release|x64
		{4F965AA8-969B-4EE4-A746-5E7710818994}.Release|x64.Build.0 = Release|x64
		{4F965AA8-969B-4EE4-A746-5E7710818994}.MinSizeRel|x64.ActiveCfg = MinSizeRel|x64
		{4F965AA8-969B-4EE4-A746-5E7710818994}.MinSizeRel|x64.Build.0 = MinSizeRel|x64
		{4F965AA8-969B-4EE4-A746-5E7710818994}.RelWithDebInfo|x64.ActiveCfg = RelWithDebInfo|x64
		{4F965AA8-969B-4EE4-A746-5E7710818994}.RelWithDebInfo|x64.Build.0 = RelWithDebInfo|x64
		{0855562E-ED14-4145-8C53-A44B17DDCE10}.Debug|x64.ActiveCfg = Debug|x64
		{0855562E-ED14-4145-8C53-A44B17DDCE10}.Debug|x64.Build.0 = Debug|x64
		{0855562E-ED14-4145-8C53-A44B17DDCE10}.Release|x64.ActiveCfg = Release|x64
		{0855562E-ED14-4145-8C53-A44B17DDCE10}.Release|x64.Build.0 = Release|x64
		{0855562E-ED14-4145-8C53-A44B17DDCE10}.MinSizeRel|x64.ActiveCfg = MinSizeRel|x64
		{0855562E-ED14-4145-8C53-A44B17DDCE10}.MinSizeRel|x64.Build.0 = MinSizeRel|x64
		{0855562E-ED14-4145-8C53-A44B17DDCE10}.RelWithDebInfo|x64.ActiveCfg = RelWithDebInfo|x64
		{0855562E-ED14-4145-8C53-A44B17DDCE10}.RelWithDebInfo|x64.Build.0 = RelWithDebInfo|x64
		{79CDC21A-EAF1-4C06-8ED7-87B0B4BF150F}.Debug|x64.ActiveCfg = Debug|x64
		{79CDC21A-EAF1-4C06-8ED7-87B0B4BF150F}.Debug|x64.Build.0 = Debug|x64
		{79CDC21A-EAF1-4C06-8ED7-87B0B4BF150F}.Release|x64.ActiveCfg = Release|x64
		{79CDC21A-EAF1-4C06-8ED7-87B0B4BF150F}.Release|x64.Build.0 = Release|x64
		{79CDC21A-EAF1-4C06-8ED7-87B0B4BF150F}.MinSizeRel|x64.ActiveCfg = MinSizeRel|x64
		{79CDC21A-EAF1-4C06-8ED7-87B0B4BF150F}.MinSizeRel|x64.Build.0 = MinSizeRel|x64
		{79CDC21A-EAF1-4C06-8ED7-87B0B4BF150F}.RelWithDebInfo|x64.ActiveCfg = RelWithDebInfo|x64
		{79CDC21A-EAF1-4C06-8ED7-87B0B4BF150F}.RelWithDebInfo|x64.Build.0 = RelWithDebInfo|x64
		{3814210E-9165-48E9-8DED-A76867337607}.Debug|x64.ActiveCfg = Debug|x64
		{3814210E-9165-48E9-8DED-A76867337607}.Debug|x64.Build.0 = Debug|x64
		{3814210E-9165-48E9-8DED-A76867337607}.Release|x64.ActiveCfg = Release|x64
		{3814210E-9165-48E9-8DED-A76867337607}.Release|x64.Build.0 = Release|x64
		{3814210E-9165-48E9-8DED-A76867337607}.MinSizeRel|x64.ActiveCfg = MinSizeRel|x64
		{3814210E-9165-48E9-8DED-A76867337607}.MinSizeRel|x64.Build.0 = MinSizeRel|x64
		{3814210E-9165-48E9-8DED-A76867337607}.RelWithDebInfo|x64.ActiveCfg = RelWithDebInfo|x64
		{3814210E-9165-48E9-8DED-A76867337607}.RelWithDebInfo|x64.Build.0 = RelWithDebInfo|x64
		{E8A3E6F0-A171-41E8-8697-7EC5CF00C6CD}.Debug|x64.ActiveCfg = Debug|x64
		{E8A3E6F0-A171-41E8-8697-7EC5CF00C6CD}.Debug|x64.Build.0 = Debug|x64
		{E8A3E6F0-A171-41E8-8697-7EC5CF00C6CD}.Release|x64.ActiveCfg = Release|x64
		{E8A3E6F0-A171-41E8-8697-7EC5CF00C6CD}.Release|x64.Build.0 = Release|x64
		{E8A3E6F0-A171-41E8-8697-7EC5CF00C6CD}.MinSizeRel|x64.ActiveCfg = MinSizeRel|x64
		{E8A3E6F0-A171-41E8-8697-7EC5CF00C6CD}.MinSizeRel|x64.Build.0 = MinSizeRel|x64
		{E8A3E6F0-A171-41E8-8697-7EC5CF00C6CD}.RelWithDebInfo|x64.ActiveCfg = RelWithDebInfo|x64
		{E8A3E6F0-A171-41E8-8697-7EC5CF00C6CD}.RelWithDebInfo|x64.Build.0 = RelWithDebInfo|x64
		{B270FAC8-DB0A-49E0-A82F-6A9FE216D239}.Debug|x64.ActiveCfg = Debug|x64
		{B270FAC8-DB0A-49E0-A82F-6A9FE216D239}.Debug|x64.Build.0 = Debug|x64
		{B270FAC8-DB0A-49E0-A82F-6A9FE216D239}.Release|x64.ActiveCfg = Release|x64
		{B270FAC8-DB0A-49E0-A82F-6A9FE216D239}.Release|x64.Build.0 = Release|x64
		{B270FAC8-DB0A-49E0-A82F-6A9FE216D239}.MinSizeRel|x64.ActiveCfg = MinSizeRel|x64
		{B270FAC8-DB0A-49E0-A82F-6A9FE216D239}.MinSizeRel|x64.Build.0 = MinSizeRel|x64
		{B270FAC8-DB0A-49E0-A82F-6A9FE216D239}.RelWithDebInfo|x64.ActiveCfg = RelWithDebInfo|x64
		{B270FAC8-DB0A-49E0-A82F-6A9FE216D239}.RelWithDebInfo|x64.Build.0 = RelWithDebInfo|x64
		{5B94CE3C-AF63-4F05-A966-8DA71C312117}.Debug|x64.ActiveCfg = Debug|x64
		{5B94CE3C-AF63-4F05-A966-8DA71C312117}.Debug|x64.Build.0 = Debug|x64
		{5B94CE3C-AF63-4F05-A966-8DA71C312117}.Release|x64.ActiveCfg = Release|x64
		{5B94CE3C-AF63-4F05-A966-8DA71C312117}.Release|x64.Build.0 = Release|x64
		{5B94CE3C-AF63-4F05-A966-8DA71C312117}.MinSizeRel|x64.ActiveCfg = MinSizeRel|x64
		{5B94CE3C-AF63-4F05-A966-8DA71C312117}.MinSizeRel|x64.Build.0 = MinSizeRel|x64
		{5B94CE3C-AF63-4F05-A966-8DA71C312117}.RelWithDebInfo|x64.ActiveCfg = RelWithDebInfo|x64
		{5B94CE3C-AF63-4F05-A966-8DA71C312117}.RelWithDebInfo|x64.Build.0 = RelWithDebInfo|x64
		{9D0A32CC-2BC3-4A94-B286-44E0845DADAF}.Debug|x64.ActiveCfg = Debug|x64
		{9D0A32CC-2BC3-4A94-B286-44E0845DADAF}.Debug|x64.Build.0 = Debug|x64
		{9D0A32CC-2BC3-4A94-B286-44E0845DADAF}.Release|x64.ActiveCfg = Release|x64
		{9D0A32CC-2BC3-4A94-B286-44E0845DADAF}.Release|x64.Build.0 = Release|x64
		{9D0A32CC-2BC3-4A94-B286-44E0845DADAF}.MinSizeRel|x64.ActiveCfg = MinSizeRel|x64
		{9D0A32CC-2BC3-4A94-B286-44E0845DADAF}.MinSizeRel|x64.Build.0 = MinSizeRel|x64
		{9D0A32CC-2BC3-4A94-B286-44E0845DADAF}.RelWithDebInfo|x64.ActiveCfg = RelWithDebInfo|x64
		{9D0A32CC-2BC3-4A94-B286-44E0845DADAF}.RelWithDebInfo|x64.Build.0 = RelWithDebInfo|x64
		{3634069F-4C70-47D7-8980-7BC37BC36F6C}.Debug|x64.ActiveCfg = Debug|x64
		{3634069F-4C70-47D7-8980-7BC37BC36F6C}.Debug|x64.Build.0 = Debug|x64
		{3634069F-4C70-47D7-8980-7BC37BC36F6C}.Release|x64.ActiveCfg = Release|x64
		{3634069F-4C70-47D7-8980-7BC37BC36F6C}.Release|x64.Build.0 = Release|x64
		{3634069F-4C70-47D7-8980-7BC37BC36F6C}.MinSizeRel|x64.ActiveCfg = MinSizeRel|x64
		{3634069F-4C70-47D7-8980-7BC37BC36F6C}.MinSizeRel|x64.Build.0 = MinSizeRel|x64
		{3634069F-4C70-47D7-8980-7BC37BC36F6C}.RelWithDebInfo|x64.ActiveCfg = RelWithDebInfo|x64
		{3634069F-4C70-47D7-8980-7BC37BC36F6C}.RelWithDebInfo|x64.Build.0 = RelWithDebInfo|x64
		{CC9349AA-E3C0-485F-989E-DC09AA4A9D74}.Debug|x64.ActiveCfg = Debug|x64
		{CC9349AA-E3C0-485F-989E-DC09AA4A9D74}.Debug|x64.Build.0 = Debug|x64
		{CC9349AA-E3C0-485F-989E-DC09AA4A9D74}.Release|x64.ActiveCfg = Release|x64
		{CC9349AA-E3C0-485F-989E-DC09AA4A9D74}.Release|x64.Build.0 = Release|x64
		{CC9349AA-E3C0-485F-989E-DC09AA4A9D74}.MinSizeRel|x64.ActiveCfg = MinSizeRel|x64
		{CC9349AA-E3C0-485F-989E-DC09AA4A9D74}.MinSizeRel|x64.Build.0 = MinSizeRel|x64
		{CC9349AA-E3C0-485F-989E-DC09AA4A9D74}.RelWithDebInfo|x64.ActiveCfg = RelWithDebInfo|x64
		{CC9349AA-E3C0-485F-989E-DC09AA4A9D74}.RelWithDebInfo|x64.Build.0 = RelWithDebInfo|x64
		{F0F38BA1-476C-4DDD-948E-C140A998C360}.Debug|x64.ActiveCfg = Debug|x64
		{F0F38BA1-476C-4DDD-948E-C140A998C360}.Debug|x64.Build.0 = Debug|x64
		{F0F38BA1-476C-4DDD-948E-C140A998C360}.Release|x64.ActiveCfg = Release|x64
		{F0F38BA1-476C-4DDD-948E-C140A998C360}.Release|x64.Build.0 = Release|x64
		{F0F38BA1-476C-4DDD-948E-C140A998C360}.MinSizeRel|x64.ActiveCfg = MinSizeRel|x64
		{F0F38BA1-476C-4DDD-948E-C140A998C360}.MinSizeRel|x64.Build.0 = MinSizeRel|x64
		{F0F38BA1-476C-4DDD-948E-C140A998C360}.RelWithDebInfo|x64.ActiveCfg = RelWithDebInfo|x64
		{F0F38BA1-476C-4DDD-948E-C140A998C360}.RelWithDebInfo|x64.Build.0 = RelWithDebInfo|x64
		{785EF214-3342-4C2C-9659-68470A987ECB}.Debug|x64.ActiveCfg = Debug|x64
		{785EF214-3342-4C2C-9659-68470A987ECB}.Debug|x64.Build.0 = Debug|x64
		{785EF214-3342-4C2C-9659-68470A987ECB}.Release|x64.ActiveCfg = Release|x64
		{785EF214-3342-4C2C-9659-68470A987ECB}.Release|x64.Build.0 = Release|x64
		{785EF214-3342-4C2C-9659-68470A987ECB}.MinSizeRel|x64.ActiveCfg = MinSizeRel|x64
		{785EF214-3342-4C2C-9659-68470A987ECB}.MinSizeRel|x64.Build.0 = MinSizeRel|x64
		{785EF214-3342-4C2C-9659-68470A987ECB}.RelWithDebInfo|x64.ActiveCfg = RelWithDebInfo|x64
		{785EF214-3342-4C2C-9659-68470A987ECB}.RelWithDebInfo|x64.Build.0 = RelWithDebInfo|x64
		{79C6C9F5-7FF1-43D7-8EE6-17871C602C61}.Debug|x64.ActiveCfg = Debug|x64
		{79C6C9F5-7FF1-43D7-8EE6-17871C602C61}.Debug|x64.Build.0 = Debug|x64
		{79C6C9F5-7FF1-43D7-8EE6-17871C602C61}.Release|x64.ActiveCfg = Release|x64
		{79C6C9F5-7FF1-43D7-8EE6-17871C602C61}.Release|x64.Build.0 = Release|x64
		{79C6C9F5-7FF1-43D7-8EE6-17871C602C61}.MinSizeRel|x64.ActiveCfg = MinSizeRel|x64
		{79C6C9F5-7FF1-43D7-8EE6-17871C602C61}.MinSizeRel|x64.Build.0 = MinSizeRel|x64
		{79C6C9F5-7FF1-43D7-8EE6-17871C602C61}.RelWithDebInfo|x64.ActiveCfg = RelWithDebInfo|x64
		{79C6C9F5-7FF1-43D7-8EE6-17871C602C61}.RelWithDebInfo|x64.Build.0 = RelWithDebInfo|x64
		{DD794D36-C3F6-46AA-BE01-B5CC1635F98F}.Debug|x64.ActiveCfg = Debug|x64
		{DD794D36-C3F6-46AA-BE01-B5CC1635F98F}.Debug|x64.Build.0 = Debug|x64
		{DD794D36-C3F6-46AA-BE01-B5CC1635F98F}.Release|x64.ActiveCfg = Release|x64
		{DD794D36-C3F6-46AA-BE01-B5CC1635F98F}.Release|x64.Build.0 = Release|x64
		{DD794D36-C3F6-46AA-BE01-B5CC1635F98F}.MinSizeRel|x64.ActiveCfg = MinSizeRel|x64
		{DD794D36-C3F6-46AA-BE01-B5CC1635F98F}.MinSizeRel|x64.Build.0 = MinSizeRel|x64
		{DD794D36-C3F6-46AA-BE01-B5CC1635F98F}.RelWithDebInfo|x64.ActiveCfg = RelWithDebInfo|x64
		{DD794D36-C3F6-46AA-BE01-B5CC1635F98F}.RelWithDebInfo|x64.Build.0 = RelWithDebInfo|x64
		{96E1AB27-3B07-4CE4-A9DF-D34F362CE3DB}.Debug|x64.ActiveCfg = Debug|x64
		{96E1AB27-3B07-4CE4-A9DF-D34F362CE3DB}.Debug|x64.Build.0 = Debug|x64
		{96E1AB27-3B07-4CE4-A9DF-D34F362CE3DB}.Release|x64.ActiveCfg = Release|x64
		{96E1AB27-3B07-4CE4-A9DF-D34F362CE3DB}.Release|x64.Build.0 = Release|x64
		{96E1AB27-3B07-4CE4-A9DF-D34F362CE3DB}.MinSizeRel|x64.ActiveCfg = MinSizeRel|x64
		{96E1AB27-3B07-4CE4-A9DF-D34F362CE3DB}.MinSizeRel|x64.Build.0 = MinSizeRel|x64
		{96E1AB27-3B07-4CE4-A9DF-D34F362CE3DB}.RelWithDebInfo|x64.ActiveCfg = RelWithDebInfo|x64
		{96E1AB27-3B07-4CE4-A9DF-D34F362CE3DB}.RelWithDebInfo|x64.Build.0 = RelWithDebInfo|x64
		{5D5CD073-C26F-4626-9308-69E0DB53251D}.Debug|x64.ActiveCfg = Debug|x64
		{5D5CD073-C26F-4626-9308-69E0DB53251D}.Debug|x64.Build.0 = Debug|x64
		{5D5CD073-C26F-4626-9308-69E0DB53251D}.Release|x64.ActiveCfg = Release|x64
		{5D5CD073-C26F-4626-9308-69E0DB53251D}.Release|x64.Build.0 = Release|x64
		{5D5CD073-C26F-4626-9308-69E0DB53251D}.MinSizeRel|x64.ActiveCfg = MinSizeRel|x64
		{5D5CD073-C26F-4626-9308-69E0DB53251D}.MinSizeRel|x64.Build.0 = MinSizeRel|x64
		{5D5CD073-C26F-4626-9308-69E0DB53251D}.RelWithDebInfo|x64.ActiveCfg = RelWithDebInfo|x64
		{5D5CD073-C26F-4626-9308-69E0DB53251D}.RelWithDebInfo|x64.Build.0 = RelWithDebInfo|x64
		{1E83E5C8-A94B-4858-8AFE-F2FE05B96A24}.Debug|x64.ActiveCfg = Debug|x64
		{1E83E5C8-A94B-4858-8AFE-F2FE05B96A24}.Debug|x64.Build.0 = Debug|x64
		{1E83E5C8-A94B-4858-8AFE-F2FE05B96A24}.Release|x64.ActiveCfg = Release|x64
		{1E83E5C8-A94B-4858-8AFE-F2FE05B96A24}.Release|x64.Build.0 = Release|x64
		{1E83E5C8-A94B-4858-8AFE-F2FE05B96A24}.MinSizeRel|x64.ActiveCfg = MinSizeRel|x64
		{1E83E5C8-A94B-4858-8AFE-F2FE05B96A24}.MinSizeRel|x64.Build.0 = MinSizeRel|x64
		{1E83E5C8-A94B-4858-8AFE-F2FE05B96A24}.RelWithDebInfo|x64.ActiveCfg = RelWithDebInfo|x64
		{1E83E5C8-A94B-4858-8AFE-F2FE05B96A24}.RelWithDebInfo|x64.Build.0 = RelWithDebInfo|x64
	EndGlobalSection
	GlobalSection(NestedProjects) = preSolution
		{E0EA0AF8-8B4B-45C6-89B9-41C975D90429} = {1B0FAD49-FC38-4653-B203-A83AA02FE1B0}
		{0C6873BB-80BF-47FE-AA76-C9E19AD3EB56} = {1B0FAD49-FC38-4653-B203-A83AA02FE1B0}
		{E02F5BDF-46E4-4D70-A5B1-2B19311EE546} = {1B0FAD49-FC38-4653-B203-A83AA02FE1B0}
		{C5E5FC0A-43CB-4559-A57F-4CF78ACD3351} = {1B0FAD49-FC38-4653-B203-A83AA02FE1B0}
		{9AB8993C-3B3F-435A-B9EF-ABB5F01616E6} = {9FF5E9E2-F8A6-4874-AE09-44043C310E14}
		{195F9051-75C0-47B7-93BB-EE73AA7B0072} = {9AB8993C-3B3F-435A-B9EF-ABB5F01616E6}
		{4F965AA8-969B-4EE4-A746-5E7710818994} = {9AB8993C-3B3F-435A-B9EF-ABB5F01616E6}
		{0855562E-ED14-4145-8C53-A44B17DDCE10} = {9AB8993C-3B3F-435A-B9EF-ABB5F01616E6}
		{79CDC21A-EAF1-4C06-8ED7-87B0B4BF150F} = {9AB8993C-3B3F-435A-B9EF-ABB5F01616E6}
		{3814210E-9165-48E9-8DED-A76867337607} = {9AB8993C-3B3F-435A-B9EF-ABB5F01616E6}
		{E8A3E6F0-A171-41E8-8697-7EC5CF00C6CD} = {9AB8993C-3B3F-435A-B9EF-ABB5F01616E6}
		{B270FAC8-DB0A-49E0-A82F-6A9FE216D239} = {9AB8993C-3B3F-435A-B9EF-ABB5F01616E6}
		{5B94CE3C-AF63-4F05-A966-8DA71C312117} = {9AB8993C-3B3F-435A-B9EF-ABB5F01616E6}
		{9D0A32CC-2BC3-4A94-B286-44E0845DADAF} = {9AB8993C-3B3F-435A-B9EF-ABB5F01616E6}
		{3634069F-4C70-47D7-8980-7BC37BC36F6C} = {9AB8993C-3B3F-435A-B9EF-ABB5F01616E6}
		{CC9349AA-E3C0-485F-989E-DC09AA4A9D74} = {9AB8993C-3B3F-435A-B9EF-ABB5F01616E6}
		{F0F38BA1-476C-4DDD-948E-C140A998C360} = {9AB8993C-3B3F-435A-B9EF-ABB5F01616E6}
		{785EF214-3342-4C2C-9659-68470A987ECB} = {9AB8993C-3B3F-435A-B9EF-ABB5F01616E6}
		{79C6C9F5-7FF1-43D7-8EE6-17871C602C61} = {9AB8993C-3B3F-435A-B9EF-ABB5F01616E6}
		{DD794D36-C3F6-46AA-BE01-B5CC1635F98F} = {9AB8993C-3B3F-435A-B9EF-ABB5F01616E6}
		{96E1AB27-3B07-4CE4-A9DF-D34F362CE3DB} = {9AB8993C-3B3F-435A-B9EF-ABB5F01616E6}
		{9D0FB85F-AEDC-419A-9A28-A004FA80D9AF} = {6CA7B6E2-D085-4162-BA99-76CF0F158EC3}
		{5D5CD073-C26F-4626-9308-69E0DB53251D} = {6CA7B6E2-D085-4162-BA99-76CF0F158EC3}
		{1E83E5C8-A94B-4858-8AFE-F2FE05B96A24} = {9D0FB85F-AEDC-419A-9A28-A004FA80D9AF}
	EndGlobalSection
	GlobalSection(ExtensibilityGlobals) = postSolution
	EndGlobalSection
	GlobalSection(ExtensibilityAddIns) = postSolution
	EndGlobalSection
EndGlobal
